// !$*UTF8*$!
{
	archiveVersion = 1;
	classes = {
	};
	objectVersion = 51;
	objects = {

/* Begin PBXBuildFile section */
		3D0E9B03230AE14100F935A4 /* face02010.png in Resources */ = {isa = PBXBuildFile; fileRef = 3D0E9AEC230AE14100F935A4 /* face02010.png */; };
		3D0E9B04230AE14100F935A4 /* face02004.png in Resources */ = {isa = PBXBuildFile; fileRef = 3D0E9AED230AE14100F935A4 /* face02004.png */; };
		3D0E9B05230AE14100F935A4 /* face02005.png in Resources */ = {isa = PBXBuildFile; fileRef = 3D0E9AEE230AE14100F935A4 /* face02005.png */; };
		3D0E9B06230AE14100F935A4 /* face02011.png in Resources */ = {isa = PBXBuildFile; fileRef = 3D0E9AEF230AE14100F935A4 /* face02011.png */; };
		3D0E9B07230AE14100F935A4 /* face02007.png in Resources */ = {isa = PBXBuildFile; fileRef = 3D0E9AF0230AE14100F935A4 /* face02007.png */; };
		3D0E9B08230AE14100F935A4 /* face02013.png in Resources */ = {isa = PBXBuildFile; fileRef = 3D0E9AF1230AE14100F935A4 /* face02013.png */; };
		3D0E9B09230AE14100F935A4 /* face02012.png in Resources */ = {isa = PBXBuildFile; fileRef = 3D0E9AF2230AE14100F935A4 /* face02012.png */; };
		3D0E9B0A230AE14100F935A4 /* face02006.png in Resources */ = {isa = PBXBuildFile; fileRef = 3D0E9AF3230AE14100F935A4 /* face02006.png */; };
		3D0E9B0B230AE14100F935A4 /* face02002.png in Resources */ = {isa = PBXBuildFile; fileRef = 3D0E9AF4230AE14100F935A4 /* face02002.png */; };
		3D0E9B0C230AE14100F935A4 /* face02016.png in Resources */ = {isa = PBXBuildFile; fileRef = 3D0E9AF5230AE14100F935A4 /* face02016.png */; };
		3D0E9B0D230AE14100F935A4 /* face02017.png in Resources */ = {isa = PBXBuildFile; fileRef = 3D0E9AF6230AE14100F935A4 /* face02017.png */; };
		3D0E9B0E230AE14100F935A4 /* face02003.png in Resources */ = {isa = PBXBuildFile; fileRef = 3D0E9AF7230AE14100F935A4 /* face02003.png */; };
		3D0E9B0F230AE14100F935A4 /* face020010.png in Resources */ = {isa = PBXBuildFile; fileRef = 3D0E9AF8230AE14100F935A4 /* face020010.png */; };
		3D0E9B10230AE14100F935A4 /* face02015.png in Resources */ = {isa = PBXBuildFile; fileRef = 3D0E9AF9230AE14100F935A4 /* face02015.png */; };
		3D0E9B11230AE14100F935A4 /* face02014.png in Resources */ = {isa = PBXBuildFile; fileRef = 3D0E9AFA230AE14100F935A4 /* face02014.png */; };
		3D0E9B12230AE14100F935A4 /* face02008.png in Resources */ = {isa = PBXBuildFile; fileRef = 3D0E9AFB230AE14100F935A4 /* face02008.png */; };
		3D0E9B13230AE14100F935A4 /* face02009.png in Resources */ = {isa = PBXBuildFile; fileRef = 3D0E9AFC230AE14100F935A4 /* face02009.png */; };
		3D0E9B14230AE14100F935A4 /* face01002.png in Resources */ = {isa = PBXBuildFile; fileRef = 3D0E9AFD230AE14100F935A4 /* face01002.png */; };
		3D0E9B15230AE14100F935A4 /* face01001.png in Resources */ = {isa = PBXBuildFile; fileRef = 3D0E9AFE230AE14100F935A4 /* face01001.png */; };
		3D0E9B16230AE14100F935A4 /* face01005.png in Resources */ = {isa = PBXBuildFile; fileRef = 3D0E9AFF230AE14100F935A4 /* face01005.png */; };
		3D0E9B17230AE14100F935A4 /* face01004.png in Resources */ = {isa = PBXBuildFile; fileRef = 3D0E9B00230AE14100F935A4 /* face01004.png */; };
		3D0E9B18230AE14100F935A4 /* face01006.png in Resources */ = {isa = PBXBuildFile; fileRef = 3D0E9B01230AE14100F935A4 /* face01006.png */; };
		3D0E9B19230AE14100F935A4 /* face01007.png in Resources */ = {isa = PBXBuildFile; fileRef = 3D0E9B02230AE14100F935A4 /* face01007.png */; };
		3D0E9B2E230AE4EC00F935A4 /* 剧本_08.5贫血.txt in Resources */ = {isa = PBXBuildFile; fileRef = 3D0E9B1B230AE4EC00F935A4 /* 剧本_08.5贫血.txt */; };
		3D0E9B2F230AE4EC00F935A4 /* 剧本_20最后一天.txt in Resources */ = {isa = PBXBuildFile; fileRef = 3D0E9B1C230AE4EC00F935A4 /* 剧本_20最后一天.txt */; };
		3D0E9B30230AE4EC00F935A4 /* 剧本_09志愿.txt in Resources */ = {isa = PBXBuildFile; fileRef = 3D0E9B1D230AE4EC00F935A4 /* 剧本_09志愿.txt */; };
		3D0E9B31230AE4EC00F935A4 /* 花嫁之梦.txt in Resources */ = {isa = PBXBuildFile; fileRef = 3D0E9B1E230AE4EC00F935A4 /* 花嫁之梦.txt */; };
		3D0E9B32230AE4EC00F935A4 /* 剧本_03过去.txt in Resources */ = {isa = PBXBuildFile; fileRef = 3D0E9B1F230AE4EC00F935A4 /* 剧本_03过去.txt */; };
		3D0E9B33230AE4EC00F935A4 /* 剧本_06电影.txt in Resources */ = {isa = PBXBuildFile; fileRef = 3D0E9B20230AE4EC00F935A4 /* 剧本_06电影.txt */; };
		3D0E9B34230AE4EC00F935A4 /* 剧本_00.txt in Resources */ = {isa = PBXBuildFile; fileRef = 3D0E9B21230AE4EC00F935A4 /* 剧本_00.txt */; };
		3D0E9B35230AE4EC00F935A4 /* 剧本_07事故.txt in Resources */ = {isa = PBXBuildFile; fileRef = 3D0E9B22230AE4EC00F935A4 /* 剧本_07事故.txt */; };
		3D0E9B36230AE4EC00F935A4 /* 星空的祈祷.txt in Resources */ = {isa = PBXBuildFile; fileRef = 3D0E9B23230AE4EC00F935A4 /* 星空的祈祷.txt */; };
		3D0E9B37230AE4EC00F935A4 /* 结局.txt in Resources */ = {isa = PBXBuildFile; fileRef = 3D0E9B24230AE4EC00F935A4 /* 结局.txt */; };
		3D0E9B38230AE4EC00F935A4 /* 剧本_01出浴.txt in Resources */ = {isa = PBXBuildFile; fileRef = 3D0E9B25230AE4EC00F935A4 /* 剧本_01出浴.txt */; };
		3D0E9B39230AE4EC00F935A4 /* 剧本_04设计.txt in Resources */ = {isa = PBXBuildFile; fileRef = 3D0E9B26230AE4EC00F935A4 /* 剧本_04设计.txt */; };
		3D0E9B3A230AE4EC00F935A4 /* 剧本_05用功.txt in Resources */ = {isa = PBXBuildFile; fileRef = 3D0E9B27230AE4EC00F935A4 /* 剧本_05用功.txt */; };
		3D0E9B3B230AE4EC00F935A4 /* 接吻大作战.txt in Resources */ = {isa = PBXBuildFile; fileRef = 3D0E9B28230AE4EC00F935A4 /* 接吻大作战.txt */; };
		3D0E9B3C230AE4EC00F935A4 /* 状态.txt in Resources */ = {isa = PBXBuildFile; fileRef = 3D0E9B29230AE4EC00F935A4 /* 状态.txt */; };
		3D0E9B3D230AE4EC00F935A4 /* 剧本_02征寄.txt in Resources */ = {isa = PBXBuildFile; fileRef = 3D0E9B2A230AE4EC00F935A4 /* 剧本_02征寄.txt */; };
		3D0E9B3E230AE4EC00F935A4 /* 剧本_08月经.txt in Resources */ = {isa = PBXBuildFile; fileRef = 3D0E9B2B230AE4EC00F935A4 /* 剧本_08月经.txt */; };
		3D0E9B3F230AE4EC00F935A4 /* 日历.txt in Resources */ = {isa = PBXBuildFile; fileRef = 3D0E9B2C230AE4EC00F935A4 /* 日历.txt */; };
		3D0E9B40230AE4EC00F935A4 /* 剧本_10电话.txt in Resources */ = {isa = PBXBuildFile; fileRef = 3D0E9B2D230AE4EC00F935A4 /* 剧本_10电话.txt */; };
		3D4E617F23059C3D00F5D1C3 /* Localizable.strings in Resources */ = {isa = PBXBuildFile; fileRef = 3D4E60FC23059C3900F5D1C3 /* Localizable.strings */; };
		3D4E618023059C3D00F5D1C3 /* InfoPlist.strings in Resources */ = {isa = PBXBuildFile; fileRef = 3D4E60FE23059C3900F5D1C3 /* InfoPlist.strings */; };
		3D4E618123059C3D00F5D1C3 /* level.mp3 in Resources */ = {isa = PBXBuildFile; fileRef = 3D4E610123059C3A00F5D1C3 /* level.mp3 */; };
		3D4E618223059C3D00F5D1C3 /* click.mp3 in Resources */ = {isa = PBXBuildFile; fileRef = 3D4E610223059C3A00F5D1C3 /* click.mp3 */; };
		3D4E618323059C3D00F5D1C3 /* splash.mp3 in Resources */ = {isa = PBXBuildFile; fileRef = 3D4E610323059C3A00F5D1C3 /* splash.mp3 */; };
		3D4E618423059C3D00F5D1C3 /* canon.mp3 in Resources */ = {isa = PBXBuildFile; fileRef = 3D4E610423059C3A00F5D1C3 /* canon.mp3 */; };
		3D4E618523059C3D00F5D1C3 /* sound_puzzle.mp3 in Resources */ = {isa = PBXBuildFile; fileRef = 3D4E610523059C3A00F5D1C3 /* sound_puzzle.mp3 */; };
		3D4E618623059C3D00F5D1C3 /* shake.wav in Resources */ = {isa = PBXBuildFile; fileRef = 3D4E610623059C3A00F5D1C3 /* shake.wav */; };
		3D4E618C23059C3D00F5D1C3 /* Puzzle-Info.plist in Resources */ = {isa = PBXBuildFile; fileRef = 3D4E611223059C3B00F5D1C3 /* Puzzle-Info.plist */; };
		3D4E618D23059C3D00F5D1C3 /* DBImageItem.m in Sources */ = {isa = PBXBuildFile; fileRef = 3D4E611523059C3B00F5D1C3 /* DBImageItem.m */; };
		3D4E618E23059C3D00F5D1C3 /* DBSaveItem.m in Sources */ = {isa = PBXBuildFile; fileRef = 3D4E611623059C3B00F5D1C3 /* DBSaveItem.m */; };
		3D4E618F23059C3D00F5D1C3 /* DBCacheItem.m in Sources */ = {isa = PBXBuildFile; fileRef = 3D4E611923059C3B00F5D1C3 /* DBCacheItem.m */; };
		3D4E619523059C3D00F5D1C3 /* BigStoreVController.m in Sources */ = {isa = PBXBuildFile; fileRef = 3D4E612523059C3B00F5D1C3 /* BigStoreVController.m */; };
		3D4E619623059C3D00F5D1C3 /* BigLevelsVController.m in Sources */ = {isa = PBXBuildFile; fileRef = 3D4E612A23059C3B00F5D1C3 /* BigLevelsVController.m */; };
		3D4E619923059C3D00F5D1C3 /* MainCollectionCell.xib in Resources */ = {isa = PBXBuildFile; fileRef = 3D4E612E23059C3B00F5D1C3 /* MainCollectionCell.xib */; };
		3D4E619C23059C3D00F5D1C3 /* Launch Screen.storyboard in Resources */ = {isa = PBXBuildFile; fileRef = 3D4E613423059C3B00F5D1C3 /* Launch Screen.storyboard */; };
		3D4E619D23059C3D00F5D1C3 /* BigAboutVController.m in Sources */ = {isa = PBXBuildFile; fileRef = 3D4E613723059C3B00F5D1C3 /* BigAboutVController.m */; };
		3D4E61A123059C3D00F5D1C3 /* Wood.jpg in Resources */ = {isa = PBXBuildFile; fileRef = 3D4E614123059C3B00F5D1C3 /* Wood.jpg */; };
		3D4E61A223059C3D00F5D1C3 /* Wood@2x.jpg in Resources */ = {isa = PBXBuildFile; fileRef = 3D4E614223059C3C00F5D1C3 /* Wood@2x.jpg */; };
		3D4E61A323059C3D00F5D1C3 /* AppDelegate.m in Sources */ = {isa = PBXBuildFile; fileRef = 3D4E614323059C3C00F5D1C3 /* AppDelegate.m */; };
		3D4E61A423059C3D00F5D1C3 /* SMMNavigationController.m in Sources */ = {isa = PBXBuildFile; fileRef = 3D4E614823059C3C00F5D1C3 /* SMMNavigationController.m */; };
		3D4E61A523059C3D00F5D1C3 /* UIColor+Hex.m in Sources */ = {isa = PBXBuildFile; fileRef = 3D4E614B23059C3C00F5D1C3 /* UIColor+Hex.m */; };
		3D4E61A623059C3D00F5D1C3 /* GameSettingViewController.m in Sources */ = {isa = PBXBuildFile; fileRef = 3D4E614E23059C3C00F5D1C3 /* GameSettingViewController.m */; };
		3D4E61A723059C3D00F5D1C3 /* tooles.m in Sources */ = {isa = PBXBuildFile; fileRef = 3D4E615023059C3C00F5D1C3 /* tooles.m */; };
		3D4E61A823059C3D00F5D1C3 /* Localizable.strings in Resources */ = {isa = PBXBuildFile; fileRef = 3D4E615223059C3C00F5D1C3 /* Localizable.strings */; };
		3D4E61A923059C3D00F5D1C3 /* InfoPlist.strings in Resources */ = {isa = PBXBuildFile; fileRef = 3D4E615423059C3C00F5D1C3 /* InfoPlist.strings */; };
		3D4E61AA23059C3D00F5D1C3 /* BuyCoin4.caf in Resources */ = {isa = PBXBuildFile; fileRef = 3D4E615723059C3C00F5D1C3 /* BuyCoin4.caf */; };
		3D4E61AB23059C3D00F5D1C3 /* BuyCoin2.caf in Resources */ = {isa = PBXBuildFile; fileRef = 3D4E615823059C3C00F5D1C3 /* BuyCoin2.caf */; };
		3D4E61AC23059C3D00F5D1C3 /* theme_coin.mp3 in Resources */ = {isa = PBXBuildFile; fileRef = 3D4E615923059C3C00F5D1C3 /* theme_coin.mp3 */; };
		3D4E61AD23059C3D00F5D1C3 /* GameWin.caf in Resources */ = {isa = PBXBuildFile; fileRef = 3D4E615A23059C3C00F5D1C3 /* GameWin.caf */; };
		3D4E61AE23059C3D00F5D1C3 /* enter.caf in Resources */ = {isa = PBXBuildFile; fileRef = 3D4E615B23059C3C00F5D1C3 /* enter.caf */; };
		3D4E61AF23059C3D00F5D1C3 /* abouten.txt in Resources */ = {isa = PBXBuildFile; fileRef = 3D4E615D23059C3D00F5D1C3 /* abouten.txt */; };
		3D4E61B023059C3D00F5D1C3 /* ss008.png in Resources */ = {isa = PBXBuildFile; fileRef = 3D4E615E23059C3D00F5D1C3 /* ss008.png */; };
		3D4E61B123059C3D00F5D1C3 /* about.txt in Resources */ = {isa = PBXBuildFile; fileRef = 3D4E615F23059C3D00F5D1C3 /* about.txt */; };
		3D4E61B223059C3D00F5D1C3 /* ss004.png in Resources */ = {isa = PBXBuildFile; fileRef = 3D4E616023059C3D00F5D1C3 /* ss004.png */; };
		3D4E61B323059C3D00F5D1C3 /* ss005.png in Resources */ = {isa = PBXBuildFile; fileRef = 3D4E616123059C3D00F5D1C3 /* ss005.png */; };
		3D4E61B423059C3D00F5D1C3 /* ss007.png in Resources */ = {isa = PBXBuildFile; fileRef = 3D4E616223059C3D00F5D1C3 /* ss007.png */; };
		3D4E61B523059C3D00F5D1C3 /* ss006.png in Resources */ = {isa = PBXBuildFile; fileRef = 3D4E616323059C3D00F5D1C3 /* ss006.png */; };
		3D4E61B623059C3D00F5D1C3 /* ss002.png in Resources */ = {isa = PBXBuildFile; fileRef = 3D4E616423059C3D00F5D1C3 /* ss002.png */; };
		3D4E61B723059C3D00F5D1C3 /* ss003.png in Resources */ = {isa = PBXBuildFile; fileRef = 3D4E616523059C3D00F5D1C3 /* ss003.png */; };
		3D4E61B823059C3D00F5D1C3 /* aboutzht.txt in Resources */ = {isa = PBXBuildFile; fileRef = 3D4E616623059C3D00F5D1C3 /* aboutzht.txt */; };
		3D4E61BA23059C3D00F5D1C3 /* upload2.png in Resources */ = {isa = PBXBuildFile; fileRef = 3D4E616A23059C3D00F5D1C3 /* upload2.png */; };
		3D4E61BE23059C3D00F5D1C3 /* icon_coin.png in Resources */ = {isa = PBXBuildFile; fileRef = 3D4E616E23059C3D00F5D1C3 /* icon_coin.png */; };
		3D4E61BF23059C3D00F5D1C3 /* uploadblack.png in Resources */ = {isa = PBXBuildFile; fileRef = 3D4E616F23059C3D00F5D1C3 /* uploadblack.png */; };
		3D4E61C023059C3D00F5D1C3 /* uploadblack2.png in Resources */ = {isa = PBXBuildFile; fileRef = 3D4E617023059C3D00F5D1C3 /* uploadblack2.png */; };
		3D4E61C123059C3D00F5D1C3 /* pagearrow_next.png in Resources */ = {isa = PBXBuildFile; fileRef = 3D4E617123059C3D00F5D1C3 /* pagearrow_next.png */; };
		3D4E61C323059C3D00F5D1C3 /* upload.png in Resources */ = {isa = PBXBuildFile; fileRef = 3D4E617323059C3D00F5D1C3 /* upload.png */; };
		3D4E61C423059C3D00F5D1C3 /* comlogo.png in Resources */ = {isa = PBXBuildFile; fileRef = 3D4E617423059C3D00F5D1C3 /* comlogo.png */; };
		3D4E61C623059C3D00F5D1C3 /* pagearrow_prev.png in Resources */ = {isa = PBXBuildFile; fileRef = 3D4E617623059C3D00F5D1C3 /* pagearrow_prev.png */; };
		3D4E61C723059C3D00F5D1C3 /* coin5.png in Resources */ = {isa = PBXBuildFile; fileRef = 3D4E617723059C3D00F5D1C3 /* coin5.png */; };
		3D4E61C923059C3D00F5D1C3 /* coin4.png in Resources */ = {isa = PBXBuildFile; fileRef = 3D4E617923059C3D00F5D1C3 /* coin4.png */; };
		3D4E61CA23059C3D00F5D1C3 /* coin0.png in Resources */ = {isa = PBXBuildFile; fileRef = 3D4E617A23059C3D00F5D1C3 /* coin0.png */; };
		3D4E61CB23059C3D00F5D1C3 /* coin1.png in Resources */ = {isa = PBXBuildFile; fileRef = 3D4E617B23059C3D00F5D1C3 /* coin1.png */; };
		3D4E61CC23059C3D00F5D1C3 /* loading.png in Resources */ = {isa = PBXBuildFile; fileRef = 3D4E617C23059C3D00F5D1C3 /* loading.png */; };
		3D4E61CD23059C3D00F5D1C3 /* coin3.png in Resources */ = {isa = PBXBuildFile; fileRef = 3D4E617D23059C3D00F5D1C3 /* coin3.png */; };
		3D4E61CE23059C3D00F5D1C3 /* coin2.png in Resources */ = {isa = PBXBuildFile; fileRef = 3D4E617E23059C3D00F5D1C3 /* coin2.png */; };
		3D4E61E22308447800F5D1C3 /* 2201004.mp3 in Resources */ = {isa = PBXBuildFile; fileRef = 3D4E61D02308447800F5D1C3 /* 2201004.mp3 */; };
		3D4E61E32308447800F5D1C3 /* 2201005.mp3 in Resources */ = {isa = PBXBuildFile; fileRef = 3D4E61D12308447800F5D1C3 /* 2201005.mp3 */; };
		3D4E61E42308447800F5D1C3 /* 2201002.mp3 in Resources */ = {isa = PBXBuildFile; fileRef = 3D4E61D22308447800F5D1C3 /* 2201002.mp3 */; };
		3D4E61E52308447800F5D1C3 /* 2201001.mp3 in Resources */ = {isa = PBXBuildFile; fileRef = 3D4E61D32308447800F5D1C3 /* 2201001.mp3 */; };
		3D4E61E62308447800F5D1C3 /* 2205001.mp3 in Resources */ = {isa = PBXBuildFile; fileRef = 3D4E61D52308447800F5D1C3 /* 2205001.mp3 */; };
		3D4E61E72308447800F5D1C3 /* bgm010.mp3 in Resources */ = {isa = PBXBuildFile; fileRef = 3D4E61D62308447800F5D1C3 /* bgm010.mp3 */; };
		3D4E61E82308447800F5D1C3 /* bgm004.mp3 in Resources */ = {isa = PBXBuildFile; fileRef = 3D4E61D72308447800F5D1C3 /* bgm004.mp3 */; };
		3D4E61E92308447800F5D1C3 /* logo.mp3 in Resources */ = {isa = PBXBuildFile; fileRef = 3D4E61D82308447800F5D1C3 /* logo.mp3 */; };
		3D4E61EA2308447800F5D1C3 /* bgm012.mp3 in Resources */ = {isa = PBXBuildFile; fileRef = 3D4E61D92308447800F5D1C3 /* bgm012.mp3 */; };
		3D4E61EB2308447800F5D1C3 /* bgm006.mp3 in Resources */ = {isa = PBXBuildFile; fileRef = 3D4E61DA2308447800F5D1C3 /* bgm006.mp3 */; };
		3D4E61EC2308447800F5D1C3 /* bgm007.mp3 in Resources */ = {isa = PBXBuildFile; fileRef = 3D4E61DB2308447800F5D1C3 /* bgm007.mp3 */; };
		3D4E61ED2308447800F5D1C3 /* bgm013.mp3 in Resources */ = {isa = PBXBuildFile; fileRef = 3D4E61DC2308447800F5D1C3 /* bgm013.mp3 */; };
		3D4E61EE2308447800F5D1C3 /* bgm003.mp3 in Resources */ = {isa = PBXBuildFile; fileRef = 3D4E61DD2308447800F5D1C3 /* bgm003.mp3 */; };
		3D4E61EF2308447800F5D1C3 /* bgm002.mp3 in Resources */ = {isa = PBXBuildFile; fileRef = 3D4E61DE2308447800F5D1C3 /* bgm002.mp3 */; };
		3D4E61F02308447800F5D1C3 /* bgm014.mp3 in Resources */ = {isa = PBXBuildFile; fileRef = 3D4E61DF2308447800F5D1C3 /* bgm014.mp3 */; };
		3D4E61F12308447800F5D1C3 /* bgm015.mp3 in Resources */ = {isa = PBXBuildFile; fileRef = 3D4E61E02308447800F5D1C3 /* bgm015.mp3 */; };
		3D4E61F22308447800F5D1C3 /* bgm009.mp3 in Resources */ = {isa = PBXBuildFile; fileRef = 3D4E61E12308447800F5D1C3 /* bgm009.mp3 */; };
		3D4E6226230A9B1200F5D1C3 /* icon.png in Resources */ = {isa = PBXBuildFile; fileRef = 3D4E61F5230A9B1100F5D1C3 /* icon.png */; };
		3D4E6227230A9B1200F5D1C3 /* caution.png in Resources */ = {isa = PBXBuildFile; fileRef = 3D4E61F6230A9B1100F5D1C3 /* caution.png */; };
		3D4E6228230A9B1200F5D1C3 /* title.png in Resources */ = {isa = PBXBuildFile; fileRef = 3D4E61F7230A9B1100F5D1C3 /* title.png */; };
		3D4E6229230A9B1200F5D1C3 /* over.png in Resources */ = {isa = PBXBuildFile; fileRef = 3D4E61F8230A9B1100F5D1C3 /* over.png */; };
		3D4E622A230A9B1200F5D1C3 /* anykeytoexit.png in Resources */ = {isa = PBXBuildFile; fileRef = 3D4E61F9230A9B1100F5D1C3 /* anykeytoexit.png */; };
		3D4E622B230A9B1200F5D1C3 /* saveupdata.png in Resources */ = {isa = PBXBuildFile; fileRef = 3D4E61FA230A9B1100F5D1C3 /* saveupdata.png */; };
		3D4E622C230A9B1200F5D1C3 /* icon40tw.png in Resources */ = {isa = PBXBuildFile; fileRef = 3D4E61FB230A9B1100F5D1C3 /* icon40tw.png */; };
		3D4E622D230A9B1200F5D1C3 /* speakwait.png in Resources */ = {isa = PBXBuildFile; fileRef = 3D4E61FC230A9B1100F5D1C3 /* speakwait.png */; };
		3D4E622E230A9B1200F5D1C3 /* systemcursor.png in Resources */ = {isa = PBXBuildFile; fileRef = 3D4E61FD230A9B1100F5D1C3 /* systemcursor.png */; };
		3D4E622F230A9B1200F5D1C3 /* frame320.png in Resources */ = {isa = PBXBuildFile; fileRef = 3D4E61FE230A9B1100F5D1C3 /* frame320.png */; };
		3D4E6230230A9B1200F5D1C3 /* pushanykey.png in Resources */ = {isa = PBXBuildFile; fileRef = 3D4E61FF230A9B1100F5D1C3 /* pushanykey.png */; };
		3D4E6231230A9B1200F5D1C3 /* state.png in Resources */ = {isa = PBXBuildFile; fileRef = 3D4E6200230A9B1100F5D1C3 /* state.png */; };
		3D4E6232230A9B1200F5D1C3 /* yesno.png in Resources */ = {isa = PBXBuildFile; fileRef = 3D4E6201230A9B1100F5D1C3 /* yesno.png */; };
		3D4E6233230A9B1200F5D1C3 /* select.png in Resources */ = {isa = PBXBuildFile; fileRef = 3D4E6202230A9B1100F5D1C3 /* select.png */; };
		3D4E6234230A9B1200F5D1C3 /* story.png in Resources */ = {isa = PBXBuildFile; fileRef = 3D4E6203230A9B1100F5D1C3 /* story.png */; };
		3D4E6235230A9B1200F5D1C3 /* text.png in Resources */ = {isa = PBXBuildFile; fileRef = 3D4E6204230A9B1100F5D1C3 /* text.png */; };
		3D4E6236230A9B1200F5D1C3 /* e7play.png in Resources */ = {isa = PBXBuildFile; fileRef = 3D4E6205230A9B1100F5D1C3 /* e7play.png */; };
		3D4E6237230A9B1200F5D1C3 /* speakframe_new.png in Resources */ = {isa = PBXBuildFile; fileRef = 3D4E6206230A9B1100F5D1C3 /* speakframe_new.png */; };
		3D4E6238230A9B1200F5D1C3 /* gold.png in Resources */ = {isa = PBXBuildFile; fileRef = 3D4E6207230A9B1100F5D1C3 /* gold.png */; };
		3D4E6239230A9B1200F5D1C3 /* map01099.png in Resources */ = {isa = PBXBuildFile; fileRef = 3D4E6209230A9B1200F5D1C3 /* map01099.png */; };
		3D4E623A230A9B1200F5D1C3 /* scene_cinema3.png in Resources */ = {isa = PBXBuildFile; fileRef = 3D4E620A230A9B1200F5D1C3 /* scene_cinema3.png */; };
		3D4E623B230A9B1200F5D1C3 /* scene_cinema1.png in Resources */ = {isa = PBXBuildFile; fileRef = 3D4E620B230A9B1200F5D1C3 /* scene_cinema1.png */; };
		3D4E623C230A9B1200F5D1C3 /* sleep.png in Resources */ = {isa = PBXBuildFile; fileRef = 3D4E620C230A9B1200F5D1C3 /* sleep.png */; };
		3D4E623D230A9B1200F5D1C3 /* bath.png in Resources */ = {isa = PBXBuildFile; fileRef = 3D4E620D230A9B1200F5D1C3 /* bath.png */; };
		3D4E623E230A9B1200F5D1C3 /* scene_airport.png in Resources */ = {isa = PBXBuildFile; fileRef = 3D4E620E230A9B1200F5D1C3 /* scene_airport.png */; };
		3D4E623F230A9B1200F5D1C3 /* down.png in Resources */ = {isa = PBXBuildFile; fileRef = 3D4E620F230A9B1200F5D1C3 /* down.png */; };
		3D4E6240230A9B1200F5D1C3 /* hurt.png in Resources */ = {isa = PBXBuildFile; fileRef = 3D4E6210230A9B1200F5D1C3 /* hurt.png */; };
		3D4E6241230A9B1200F5D1C3 /* scene_hospital.png in Resources */ = {isa = PBXBuildFile; fileRef = 3D4E6211230A9B1200F5D1C3 /* scene_hospital.png */; };
		3D4E6242230A9B1200F5D1C3 /* map01002.png in Resources */ = {isa = PBXBuildFile; fileRef = 3D4E6212230A9B1200F5D1C3 /* map01002.png */; };
		3D4E6243230A9B1200F5D1C3 /* map01002b.png in Resources */ = {isa = PBXBuildFile; fileRef = 3D4E6213230A9B1200F5D1C3 /* map01002b.png */; };
		3D4E6244230A9B1200F5D1C3 /* bg_015.png in Resources */ = {isa = PBXBuildFile; fileRef = 3D4E6214230A9B1200F5D1C3 /* bg_015.png */; };
		3D4E6245230A9B1200F5D1C3 /* beach.png in Resources */ = {isa = PBXBuildFile; fileRef = 3D4E6215230A9B1200F5D1C3 /* beach.png */; };
		3D4E6246230A9B1200F5D1C3 /* scene_sky_c.png in Resources */ = {isa = PBXBuildFile; fileRef = 3D4E6216230A9B1200F5D1C3 /* scene_sky_c.png */; };
		3D4E6247230A9B1200F5D1C3 /* show_title.png in Resources */ = {isa = PBXBuildFile; fileRef = 3D4E6217230A9B1200F5D1C3 /* show_title.png */; };
		3D4E6248230A9B1200F5D1C3 /* scene_work.png in Resources */ = {isa = PBXBuildFile; fileRef = 3D4E6218230A9B1200F5D1C3 /* scene_work.png */; };
		3D4E6249230A9B1200F5D1C3 /* yuri_bikini_b.png in Resources */ = {isa = PBXBuildFile; fileRef = 3D4E6219230A9B1200F5D1C3 /* yuri_bikini_b.png */; };
		3D4E624A230A9B1200F5D1C3 /* scene_sky_b.png in Resources */ = {isa = PBXBuildFile; fileRef = 3D4E621A230A9B1200F5D1C3 /* scene_sky_b.png */; };
		3D4E624B230A9B1200F5D1C3 /* act_03.png in Resources */ = {isa = PBXBuildFile; fileRef = 3D4E621B230A9B1200F5D1C3 /* act_03.png */; };
		3D4E624C230A9B1200F5D1C3 /* act_01a.png in Resources */ = {isa = PBXBuildFile; fileRef = 3D4E621C230A9B1200F5D1C3 /* act_01a.png */; };
		3D4E624D230A9B1200F5D1C3 /* Wedding.png in Resources */ = {isa = PBXBuildFile; fileRef = 3D4E621D230A9B1200F5D1C3 /* Wedding.png */; };
		3D4E624E230A9B1200F5D1C3 /* kissing.png in Resources */ = {isa = PBXBuildFile; fileRef = 3D4E621E230A9B1200F5D1C3 /* kissing.png */; };
		3D4E624F230A9B1200F5D1C3 /* scene_cinema.png in Resources */ = {isa = PBXBuildFile; fileRef = 3D4E621F230A9B1200F5D1C3 /* scene_cinema.png */; };
		3D4E6250230A9B1200F5D1C3 /* scene_room.png in Resources */ = {isa = PBXBuildFile; fileRef = 3D4E6220230A9B1200F5D1C3 /* scene_room.png */; };
		3D4E6251230A9B1200F5D1C3 /* upface.png in Resources */ = {isa = PBXBuildFile; fileRef = 3D4E6221230A9B1200F5D1C3 /* upface.png */; };
		3D4E6252230A9B1200F5D1C3 /* act_04.png in Resources */ = {isa = PBXBuildFile; fileRef = 3D4E6222230A9B1200F5D1C3 /* act_04.png */; };
		3D4E6253230A9B1200F5D1C3 /* test_home.png in Resources */ = {isa = PBXBuildFile; fileRef = 3D4E6223230A9B1200F5D1C3 /* test_home.png */; };
		3D4E6254230A9B1200F5D1C3 /* beach_a.png in Resources */ = {isa = PBXBuildFile; fileRef = 3D4E6224230A9B1200F5D1C3 /* beach_a.png */; };
		3D4E6257230AE0AF00F5D1C3 /* yuri_date_b.png in Resources */ = {isa = PBXBuildFile; fileRef = 3D4E6255230AE0AF00F5D1C3 /* yuri_date_b.png */; };
		3D4E6258230AE0AF00F5D1C3 /* yuri_epron_b.png in Resources */ = {isa = PBXBuildFile; fileRef = 3D4E6256230AE0AF00F5D1C3 /* yuri_epron_b.png */; };
		3D694811230C1681009D6DAC /* YLStartViewController.m in Sources */ = {isa = PBXBuildFile; fileRef = 3D69480F230C1680009D6DAC /* YLStartViewController.m */; };
		3D836697230438D200457999 /* Main.storyboard in Resources */ = {isa = PBXBuildFile; fileRef = 3D836695230438D200457999 /* Main.storyboard */; };
		3D836699230438D400457999 /* Assets.xcassets in Resources */ = {isa = PBXBuildFile; fileRef = 3D836698230438D400457999 /* Assets.xcassets */; };
		3D83669F230438D400457999 /* main.m in Sources */ = {isa = PBXBuildFile; fileRef = 3D83669E230438D400457999 /* main.m */; };
		3D955D93230ED090007FDDF1 /* Localizable.strings in Resources */ = {isa = PBXBuildFile; fileRef = 3D955D8F230ED090007FDDF1 /* Localizable.strings */; };
		3D955D94230ED090007FDDF1 /* InfoPlist.strings in Resources */ = {isa = PBXBuildFile; fileRef = 3D955D91230ED090007FDDF1 /* InfoPlist.strings */; };
		3D955D97230ED3AA007FDDF1 /* MainGameViewController.m in Sources */ = {isa = PBXBuildFile; fileRef = 3D955D96230ED3AA007FDDF1 /* MainGameViewController.m */; };
		3D955D9B230EE0CA007FDDF1 /* stories.m in Sources */ = {isa = PBXBuildFile; fileRef = 3D955D9A230EE0CA007FDDF1 /* stories.m */; };
		3D955D9E230FE321007FDDF1 /* gameengine.m in Sources */ = {isa = PBXBuildFile; fileRef = 3D955D9C230FE321007FDDF1 /* gameengine.m */; };
		A656F04806618853013903BA /* libPods-YouliGirl.a in Frameworks */ = {isa = PBXBuildFile; fileRef = F0A4F778B7AA62F0F2A70ED5 /* libPods-YouliGirl.a */; };
/* End PBXBuildFile section */

/* Begin PBXFileReference section */
		1F302DB17A53BF8AAD2F7637 /* Pods-YouliGirl.debug.xcconfig */ = {isa = PBXFileReference; includeInIndex = 1; lastKnownFileType = text.xcconfig; name = "Pods-YouliGirl.debug.xcconfig"; path = "Target Support Files/Pods-YouliGirl/Pods-YouliGirl.debug.xcconfig"; sourceTree = "<group>"; };
		3D0E9AEC230AE14100F935A4 /* face02010.png */ = {isa = PBXFileReference; lastKnownFileType = image.png; path = face02010.png; sourceTree = "<group>"; };
		3D0E9AED230AE14100F935A4 /* face02004.png */ = {isa = PBXFileReference; lastKnownFileType = image.png; path = face02004.png; sourceTree = "<group>"; };
		3D0E9AEE230AE14100F935A4 /* face02005.png */ = {isa = PBXFileReference; lastKnownFileType = image.png; path = face02005.png; sourceTree = "<group>"; };
		3D0E9AEF230AE14100F935A4 /* face02011.png */ = {isa = PBXFileReference; lastKnownFileType = image.png; path = face02011.png; sourceTree = "<group>"; };
		3D0E9AF0230AE14100F935A4 /* face02007.png */ = {isa = PBXFileReference; lastKnownFileType = image.png; path = face02007.png; sourceTree = "<group>"; };
		3D0E9AF1230AE14100F935A4 /* face02013.png */ = {isa = PBXFileReference; lastKnownFileType = image.png; path = face02013.png; sourceTree = "<group>"; };
		3D0E9AF2230AE14100F935A4 /* face02012.png */ = {isa = PBXFileReference; lastKnownFileType = image.png; path = face02012.png; sourceTree = "<group>"; };
		3D0E9AF3230AE14100F935A4 /* face02006.png */ = {isa = PBXFileReference; lastKnownFileType = image.png; path = face02006.png; sourceTree = "<group>"; };
		3D0E9AF4230AE14100F935A4 /* face02002.png */ = {isa = PBXFileReference; lastKnownFileType = image.png; path = face02002.png; sourceTree = "<group>"; };
		3D0E9AF5230AE14100F935A4 /* face02016.png */ = {isa = PBXFileReference; lastKnownFileType = image.png; path = face02016.png; sourceTree = "<group>"; };
		3D0E9AF6230AE14100F935A4 /* face02017.png */ = {isa = PBXFileReference; lastKnownFileType = image.png; path = face02017.png; sourceTree = "<group>"; };
		3D0E9AF7230AE14100F935A4 /* face02003.png */ = {isa = PBXFileReference; lastKnownFileType = image.png; path = face02003.png; sourceTree = "<group>"; };
		3D0E9AF8230AE14100F935A4 /* face020010.png */ = {isa = PBXFileReference; lastKnownFileType = image.png; path = face020010.png; sourceTree = "<group>"; };
		3D0E9AF9230AE14100F935A4 /* face02015.png */ = {isa = PBXFileReference; lastKnownFileType = image.png; path = face02015.png; sourceTree = "<group>"; };
		3D0E9AFA230AE14100F935A4 /* face02014.png */ = {isa = PBXFileReference; lastKnownFileType = image.png; path = face02014.png; sourceTree = "<group>"; };
		3D0E9AFB230AE14100F935A4 /* face02008.png */ = {isa = PBXFileReference; lastKnownFileType = image.png; path = face02008.png; sourceTree = "<group>"; };
		3D0E9AFC230AE14100F935A4 /* face02009.png */ = {isa = PBXFileReference; lastKnownFileType = image.png; path = face02009.png; sourceTree = "<group>"; };
		3D0E9AFD230AE14100F935A4 /* face01002.png */ = {isa = PBXFileReference; lastKnownFileType = image.png; path = face01002.png; sourceTree = "<group>"; };
		3D0E9AFE230AE14100F935A4 /* face01001.png */ = {isa = PBXFileReference; lastKnownFileType = image.png; path = face01001.png; sourceTree = "<group>"; };
		3D0E9AFF230AE14100F935A4 /* face01005.png */ = {isa = PBXFileReference; lastKnownFileType = image.png; path = face01005.png; sourceTree = "<group>"; };
		3D0E9B00230AE14100F935A4 /* face01004.png */ = {isa = PBXFileReference; lastKnownFileType = image.png; path = face01004.png; sourceTree = "<group>"; };
		3D0E9B01230AE14100F935A4 /* face01006.png */ = {isa = PBXFileReference; lastKnownFileType = image.png; path = face01006.png; sourceTree = "<group>"; };
		3D0E9B02230AE14100F935A4 /* face01007.png */ = {isa = PBXFileReference; lastKnownFileType = image.png; path = face01007.png; sourceTree = "<group>"; };
		3D0E9B1B230AE4EC00F935A4 /* 剧本_08.5贫血.txt */ = {isa = PBXFileReference; fileEncoding = 4; lastKnownFileType = text; path = "剧本_08.5贫血.txt"; sourceTree = "<group>"; };
		3D0E9B1C230AE4EC00F935A4 /* 剧本_20最后一天.txt */ = {isa = PBXFileReference; fileEncoding = 4; lastKnownFileType = text; path = "剧本_20最后一天.txt"; sourceTree = "<group>"; };
		3D0E9B1D230AE4EC00F935A4 /* 剧本_09志愿.txt */ = {isa = PBXFileReference; fileEncoding = 4; lastKnownFileType = text; path = "剧本_09志愿.txt"; sourceTree = "<group>"; };
		3D0E9B1E230AE4EC00F935A4 /* 花嫁之梦.txt */ = {isa = PBXFileReference; fileEncoding = 4; lastKnownFileType = text; path = "花嫁之梦.txt"; sourceTree = "<group>"; };
		3D0E9B1F230AE4EC00F935A4 /* 剧本_03过去.txt */ = {isa = PBXFileReference; fileEncoding = 4; lastKnownFileType = text; path = "剧本_03过去.txt"; sourceTree = "<group>"; };
		3D0E9B20230AE4EC00F935A4 /* 剧本_06电影.txt */ = {isa = PBXFileReference; fileEncoding = 4; lastKnownFileType = text; path = "剧本_06电影.txt"; sourceTree = "<group>"; };
		3D0E9B21230AE4EC00F935A4 /* 剧本_00.txt */ = {isa = PBXFileReference; fileEncoding = 4; lastKnownFileType = text; path = "剧本_00.txt"; sourceTree = "<group>"; };
		3D0E9B22230AE4EC00F935A4 /* 剧本_07事故.txt */ = {isa = PBXFileReference; fileEncoding = 4; lastKnownFileType = text; path = "剧本_07事故.txt"; sourceTree = "<group>"; };
		3D0E9B23230AE4EC00F935A4 /* 星空的祈祷.txt */ = {isa = PBXFileReference; fileEncoding = 4; lastKnownFileType = text; path = "星空的祈祷.txt"; sourceTree = "<group>"; };
		3D0E9B24230AE4EC00F935A4 /* 结局.txt */ = {isa = PBXFileReference; fileEncoding = 4; lastKnownFileType = text; path = "结局.txt"; sourceTree = "<group>"; };
		3D0E9B25230AE4EC00F935A4 /* 剧本_01出浴.txt */ = {isa = PBXFileReference; fileEncoding = 4; lastKnownFileType = text; path = "剧本_01出浴.txt"; sourceTree = "<group>"; };
		3D0E9B26230AE4EC00F935A4 /* 剧本_04设计.txt */ = {isa = PBXFileReference; fileEncoding = 4; lastKnownFileType = text; path = "剧本_04设计.txt"; sourceTree = "<group>"; };
		3D0E9B27230AE4EC00F935A4 /* 剧本_05用功.txt */ = {isa = PBXFileReference; fileEncoding = 4; lastKnownFileType = text; path = "剧本_05用功.txt"; sourceTree = "<group>"; };
		3D0E9B28230AE4EC00F935A4 /* 接吻大作战.txt */ = {isa = PBXFileReference; fileEncoding = 4; lastKnownFileType = text; path = "接吻大作战.txt"; sourceTree = "<group>"; };
		3D0E9B29230AE4EC00F935A4 /* 状态.txt */ = {isa = PBXFileReference; fileEncoding = 4; lastKnownFileType = text; path = "状态.txt"; sourceTree = "<group>"; };
		3D0E9B2A230AE4EC00F935A4 /* 剧本_02征寄.txt */ = {isa = PBXFileReference; fileEncoding = 4; lastKnownFileType = text; path = "剧本_02征寄.txt"; sourceTree = "<group>"; };
		3D0E9B2B230AE4EC00F935A4 /* 剧本_08月经.txt */ = {isa = PBXFileReference; fileEncoding = 4; lastKnownFileType = text; path = "剧本_08月经.txt"; sourceTree = "<group>"; };
		3D0E9B2C230AE4EC00F935A4 /* 日历.txt */ = {isa = PBXFileReference; fileEncoding = 4; lastKnownFileType = text; path = "日历.txt"; sourceTree = "<group>"; };
		3D0E9B2D230AE4EC00F935A4 /* 剧本_10电话.txt */ = {isa = PBXFileReference; fileEncoding = 4; lastKnownFileType = text; path = "剧本_10电话.txt"; sourceTree = "<group>"; };
		3D4E60FD23059C3900F5D1C3 /* zh-Hans */ = {isa = PBXFileReference; lastKnownFileType = text.plist.strings; name = "zh-Hans"; path = Localizable.strings; sourceTree = "<group>"; };
		3D4E60FF23059C3900F5D1C3 /* zh-Hans */ = {isa = PBXFileReference; lastKnownFileType = text.plist.strings; name = "zh-Hans"; path = InfoPlist.strings; sourceTree = "<group>"; };
		3D4E610123059C3A00F5D1C3 /* level.mp3 */ = {isa = PBXFileReference; lastKnownFileType = audio.mp3; path = level.mp3; sourceTree = "<group>"; };
		3D4E610223059C3A00F5D1C3 /* click.mp3 */ = {isa = PBXFileReference; lastKnownFileType = audio.mp3; path = click.mp3; sourceTree = "<group>"; };
		3D4E610323059C3A00F5D1C3 /* splash.mp3 */ = {isa = PBXFileReference; lastKnownFileType = audio.mp3; path = splash.mp3; sourceTree = "<group>"; };
		3D4E610423059C3A00F5D1C3 /* canon.mp3 */ = {isa = PBXFileReference; lastKnownFileType = audio.mp3; path = canon.mp3; sourceTree = "<group>"; };
		3D4E610523059C3A00F5D1C3 /* sound_puzzle.mp3 */ = {isa = PBXFileReference; lastKnownFileType = audio.mp3; path = sound_puzzle.mp3; sourceTree = "<group>"; };
		3D4E610623059C3A00F5D1C3 /* shake.wav */ = {isa = PBXFileReference; lastKnownFileType = audio.wav; path = shake.wav; sourceTree = "<group>"; };
		3D4E611223059C3B00F5D1C3 /* Puzzle-Info.plist */ = {isa = PBXFileReference; fileEncoding = 4; lastKnownFileType = text.plist.xml; path = "Puzzle-Info.plist"; sourceTree = "<group>"; };
		3D4E611523059C3B00F5D1C3 /* DBImageItem.m */ = {isa = PBXFileReference; fileEncoding = 4; lastKnownFileType = sourcecode.c.objc; path = DBImageItem.m; sourceTree = "<group>"; };
		3D4E611623059C3B00F5D1C3 /* DBSaveItem.m */ = {isa = PBXFileReference; fileEncoding = 4; lastKnownFileType = sourcecode.c.objc; path = DBSaveItem.m; sourceTree = "<group>"; };
		3D4E611723059C3B00F5D1C3 /* DBCacheItem.h */ = {isa = PBXFileReference; fileEncoding = 4; lastKnownFileType = sourcecode.c.h; path = DBCacheItem.h; sourceTree = "<group>"; };
		3D4E611823059C3B00F5D1C3 /* DBImageItem.h */ = {isa = PBXFileReference; fileEncoding = 4; lastKnownFileType = sourcecode.c.h; path = DBImageItem.h; sourceTree = "<group>"; };
		3D4E611923059C3B00F5D1C3 /* DBCacheItem.m */ = {isa = PBXFileReference; fileEncoding = 4; lastKnownFileType = sourcecode.c.objc; path = DBCacheItem.m; sourceTree = "<group>"; };
		3D4E611A23059C3B00F5D1C3 /* DBSaveItem.h */ = {isa = PBXFileReference; fileEncoding = 4; lastKnownFileType = sourcecode.c.h; path = DBSaveItem.h; sourceTree = "<group>"; };
		3D4E612523059C3B00F5D1C3 /* BigStoreVController.m */ = {isa = PBXFileReference; fileEncoding = 4; lastKnownFileType = sourcecode.c.objc; path = BigStoreVController.m; sourceTree = "<group>"; };
		3D4E612623059C3B00F5D1C3 /* BigStoreVController.h */ = {isa = PBXFileReference; fileEncoding = 4; lastKnownFileType = sourcecode.c.h; path = BigStoreVController.h; sourceTree = "<group>"; };
		3D4E612A23059C3B00F5D1C3 /* BigLevelsVController.m */ = {isa = PBXFileReference; fileEncoding = 4; lastKnownFileType = sourcecode.c.objc; path = BigLevelsVController.m; sourceTree = "<group>"; };
		3D4E612D23059C3B00F5D1C3 /* BigLevelsVController.h */ = {isa = PBXFileReference; fileEncoding = 4; lastKnownFileType = sourcecode.c.h; path = BigLevelsVController.h; sourceTree = "<group>"; };
		3D4E612E23059C3B00F5D1C3 /* MainCollectionCell.xib */ = {isa = PBXFileReference; fileEncoding = 4; lastKnownFileType = file.xib; path = MainCollectionCell.xib; sourceTree = "<group>"; };
		3D4E613423059C3B00F5D1C3 /* Launch Screen.storyboard */ = {isa = PBXFileReference; fileEncoding = 4; lastKnownFileType = file.storyboard; path = "Launch Screen.storyboard"; sourceTree = "<group>"; };
		3D4E613623059C3B00F5D1C3 /* BigAboutVController.h */ = {isa = PBXFileReference; fileEncoding = 4; lastKnownFileType = sourcecode.c.h; path = BigAboutVController.h; sourceTree = "<group>"; };
		3D4E613723059C3B00F5D1C3 /* BigAboutVController.m */ = {isa = PBXFileReference; fileEncoding = 4; lastKnownFileType = sourcecode.c.objc; path = BigAboutVController.m; sourceTree = "<group>"; };
		3D4E613F23059C3B00F5D1C3 /* DogSlize-Prefix.pch */ = {isa = PBXFileReference; fileEncoding = 4; lastKnownFileType = sourcecode.c.h; path = "DogSlize-Prefix.pch"; sourceTree = "<group>"; };
		3D4E614123059C3B00F5D1C3 /* Wood.jpg */ = {isa = PBXFileReference; lastKnownFileType = image.jpeg; path = Wood.jpg; sourceTree = "<group>"; };
		3D4E614223059C3C00F5D1C3 /* Wood@2x.jpg */ = {isa = PBXFileReference; lastKnownFileType = image.jpeg; path = "Wood@2x.jpg"; sourceTree = "<group>"; };
		3D4E614323059C3C00F5D1C3 /* AppDelegate.m */ = {isa = PBXFileReference; fileEncoding = 4; lastKnownFileType = sourcecode.c.objc; path = AppDelegate.m; sourceTree = "<group>"; };
		3D4E614723059C3C00F5D1C3 /* SMMNavigationController.h */ = {isa = PBXFileReference; fileEncoding = 4; lastKnownFileType = sourcecode.c.h; path = SMMNavigationController.h; sourceTree = "<group>"; };
		3D4E614823059C3C00F5D1C3 /* SMMNavigationController.m */ = {isa = PBXFileReference; fileEncoding = 4; lastKnownFileType = sourcecode.c.objc; path = SMMNavigationController.m; sourceTree = "<group>"; };
		3D4E614923059C3C00F5D1C3 /* tooles.h */ = {isa = PBXFileReference; fileEncoding = 4; lastKnownFileType = sourcecode.c.h; path = tooles.h; sourceTree = "<group>"; };
		3D4E614B23059C3C00F5D1C3 /* UIColor+Hex.m */ = {isa = PBXFileReference; fileEncoding = 4; lastKnownFileType = sourcecode.c.objc; path = "UIColor+Hex.m"; sourceTree = "<group>"; };
		3D4E614C23059C3C00F5D1C3 /* UIColor+Hex.h */ = {isa = PBXFileReference; fileEncoding = 4; lastKnownFileType = sourcecode.c.h; path = "UIColor+Hex.h"; sourceTree = "<group>"; };
		3D4E614E23059C3C00F5D1C3 /* GameSettingViewController.m */ = {isa = PBXFileReference; fileEncoding = 4; lastKnownFileType = sourcecode.c.objc; path = GameSettingViewController.m; sourceTree = "<group>"; };
		3D4E614F23059C3C00F5D1C3 /* GameSettingViewController.h */ = {isa = PBXFileReference; fileEncoding = 4; lastKnownFileType = sourcecode.c.h; path = GameSettingViewController.h; sourceTree = "<group>"; };
		3D4E615023059C3C00F5D1C3 /* tooles.m */ = {isa = PBXFileReference; fileEncoding = 4; lastKnownFileType = sourcecode.c.objc; path = tooles.m; sourceTree = "<group>"; };
		3D4E615323059C3C00F5D1C3 /* zh-Hant */ = {isa = PBXFileReference; lastKnownFileType = text.plist.strings; name = "zh-Hant"; path = Localizable.strings; sourceTree = "<group>"; };
		3D4E615523059C3C00F5D1C3 /* zh-Hant */ = {isa = PBXFileReference; lastKnownFileType = text.plist.strings; name = "zh-Hant"; path = InfoPlist.strings; sourceTree = "<group>"; };
		3D4E615723059C3C00F5D1C3 /* BuyCoin4.caf */ = {isa = PBXFileReference; lastKnownFileType = file; path = BuyCoin4.caf; sourceTree = "<group>"; };
		3D4E615823059C3C00F5D1C3 /* BuyCoin2.caf */ = {isa = PBXFileReference; lastKnownFileType = file; path = BuyCoin2.caf; sourceTree = "<group>"; };
		3D4E615923059C3C00F5D1C3 /* theme_coin.mp3 */ = {isa = PBXFileReference; lastKnownFileType = audio.mp3; path = theme_coin.mp3; sourceTree = "<group>"; };
		3D4E615A23059C3C00F5D1C3 /* GameWin.caf */ = {isa = PBXFileReference; lastKnownFileType = file; path = GameWin.caf; sourceTree = "<group>"; };
		3D4E615B23059C3C00F5D1C3 /* enter.caf */ = {isa = PBXFileReference; lastKnownFileType = file; path = enter.caf; sourceTree = "<group>"; };
		3D4E615D23059C3D00F5D1C3 /* abouten.txt */ = {isa = PBXFileReference; fileEncoding = 4; lastKnownFileType = text; path = abouten.txt; sourceTree = "<group>"; };
		3D4E615E23059C3D00F5D1C3 /* ss008.png */ = {isa = PBXFileReference; lastKnownFileType = image.png; path = ss008.png; sourceTree = "<group>"; };
		3D4E615F23059C3D00F5D1C3 /* about.txt */ = {isa = PBXFileReference; fileEncoding = 4; lastKnownFileType = text; path = about.txt; sourceTree = "<group>"; };
		3D4E616023059C3D00F5D1C3 /* ss004.png */ = {isa = PBXFileReference; lastKnownFileType = image.png; path = ss004.png; sourceTree = "<group>"; };
		3D4E616123059C3D00F5D1C3 /* ss005.png */ = {isa = PBXFileReference; lastKnownFileType = image.png; path = ss005.png; sourceTree = "<group>"; };
		3D4E616223059C3D00F5D1C3 /* ss007.png */ = {isa = PBXFileReference; lastKnownFileType = image.png; path = ss007.png; sourceTree = "<group>"; };
		3D4E616323059C3D00F5D1C3 /* ss006.png */ = {isa = PBXFileReference; lastKnownFileType = image.png; path = ss006.png; sourceTree = "<group>"; };
		3D4E616423059C3D00F5D1C3 /* ss002.png */ = {isa = PBXFileReference; lastKnownFileType = image.png; path = ss002.png; sourceTree = "<group>"; };
		3D4E616523059C3D00F5D1C3 /* ss003.png */ = {isa = PBXFileReference; lastKnownFileType = image.png; path = ss003.png; sourceTree = "<group>"; };
		3D4E616623059C3D00F5D1C3 /* aboutzht.txt */ = {isa = PBXFileReference; fileEncoding = 4; lastKnownFileType = text; path = aboutzht.txt; sourceTree = "<group>"; };
		3D4E616723059C3D00F5D1C3 /* AppDelegate.h */ = {isa = PBXFileReference; fileEncoding = 4; lastKnownFileType = sourcecode.c.h; path = AppDelegate.h; sourceTree = "<group>"; };
		3D4E616A23059C3D00F5D1C3 /* upload2.png */ = {isa = PBXFileReference; lastKnownFileType = image.png; path = upload2.png; sourceTree = "<group>"; };
		3D4E616E23059C3D00F5D1C3 /* icon_coin.png */ = {isa = PBXFileReference; lastKnownFileType = image.png; path = icon_coin.png; sourceTree = "<group>"; };
		3D4E616F23059C3D00F5D1C3 /* uploadblack.png */ = {isa = PBXFileReference; lastKnownFileType = image.png; path = uploadblack.png; sourceTree = "<group>"; };
		3D4E617023059C3D00F5D1C3 /* uploadblack2.png */ = {isa = PBXFileReference; lastKnownFileType = image.png; path = uploadblack2.png; sourceTree = "<group>"; };
		3D4E617123059C3D00F5D1C3 /* pagearrow_next.png */ = {isa = PBXFileReference; lastKnownFileType = image.png; path = pagearrow_next.png; sourceTree = "<group>"; };
		3D4E617323059C3D00F5D1C3 /* upload.png */ = {isa = PBXFileReference; lastKnownFileType = image.png; path = upload.png; sourceTree = "<group>"; };
		3D4E617423059C3D00F5D1C3 /* comlogo.png */ = {isa = PBXFileReference; lastKnownFileType = image.png; path = comlogo.png; sourceTree = "<group>"; };
		3D4E617623059C3D00F5D1C3 /* pagearrow_prev.png */ = {isa = PBXFileReference; lastKnownFileType = image.png; path = pagearrow_prev.png; sourceTree = "<group>"; };
		3D4E617723059C3D00F5D1C3 /* coin5.png */ = {isa = PBXFileReference; lastKnownFileType = image.png; path = coin5.png; sourceTree = "<group>"; };
		3D4E617923059C3D00F5D1C3 /* coin4.png */ = {isa = PBXFileReference; lastKnownFileType = image.png; path = coin4.png; sourceTree = "<group>"; };
		3D4E617A23059C3D00F5D1C3 /* coin0.png */ = {isa = PBXFileReference; lastKnownFileType = image.png; path = coin0.png; sourceTree = "<group>"; };
		3D4E617B23059C3D00F5D1C3 /* coin1.png */ = {isa = PBXFileReference; lastKnownFileType = image.png; path = coin1.png; sourceTree = "<group>"; };
		3D4E617C23059C3D00F5D1C3 /* loading.png */ = {isa = PBXFileReference; lastKnownFileType = image.png; path = loading.png; sourceTree = "<group>"; };
		3D4E617D23059C3D00F5D1C3 /* coin3.png */ = {isa = PBXFileReference; lastKnownFileType = image.png; path = coin3.png; sourceTree = "<group>"; };
		3D4E617E23059C3D00F5D1C3 /* coin2.png */ = {isa = PBXFileReference; lastKnownFileType = image.png; path = coin2.png; sourceTree = "<group>"; };
		3D4E61D02308447800F5D1C3 /* 2201004.mp3 */ = {isa = PBXFileReference; lastKnownFileType = audio.mp3; path = 2201004.mp3; sourceTree = "<group>"; };
		3D4E61D12308447800F5D1C3 /* 2201005.mp3 */ = {isa = PBXFileReference; lastKnownFileType = audio.mp3; path = 2201005.mp3; sourceTree = "<group>"; };
		3D4E61D22308447800F5D1C3 /* 2201002.mp3 */ = {isa = PBXFileReference; lastKnownFileType = audio.mp3; path = 2201002.mp3; sourceTree = "<group>"; };
		3D4E61D32308447800F5D1C3 /* 2201001.mp3 */ = {isa = PBXFileReference; lastKnownFileType = audio.mp3; path = 2201001.mp3; sourceTree = "<group>"; };
		3D4E61D52308447800F5D1C3 /* 2205001.mp3 */ = {isa = PBXFileReference; lastKnownFileType = audio.mp3; path = 2205001.mp3; sourceTree = "<group>"; };
		3D4E61D62308447800F5D1C3 /* bgm010.mp3 */ = {isa = PBXFileReference; lastKnownFileType = audio.mp3; path = bgm010.mp3; sourceTree = "<group>"; };
		3D4E61D72308447800F5D1C3 /* bgm004.mp3 */ = {isa = PBXFileReference; lastKnownFileType = audio.mp3; path = bgm004.mp3; sourceTree = "<group>"; };
		3D4E61D82308447800F5D1C3 /* logo.mp3 */ = {isa = PBXFileReference; lastKnownFileType = audio.mp3; path = logo.mp3; sourceTree = "<group>"; };
		3D4E61D92308447800F5D1C3 /* bgm012.mp3 */ = {isa = PBXFileReference; lastKnownFileType = audio.mp3; path = bgm012.mp3; sourceTree = "<group>"; };
		3D4E61DA2308447800F5D1C3 /* bgm006.mp3 */ = {isa = PBXFileReference; lastKnownFileType = audio.mp3; path = bgm006.mp3; sourceTree = "<group>"; };
		3D4E61DB2308447800F5D1C3 /* bgm007.mp3 */ = {isa = PBXFileReference; lastKnownFileType = audio.mp3; path = bgm007.mp3; sourceTree = "<group>"; };
		3D4E61DC2308447800F5D1C3 /* bgm013.mp3 */ = {isa = PBXFileReference; lastKnownFileType = audio.mp3; path = bgm013.mp3; sourceTree = "<group>"; };
		3D4E61DD2308447800F5D1C3 /* bgm003.mp3 */ = {isa = PBXFileReference; lastKnownFileType = audio.mp3; path = bgm003.mp3; sourceTree = "<group>"; };
		3D4E61DE2308447800F5D1C3 /* bgm002.mp3 */ = {isa = PBXFileReference; lastKnownFileType = audio.mp3; path = bgm002.mp3; sourceTree = "<group>"; };
		3D4E61DF2308447800F5D1C3 /* bgm014.mp3 */ = {isa = PBXFileReference; lastKnownFileType = audio.mp3; path = bgm014.mp3; sourceTree = "<group>"; };
		3D4E61E02308447800F5D1C3 /* bgm015.mp3 */ = {isa = PBXFileReference; lastKnownFileType = audio.mp3; path = bgm015.mp3; sourceTree = "<group>"; };
		3D4E61E12308447800F5D1C3 /* bgm009.mp3 */ = {isa = PBXFileReference; lastKnownFileType = audio.mp3; path = bgm009.mp3; sourceTree = "<group>"; };
		3D4E61F5230A9B1100F5D1C3 /* icon.png */ = {isa = PBXFileReference; lastKnownFileType = image.png; path = icon.png; sourceTree = "<group>"; };
		3D4E61F6230A9B1100F5D1C3 /* caution.png */ = {isa = PBXFileReference; lastKnownFileType = image.png; path = caution.png; sourceTree = "<group>"; };
		3D4E61F7230A9B1100F5D1C3 /* title.png */ = {isa = PBXFileReference; lastKnownFileType = image.png; path = title.png; sourceTree = "<group>"; };
		3D4E61F8230A9B1100F5D1C3 /* over.png */ = {isa = PBXFileReference; lastKnownFileType = image.png; path = over.png; sourceTree = "<group>"; };
		3D4E61F9230A9B1100F5D1C3 /* anykeytoexit.png */ = {isa = PBXFileReference; lastKnownFileType = image.png; path = anykeytoexit.png; sourceTree = "<group>"; };
		3D4E61FA230A9B1100F5D1C3 /* saveupdata.png */ = {isa = PBXFileReference; lastKnownFileType = image.png; path = saveupdata.png; sourceTree = "<group>"; };
		3D4E61FB230A9B1100F5D1C3 /* icon40tw.png */ = {isa = PBXFileReference; lastKnownFileType = image.png; path = icon40tw.png; sourceTree = "<group>"; };
		3D4E61FC230A9B1100F5D1C3 /* speakwait.png */ = {isa = PBXFileReference; lastKnownFileType = image.png; path = speakwait.png; sourceTree = "<group>"; };
		3D4E61FD230A9B1100F5D1C3 /* systemcursor.png */ = {isa = PBXFileReference; lastKnownFileType = image.png; path = systemcursor.png; sourceTree = "<group>"; };
		3D4E61FE230A9B1100F5D1C3 /* frame320.png */ = {isa = PBXFileReference; lastKnownFileType = image.png; path = frame320.png; sourceTree = "<group>"; };
		3D4E61FF230A9B1100F5D1C3 /* pushanykey.png */ = {isa = PBXFileReference; lastKnownFileType = image.png; path = pushanykey.png; sourceTree = "<group>"; };
		3D4E6200230A9B1100F5D1C3 /* state.png */ = {isa = PBXFileReference; lastKnownFileType = image.png; path = state.png; sourceTree = "<group>"; };
		3D4E6201230A9B1100F5D1C3 /* yesno.png */ = {isa = PBXFileReference; lastKnownFileType = image.png; path = yesno.png; sourceTree = "<group>"; };
		3D4E6202230A9B1100F5D1C3 /* select.png */ = {isa = PBXFileReference; lastKnownFileType = image.png; path = select.png; sourceTree = "<group>"; };
		3D4E6203230A9B1100F5D1C3 /* story.png */ = {isa = PBXFileReference; lastKnownFileType = image.png; path = story.png; sourceTree = "<group>"; };
		3D4E6204230A9B1100F5D1C3 /* text.png */ = {isa = PBXFileReference; lastKnownFileType = image.png; path = text.png; sourceTree = "<group>"; };
		3D4E6205230A9B1100F5D1C3 /* e7play.png */ = {isa = PBXFileReference; lastKnownFileType = image.png; path = e7play.png; sourceTree = "<group>"; };
		3D4E6206230A9B1100F5D1C3 /* speakframe_new.png */ = {isa = PBXFileReference; lastKnownFileType = image.png; path = speakframe_new.png; sourceTree = "<group>"; };
		3D4E6207230A9B1100F5D1C3 /* gold.png */ = {isa = PBXFileReference; lastKnownFileType = image.png; path = gold.png; sourceTree = "<group>"; };
		3D4E6209230A9B1200F5D1C3 /* map01099.png */ = {isa = PBXFileReference; lastKnownFileType = image.png; path = map01099.png; sourceTree = "<group>"; };
		3D4E620A230A9B1200F5D1C3 /* scene_cinema3.png */ = {isa = PBXFileReference; lastKnownFileType = image.png; path = scene_cinema3.png; sourceTree = "<group>"; };
		3D4E620B230A9B1200F5D1C3 /* scene_cinema1.png */ = {isa = PBXFileReference; lastKnownFileType = image.png; path = scene_cinema1.png; sourceTree = "<group>"; };
		3D4E620C230A9B1200F5D1C3 /* sleep.png */ = {isa = PBXFileReference; lastKnownFileType = image.png; path = sleep.png; sourceTree = "<group>"; };
		3D4E620D230A9B1200F5D1C3 /* bath.png */ = {isa = PBXFileReference; lastKnownFileType = image.png; path = bath.png; sourceTree = "<group>"; };
		3D4E620E230A9B1200F5D1C3 /* scene_airport.png */ = {isa = PBXFileReference; lastKnownFileType = image.png; path = scene_airport.png; sourceTree = "<group>"; };
		3D4E620F230A9B1200F5D1C3 /* down.png */ = {isa = PBXFileReference; lastKnownFileType = image.png; path = down.png; sourceTree = "<group>"; };
		3D4E6210230A9B1200F5D1C3 /* hurt.png */ = {isa = PBXFileReference; lastKnownFileType = image.png; path = hurt.png; sourceTree = "<group>"; };
		3D4E6211230A9B1200F5D1C3 /* scene_hospital.png */ = {isa = PBXFileReference; lastKnownFileType = image.png; path = scene_hospital.png; sourceTree = "<group>"; };
		3D4E6212230A9B1200F5D1C3 /* map01002.png */ = {isa = PBXFileReference; lastKnownFileType = image.png; path = map01002.png; sourceTree = "<group>"; };
		3D4E6213230A9B1200F5D1C3 /* map01002b.png */ = {isa = PBXFileReference; lastKnownFileType = image.png; path = map01002b.png; sourceTree = "<group>"; };
		3D4E6214230A9B1200F5D1C3 /* bg_015.png */ = {isa = PBXFileReference; lastKnownFileType = image.png; path = bg_015.png; sourceTree = "<group>"; };
		3D4E6215230A9B1200F5D1C3 /* beach.png */ = {isa = PBXFileReference; lastKnownFileType = image.png; path = beach.png; sourceTree = "<group>"; };
		3D4E6216230A9B1200F5D1C3 /* scene_sky_c.png */ = {isa = PBXFileReference; lastKnownFileType = image.png; path = scene_sky_c.png; sourceTree = "<group>"; };
		3D4E6217230A9B1200F5D1C3 /* show_title.png */ = {isa = PBXFileReference; lastKnownFileType = image.png; path = show_title.png; sourceTree = "<group>"; };
		3D4E6218230A9B1200F5D1C3 /* scene_work.png */ = {isa = PBXFileReference; lastKnownFileType = image.png; path = scene_work.png; sourceTree = "<group>"; };
		3D4E6219230A9B1200F5D1C3 /* yuri_bikini_b.png */ = {isa = PBXFileReference; lastKnownFileType = image.png; path = yuri_bikini_b.png; sourceTree = "<group>"; };
		3D4E621A230A9B1200F5D1C3 /* scene_sky_b.png */ = {isa = PBXFileReference; lastKnownFileType = image.png; path = scene_sky_b.png; sourceTree = "<group>"; };
		3D4E621B230A9B1200F5D1C3 /* act_03.png */ = {isa = PBXFileReference; lastKnownFileType = image.png; path = act_03.png; sourceTree = "<group>"; };
		3D4E621C230A9B1200F5D1C3 /* act_01a.png */ = {isa = PBXFileReference; lastKnownFileType = image.png; path = act_01a.png; sourceTree = "<group>"; };
		3D4E621D230A9B1200F5D1C3 /* Wedding.png */ = {isa = PBXFileReference; lastKnownFileType = image.png; path = Wedding.png; sourceTree = "<group>"; };
		3D4E621E230A9B1200F5D1C3 /* kissing.png */ = {isa = PBXFileReference; lastKnownFileType = image.png; path = kissing.png; sourceTree = "<group>"; };
		3D4E621F230A9B1200F5D1C3 /* scene_cinema.png */ = {isa = PBXFileReference; lastKnownFileType = image.png; path = scene_cinema.png; sourceTree = "<group>"; };
		3D4E6220230A9B1200F5D1C3 /* scene_room.png */ = {isa = PBXFileReference; lastKnownFileType = image.png; path = scene_room.png; sourceTree = "<group>"; };
		3D4E6221230A9B1200F5D1C3 /* upface.png */ = {isa = PBXFileReference; lastKnownFileType = image.png; path = upface.png; sourceTree = "<group>"; };
		3D4E6222230A9B1200F5D1C3 /* act_04.png */ = {isa = PBXFileReference; lastKnownFileType = image.png; path = act_04.png; sourceTree = "<group>"; };
		3D4E6223230A9B1200F5D1C3 /* test_home.png */ = {isa = PBXFileReference; lastKnownFileType = image.png; path = test_home.png; sourceTree = "<group>"; };
		3D4E6224230A9B1200F5D1C3 /* beach_a.png */ = {isa = PBXFileReference; lastKnownFileType = image.png; path = beach_a.png; sourceTree = "<group>"; };
		3D4E6255230AE0AF00F5D1C3 /* yuri_date_b.png */ = {isa = PBXFileReference; lastKnownFileType = image.png; path = yuri_date_b.png; sourceTree = "<group>"; };
		3D4E6256230AE0AF00F5D1C3 /* yuri_epron_b.png */ = {isa = PBXFileReference; lastKnownFileType = image.png; path = yuri_epron_b.png; sourceTree = "<group>"; };
		3D69480F230C1680009D6DAC /* YLStartViewController.m */ = {isa = PBXFileReference; fileEncoding = 4; lastKnownFileType = sourcecode.c.objc; path = YLStartViewController.m; sourceTree = "<group>"; };
		3D694810230C1681009D6DAC /* YLStartViewController.h */ = {isa = PBXFileReference; fileEncoding = 4; lastKnownFileType = sourcecode.c.h; path = YLStartViewController.h; sourceTree = "<group>"; };
		3D83668C230438D200457999 /* YouliGirl.app */ = {isa = PBXFileReference; explicitFileType = wrapper.application; includeInIndex = 0; path = YouliGirl.app; sourceTree = BUILT_PRODUCTS_DIR; };
		3D836696230438D200457999 /* Base */ = {isa = PBXFileReference; lastKnownFileType = file.storyboard; name = Base; path = Base.lproj/Main.storyboard; sourceTree = "<group>"; };
		3D836698230438D400457999 /* Assets.xcassets */ = {isa = PBXFileReference; lastKnownFileType = folder.assetcatalog; path = Assets.xcassets; sourceTree = "<group>"; };
		3D83669D230438D400457999 /* Info.plist */ = {isa = PBXFileReference; lastKnownFileType = text.plist.xml; path = Info.plist; sourceTree = "<group>"; };
		3D83669E230438D400457999 /* main.m */ = {isa = PBXFileReference; lastKnownFileType = sourcecode.c.objc; path = main.m; sourceTree = "<group>"; };
		3D955D90230ED090007FDDF1 /* en */ = {isa = PBXFileReference; lastKnownFileType = text.plist.strings; name = en; path = Localizable.strings; sourceTree = "<group>"; };
		3D955D92230ED090007FDDF1 /* en */ = {isa = PBXFileReference; lastKnownFileType = text.plist.strings; name = en; path = InfoPlist.strings; sourceTree = "<group>"; };
		3D955D95230ED3AA007FDDF1 /* MainGameViewController.h */ = {isa = PBXFileReference; lastKnownFileType = sourcecode.c.h; path = MainGameViewController.h; sourceTree = "<group>"; };
		3D955D96230ED3AA007FDDF1 /* MainGameViewController.m */ = {isa = PBXFileReference; lastKnownFileType = sourcecode.c.objc; path = MainGameViewController.m; sourceTree = "<group>"; };
		3D955D99230EE0CA007FDDF1 /* stories.h */ = {isa = PBXFileReference; fileEncoding = 4; lastKnownFileType = sourcecode.c.h; path = stories.h; sourceTree = "<group>"; };
		3D955D9A230EE0CA007FDDF1 /* stories.m */ = {isa = PBXFileReference; fileEncoding = 4; lastKnownFileType = sourcecode.c.objc; path = stories.m; sourceTree = "<group>"; };
		3D955D9C230FE321007FDDF1 /* gameengine.m */ = {isa = PBXFileReference; fileEncoding = 4; lastKnownFileType = sourcecode.c.objc; path = gameengine.m; sourceTree = "<group>"; };
		3D955D9D230FE321007FDDF1 /* gameengine.h */ = {isa = PBXFileReference; fileEncoding = 4; lastKnownFileType = sourcecode.c.h; path = gameengine.h; sourceTree = "<group>"; };
		6944314182F2B9628589C1A7 /* Pods-YouliGirl.release.xcconfig */ = {isa = PBXFileReference; includeInIndex = 1; lastKnownFileType = text.xcconfig; name = "Pods-YouliGirl.release.xcconfig"; path = "Target Support Files/Pods-YouliGirl/Pods-YouliGirl.release.xcconfig"; sourceTree = "<group>"; };
		F0A4F778B7AA62F0F2A70ED5 /* libPods-YouliGirl.a */ = {isa = PBXFileReference; explicitFileType = archive.ar; includeInIndex = 0; path = "libPods-YouliGirl.a"; sourceTree = BUILT_PRODUCTS_DIR; };
/* End PBXFileReference section */

/* Begin PBXFrameworksBuildPhase section */
		3D836689230438D200457999 /* Frameworks */ = {
			isa = PBXFrameworksBuildPhase;
			buildActionMask = 2147483647;
			files = (
				A656F04806618853013903BA /* libPods-YouliGirl.a in Frameworks */,
			);
			runOnlyForDeploymentPostprocessing = 0;
		};
/* End PBXFrameworksBuildPhase section */

/* Begin PBXGroup section */
		3D0E9AEB230AE14100F935A4 /* speak */ = {
			isa = PBXGroup;
			children = (
				3D0E9AFE230AE14100F935A4 /* face01001.png */,
				3D0E9AFD230AE14100F935A4 /* face01002.png */,
				3D0E9B00230AE14100F935A4 /* face01004.png */,
				3D0E9AFF230AE14100F935A4 /* face01005.png */,
				3D0E9B01230AE14100F935A4 /* face01006.png */,
				3D0E9B02230AE14100F935A4 /* face01007.png */,
				3D0E9AF4230AE14100F935A4 /* face02002.png */,
				3D0E9AF7230AE14100F935A4 /* face02003.png */,
				3D0E9AED230AE14100F935A4 /* face02004.png */,
				3D0E9AEE230AE14100F935A4 /* face02005.png */,
				3D0E9AF3230AE14100F935A4 /* face02006.png */,
				3D0E9AF0230AE14100F935A4 /* face02007.png */,
				3D0E9AFB230AE14100F935A4 /* face02008.png */,
				3D0E9AFC230AE14100F935A4 /* face02009.png */,
				3D0E9AEC230AE14100F935A4 /* face02010.png */,
				3D0E9AEF230AE14100F935A4 /* face02011.png */,
				3D0E9AF2230AE14100F935A4 /* face02012.png */,
				3D0E9AF1230AE14100F935A4 /* face02013.png */,
				3D0E9AFA230AE14100F935A4 /* face02014.png */,
				3D0E9AF9230AE14100F935A4 /* face02015.png */,
				3D0E9AF5230AE14100F935A4 /* face02016.png */,
				3D0E9AF6230AE14100F935A4 /* face02017.png */,
				3D0E9AF8230AE14100F935A4 /* face020010.png */,
			);
			path = speak;
			sourceTree = "<group>";
		};
		3D0E9B1A230AE4EB00F935A4 /* txts */ = {
			isa = PBXGroup;
			children = (
				3D0E9B1B230AE4EC00F935A4 /* 剧本_08.5贫血.txt */,
				3D0E9B1C230AE4EC00F935A4 /* 剧本_20最后一天.txt */,
				3D0E9B1D230AE4EC00F935A4 /* 剧本_09志愿.txt */,
				3D0E9B1E230AE4EC00F935A4 /* 花嫁之梦.txt */,
				3D0E9B1F230AE4EC00F935A4 /* 剧本_03过去.txt */,
				3D0E9B20230AE4EC00F935A4 /* 剧本_06电影.txt */,
				3D0E9B21230AE4EC00F935A4 /* 剧本_00.txt */,
				3D0E9B22230AE4EC00F935A4 /* 剧本_07事故.txt */,
				3D0E9B23230AE4EC00F935A4 /* 星空的祈祷.txt */,
				3D0E9B24230AE4EC00F935A4 /* 结局.txt */,
				3D0E9B25230AE4EC00F935A4 /* 剧本_01出浴.txt */,
				3D0E9B26230AE4EC00F935A4 /* 剧本_04设计.txt */,
				3D0E9B27230AE4EC00F935A4 /* 剧本_05用功.txt */,
				3D0E9B28230AE4EC00F935A4 /* 接吻大作战.txt */,
				3D0E9B29230AE4EC00F935A4 /* 状态.txt */,
				3D0E9B2A230AE4EC00F935A4 /* 剧本_02征寄.txt */,
				3D0E9B2B230AE4EC00F935A4 /* 剧本_08月经.txt */,
				3D0E9B2C230AE4EC00F935A4 /* 日历.txt */,
				3D0E9B2D230AE4EC00F935A4 /* 剧本_10电话.txt */,
			);
			path = txts;
			sourceTree = "<group>";
		};
		3D4E60FB23059C3900F5D1C3 /* zh-Hans.lproj */ = {
			isa = PBXGroup;
			children = (
				3D4E60FC23059C3900F5D1C3 /* Localizable.strings */,
				3D4E60FE23059C3900F5D1C3 /* InfoPlist.strings */,
			);
			path = "zh-Hans.lproj";
			sourceTree = "<group>";
		};
		3D4E610023059C3A00F5D1C3 /* music */ = {
			isa = PBXGroup;
			children = (
				3D4E61CF2308447800F5D1C3 /* bgm */,
				3D4E61D42308447800F5D1C3 /* sound */,
				3D4E610123059C3A00F5D1C3 /* level.mp3 */,
				3D4E610223059C3A00F5D1C3 /* click.mp3 */,
				3D4E610323059C3A00F5D1C3 /* splash.mp3 */,
				3D4E610423059C3A00F5D1C3 /* canon.mp3 */,
				3D4E610523059C3A00F5D1C3 /* sound_puzzle.mp3 */,
				3D4E610623059C3A00F5D1C3 /* shake.wav */,
			);
			path = music;
			sourceTree = "<group>";
		};
		3D4E611323059C3B00F5D1C3 /* Codes */ = {
			isa = PBXGroup;
			children = (
				3D4E613523059C3B00F5D1C3 /* BigAbout */,
				3D4E612723059C3B00F5D1C3 /* BigLevels */,
				3D4E612423059C3B00F5D1C3 /* BigStore */,
				3D4E611423059C3B00F5D1C3 /* DBItems */,
				3D4E613423059C3B00F5D1C3 /* Launch Screen.storyboard */,
				3D955D98230ED7D8007FDDF1 /* Stories */,
			);
			path = Codes;
			sourceTree = "<group>";
		};
		3D4E611423059C3B00F5D1C3 /* DBItems */ = {
			isa = PBXGroup;
			children = (
				3D4E611723059C3B00F5D1C3 /* DBCacheItem.h */,
				3D4E611923059C3B00F5D1C3 /* DBCacheItem.m */,
				3D4E611823059C3B00F5D1C3 /* DBImageItem.h */,
				3D4E611523059C3B00F5D1C3 /* DBImageItem.m */,
				3D4E611A23059C3B00F5D1C3 /* DBSaveItem.h */,
				3D4E611623059C3B00F5D1C3 /* DBSaveItem.m */,
			);
			path = DBItems;
			sourceTree = "<group>";
		};
		3D4E612423059C3B00F5D1C3 /* BigStore */ = {
			isa = PBXGroup;
			children = (
				3D4E612523059C3B00F5D1C3 /* BigStoreVController.m */,
				3D4E612623059C3B00F5D1C3 /* BigStoreVController.h */,
			);
			path = BigStore;
			sourceTree = "<group>";
		};
		3D4E612723059C3B00F5D1C3 /* BigLevels */ = {
			isa = PBXGroup;
			children = (
				3D4E612D23059C3B00F5D1C3 /* BigLevelsVController.h */,
				3D4E612A23059C3B00F5D1C3 /* BigLevelsVController.m */,
				3D4E612E23059C3B00F5D1C3 /* MainCollectionCell.xib */,
				3D955D95230ED3AA007FDDF1 /* MainGameViewController.h */,
				3D955D96230ED3AA007FDDF1 /* MainGameViewController.m */,
				3D694810230C1681009D6DAC /* YLStartViewController.h */,
				3D69480F230C1680009D6DAC /* YLStartViewController.m */,
			);
			path = BigLevels;
			sourceTree = "<group>";
		};
		3D4E613523059C3B00F5D1C3 /* BigAbout */ = {
			isa = PBXGroup;
			children = (
				3D4E613623059C3B00F5D1C3 /* BigAboutVController.h */,
				3D4E613723059C3B00F5D1C3 /* BigAboutVController.m */,
			);
			path = BigAbout;
			sourceTree = "<group>";
		};
		3D4E614023059C3B00F5D1C3 /* PNGs */ = {
			isa = PBXGroup;
			children = (
				3D4E614123059C3B00F5D1C3 /* Wood.jpg */,
				3D4E614223059C3C00F5D1C3 /* Wood@2x.jpg */,
			);
			path = PNGs;
			sourceTree = "<group>";
		};
		3D4E614423059C3C00F5D1C3 /* Base.lproj */ = {
			isa = PBXGroup;
			children = (
			);
			name = Base.lproj;
			path = ../../DogSlize/Chouqian/Base.lproj;
			sourceTree = "<group>";
		};
		3D4E614523059C3C00F5D1C3 /* Engines */ = {
			isa = PBXGroup;
			children = (
				3D955D9D230FE321007FDDF1 /* gameengine.h */,
				3D955D9C230FE321007FDDF1 /* gameengine.m */,
				3D4E614D23059C3C00F5D1C3 /* GameSettingMenu */,
				3D4E614623059C3C00F5D1C3 /* SMMNavigationController */,
				3D4E614923059C3C00F5D1C3 /* tooles.h */,
				3D4E615023059C3C00F5D1C3 /* tooles.m */,
				3D4E614A23059C3C00F5D1C3 /* uicolor_hex */,
			);
			path = Engines;
			sourceTree = "<group>";
		};
		3D4E614623059C3C00F5D1C3 /* SMMNavigationController */ = {
			isa = PBXGroup;
			children = (
				3D4E614723059C3C00F5D1C3 /* SMMNavigationController.h */,
				3D4E614823059C3C00F5D1C3 /* SMMNavigationController.m */,
			);
			path = SMMNavigationController;
			sourceTree = "<group>";
		};
		3D4E614A23059C3C00F5D1C3 /* uicolor_hex */ = {
			isa = PBXGroup;
			children = (
				3D4E614B23059C3C00F5D1C3 /* UIColor+Hex.m */,
				3D4E614C23059C3C00F5D1C3 /* UIColor+Hex.h */,
			);
			path = uicolor_hex;
			sourceTree = "<group>";
		};
		3D4E614D23059C3C00F5D1C3 /* GameSettingMenu */ = {
			isa = PBXGroup;
			children = (
				3D4E614E23059C3C00F5D1C3 /* GameSettingViewController.m */,
				3D4E614F23059C3C00F5D1C3 /* GameSettingViewController.h */,
			);
			path = GameSettingMenu;
			sourceTree = "<group>";
		};
		3D4E615123059C3C00F5D1C3 /* zh-Hant.lproj */ = {
			isa = PBXGroup;
			children = (
				3D4E615223059C3C00F5D1C3 /* Localizable.strings */,
				3D4E615423059C3C00F5D1C3 /* InfoPlist.strings */,
			);
			path = "zh-Hant.lproj";
			sourceTree = "<group>";
		};
		3D4E615623059C3C00F5D1C3 /* Sounds */ = {
			isa = PBXGroup;
			children = (
				3D4E615723059C3C00F5D1C3 /* BuyCoin4.caf */,
				3D4E615823059C3C00F5D1C3 /* BuyCoin2.caf */,
				3D4E615923059C3C00F5D1C3 /* theme_coin.mp3 */,
				3D4E615A23059C3C00F5D1C3 /* GameWin.caf */,
				3D4E615B23059C3C00F5D1C3 /* enter.caf */,
			);
			path = Sounds;
			sourceTree = "<group>";
		};
		3D4E615C23059C3D00F5D1C3 /* Texts */ = {
			isa = PBXGroup;
			children = (
				3D4E615D23059C3D00F5D1C3 /* abouten.txt */,
				3D4E615E23059C3D00F5D1C3 /* ss008.png */,
				3D4E615F23059C3D00F5D1C3 /* about.txt */,
				3D4E616023059C3D00F5D1C3 /* ss004.png */,
				3D4E616123059C3D00F5D1C3 /* ss005.png */,
				3D4E616223059C3D00F5D1C3 /* ss007.png */,
				3D4E616323059C3D00F5D1C3 /* ss006.png */,
				3D4E616423059C3D00F5D1C3 /* ss002.png */,
				3D4E616523059C3D00F5D1C3 /* ss003.png */,
				3D4E616623059C3D00F5D1C3 /* aboutzht.txt */,
			);
			path = Texts;
			sourceTree = "<group>";
		};
		3D4E616823059C3D00F5D1C3 /* Images */ = {
			isa = PBXGroup;
			children = (
				3D0E9AEB230AE14100F935A4 /* speak */,
				3D4E6208230A9B1200F5D1C3 /* map */,
				3D4E61F3230A9B1100F5D1C3 /* title */,
				3D4E617A23059C3D00F5D1C3 /* coin0.png */,
				3D4E617B23059C3D00F5D1C3 /* coin1.png */,
				3D4E617E23059C3D00F5D1C3 /* coin2.png */,
				3D4E617D23059C3D00F5D1C3 /* coin3.png */,
				3D4E617923059C3D00F5D1C3 /* coin4.png */,
				3D4E617723059C3D00F5D1C3 /* coin5.png */,
				3D4E617423059C3D00F5D1C3 /* comlogo.png */,
				3D4E616E23059C3D00F5D1C3 /* icon_coin.png */,
				3D4E617C23059C3D00F5D1C3 /* loading.png */,
				3D4E617123059C3D00F5D1C3 /* pagearrow_next.png */,
				3D4E617623059C3D00F5D1C3 /* pagearrow_prev.png */,
				3D4E617323059C3D00F5D1C3 /* upload.png */,
				3D4E616A23059C3D00F5D1C3 /* upload2.png */,
				3D4E616F23059C3D00F5D1C3 /* uploadblack.png */,
				3D4E617023059C3D00F5D1C3 /* uploadblack2.png */,
			);
			path = Images;
			sourceTree = "<group>";
		};
		3D4E61CF2308447800F5D1C3 /* bgm */ = {
			isa = PBXGroup;
			children = (
				3D4E61D32308447800F5D1C3 /* 2201001.mp3 */,
				3D4E61D22308447800F5D1C3 /* 2201002.mp3 */,
				3D4E61D02308447800F5D1C3 /* 2201004.mp3 */,
				3D4E61D12308447800F5D1C3 /* 2201005.mp3 */,
			);
			path = bgm;
			sourceTree = "<group>";
		};
		3D4E61D42308447800F5D1C3 /* sound */ = {
			isa = PBXGroup;
			children = (
				3D4E61D52308447800F5D1C3 /* 2205001.mp3 */,
				3D4E61DE2308447800F5D1C3 /* bgm002.mp3 */,
				3D4E61DD2308447800F5D1C3 /* bgm003.mp3 */,
				3D4E61D72308447800F5D1C3 /* bgm004.mp3 */,
				3D4E61DA2308447800F5D1C3 /* bgm006.mp3 */,
				3D4E61DB2308447800F5D1C3 /* bgm007.mp3 */,
				3D4E61E12308447800F5D1C3 /* bgm009.mp3 */,
				3D4E61D62308447800F5D1C3 /* bgm010.mp3 */,
				3D4E61D92308447800F5D1C3 /* bgm012.mp3 */,
				3D4E61DC2308447800F5D1C3 /* bgm013.mp3 */,
				3D4E61DF2308447800F5D1C3 /* bgm014.mp3 */,
				3D4E61E02308447800F5D1C3 /* bgm015.mp3 */,
				3D4E61D82308447800F5D1C3 /* logo.mp3 */,
			);
			path = sound;
			sourceTree = "<group>";
		};
		3D4E61F3230A9B1100F5D1C3 /* title */ = {
			isa = PBXGroup;
			children = (
				3D4E61F5230A9B1100F5D1C3 /* icon.png */,
				3D4E61F6230A9B1100F5D1C3 /* caution.png */,
				3D4E61F7230A9B1100F5D1C3 /* title.png */,
				3D4E61F8230A9B1100F5D1C3 /* over.png */,
				3D4E61F9230A9B1100F5D1C3 /* anykeytoexit.png */,
				3D4E61FA230A9B1100F5D1C3 /* saveupdata.png */,
				3D4E61FB230A9B1100F5D1C3 /* icon40tw.png */,
				3D4E61FC230A9B1100F5D1C3 /* speakwait.png */,
				3D4E61FD230A9B1100F5D1C3 /* systemcursor.png */,
				3D4E61FE230A9B1100F5D1C3 /* frame320.png */,
				3D4E61FF230A9B1100F5D1C3 /* pushanykey.png */,
				3D4E6200230A9B1100F5D1C3 /* state.png */,
				3D4E6201230A9B1100F5D1C3 /* yesno.png */,
				3D4E6202230A9B1100F5D1C3 /* select.png */,
				3D4E6203230A9B1100F5D1C3 /* story.png */,
				3D4E6204230A9B1100F5D1C3 /* text.png */,
				3D4E6205230A9B1100F5D1C3 /* e7play.png */,
				3D4E6206230A9B1100F5D1C3 /* speakframe_new.png */,
				3D4E6207230A9B1100F5D1C3 /* gold.png */,
			);
			path = title;
			sourceTree = "<group>";
		};
		3D4E6208230A9B1200F5D1C3 /* map */ = {
			isa = PBXGroup;
			children = (
				3D4E621C230A9B1200F5D1C3 /* act_01a.png */,
				3D4E621B230A9B1200F5D1C3 /* act_03.png */,
				3D4E6222230A9B1200F5D1C3 /* act_04.png */,
				3D4E620D230A9B1200F5D1C3 /* bath.png */,
				3D4E6224230A9B1200F5D1C3 /* beach_a.png */,
				3D4E6215230A9B1200F5D1C3 /* beach.png */,
				3D4E6214230A9B1200F5D1C3 /* bg_015.png */,
				3D4E620F230A9B1200F5D1C3 /* down.png */,
				3D4E6210230A9B1200F5D1C3 /* hurt.png */,
				3D4E621E230A9B1200F5D1C3 /* kissing.png */,
				3D4E6212230A9B1200F5D1C3 /* map01002.png */,
				3D4E6213230A9B1200F5D1C3 /* map01002b.png */,
				3D4E6209230A9B1200F5D1C3 /* map01099.png */,
				3D4E620E230A9B1200F5D1C3 /* scene_airport.png */,
				3D4E621F230A9B1200F5D1C3 /* scene_cinema.png */,
				3D4E620B230A9B1200F5D1C3 /* scene_cinema1.png */,
				3D4E620A230A9B1200F5D1C3 /* scene_cinema3.png */,
				3D4E6211230A9B1200F5D1C3 /* scene_hospital.png */,
				3D4E6220230A9B1200F5D1C3 /* scene_room.png */,
				3D4E621A230A9B1200F5D1C3 /* scene_sky_b.png */,
				3D4E6216230A9B1200F5D1C3 /* scene_sky_c.png */,
				3D4E6218230A9B1200F5D1C3 /* scene_work.png */,
				3D4E6217230A9B1200F5D1C3 /* show_title.png */,
				3D4E620C230A9B1200F5D1C3 /* sleep.png */,
				3D4E6223230A9B1200F5D1C3 /* test_home.png */,
				3D4E6221230A9B1200F5D1C3 /* upface.png */,
				3D4E621D230A9B1200F5D1C3 /* Wedding.png */,
				3D4E6219230A9B1200F5D1C3 /* yuri_bikini_b.png */,
				3D4E6255230AE0AF00F5D1C3 /* yuri_date_b.png */,
				3D4E6256230AE0AF00F5D1C3 /* yuri_epron_b.png */,
			);
			path = map;
			sourceTree = "<group>";
		};
		3D836683230438D200457999 = {
			isa = PBXGroup;
			children = (
				3D83668E230438D200457999 /* YouliGirl */,
				3D83668D230438D200457999 /* Products */,
				BB02CFC84283F9112D13E76E /* Pods */,
				A4518A946FF648305F10EF19 /* Frameworks */,
			);
			sourceTree = "<group>";
		};
		3D83668D230438D200457999 /* Products */ = {
			isa = PBXGroup;
			children = (
				3D83668C230438D200457999 /* YouliGirl.app */,
			);
			name = Products;
			sourceTree = "<group>";
		};
		3D83668E230438D200457999 /* YouliGirl */ = {
			isa = PBXGroup;
			children = (
				3D955D8E230ED090007FDDF1 /* en.lproj */,
				3D0E9B1A230AE4EB00F935A4 /* txts */,
				3D4E616723059C3D00F5D1C3 /* AppDelegate.h */,
				3D4E614323059C3C00F5D1C3 /* AppDelegate.m */,
				3D4E614423059C3C00F5D1C3 /* Base.lproj */,
				3D4E611323059C3B00F5D1C3 /* Codes */,
				3D4E613F23059C3B00F5D1C3 /* DogSlize-Prefix.pch */,
				3D4E614523059C3C00F5D1C3 /* Engines */,
				3D4E616823059C3D00F5D1C3 /* Images */,
				3D4E610023059C3A00F5D1C3 /* music */,
				3D4E614023059C3B00F5D1C3 /* PNGs */,
				3D4E611223059C3B00F5D1C3 /* Puzzle-Info.plist */,
				3D4E615623059C3C00F5D1C3 /* Sounds */,
				3D4E615C23059C3D00F5D1C3 /* Texts */,
				3D4E60FB23059C3900F5D1C3 /* zh-Hans.lproj */,
				3D4E615123059C3C00F5D1C3 /* zh-Hant.lproj */,
				3D836695230438D200457999 /* Main.storyboard */,
				3D836698230438D400457999 /* Assets.xcassets */,
				3D83669D230438D400457999 /* Info.plist */,
				3D83669E230438D400457999 /* main.m */,
			);
			path = YouliGirl;
			sourceTree = "<group>";
		};
		3D955D8E230ED090007FDDF1 /* en.lproj */ = {
			isa = PBXGroup;
			children = (
				3D955D8F230ED090007FDDF1 /* Localizable.strings */,
				3D955D91230ED090007FDDF1 /* InfoPlist.strings */,
			);
			path = en.lproj;
			sourceTree = "<group>";
		};
		3D955D98230ED7D8007FDDF1 /* Stories */ = {
			isa = PBXGroup;
			children = (
				3D955D99230EE0CA007FDDF1 /* stories.h */,
				3D955D9A230EE0CA007FDDF1 /* stories.m */,
			);
			path = Stories;
			sourceTree = "<group>";
		};
		A4518A946FF648305F10EF19 /* Frameworks */ = {
			isa = PBXGroup;
			children = (
				F0A4F778B7AA62F0F2A70ED5 /* libPods-YouliGirl.a */,
			);
			name = Frameworks;
			sourceTree = "<group>";
		};
		BB02CFC84283F9112D13E76E /* Pods */ = {
			isa = PBXGroup;
			children = (
				1F302DB17A53BF8AAD2F7637 /* Pods-YouliGirl.debug.xcconfig */,
				6944314182F2B9628589C1A7 /* Pods-YouliGirl.release.xcconfig */,
			);
			path = Pods;
			sourceTree = "<group>";
		};
/* End PBXGroup section */

/* Begin PBXNativeTarget section */
		3D83668B230438D200457999 /* YouliGirl */ = {
			isa = PBXNativeTarget;
			buildConfigurationList = 3D8366A2230438D400457999 /* Build configuration list for PBXNativeTarget "YouliGirl" */;
			buildPhases = (
				B88D61733F1F4D044847A5A2 /* [CP] Check Pods Manifest.lock */,
				3D836688230438D200457999 /* Sources */,
				3D836689230438D200457999 /* Frameworks */,
				3D83668A230438D200457999 /* Resources */,
				C1A2346CFAFF066F022FD866 /* [CP] Copy Pods Resources */,
			);
			buildRules = (
			);
			dependencies = (
			);
			name = YouliGirl;
			productName = YouliGirl;
			productReference = 3D83668C230438D200457999 /* YouliGirl.app */;
			productType = "com.apple.product-type.application";
		};
/* End PBXNativeTarget section */

/* Begin PBXProject section */
		3D836684230438D200457999 /* Project object */ = {
			isa = PBXProject;
			attributes = {
				LastUpgradeCheck = 1030;
				ORGANIZATIONNAME = Sunmingming;
				TargetAttributes = {
					3D83668B230438D200457999 = {
						CreatedOnToolsVersion = 10.3;
					};
				};
			};
			buildConfigurationList = 3D836687230438D200457999 /* Build configuration list for PBXProject "YouliGirl" */;
			compatibilityVersion = "Xcode 9.3";
			developmentRegion = en;
			hasScannedForEncodings = 0;
			knownRegions = (
				en,
				Base,
				"zh-Hans",
				"zh-Hant",
			);
			mainGroup = 3D836683230438D200457999;
			productRefGroup = 3D83668D230438D200457999 /* Products */;
			projectDirPath = "";
			projectRoot = "";
			targets = (
				3D83668B230438D200457999 /* YouliGirl */,
			);
		};
/* End PBXProject section */

/* Begin PBXResourcesBuildPhase section */
		3D83668A230438D200457999 /* Resources */ = {
			isa = PBXResourcesBuildPhase;
			buildActionMask = 2147483647;
			files = (
				3D4E61AB23059C3D00F5D1C3 /* BuyCoin2.caf in Resources */,
				3D0E9B0D230AE14100F935A4 /* face02017.png in Resources */,
				3D4E61EE2308447800F5D1C3 /* bgm003.mp3 in Resources */,
				3D4E6242230A9B1200F5D1C3 /* map01002.png in Resources */,
				3D0E9B17230AE14100F935A4 /* face01004.png in Resources */,
				3D4E61B123059C3D00F5D1C3 /* about.txt in Resources */,
				3D4E618223059C3D00F5D1C3 /* click.mp3 in Resources */,
				3D4E6230230A9B1200F5D1C3 /* pushanykey.png in Resources */,
				3D4E61E42308447800F5D1C3 /* 2201002.mp3 in Resources */,
				3D0E9B07230AE14100F935A4 /* face02007.png in Resources */,
				3D4E61E22308447800F5D1C3 /* 2201004.mp3 in Resources */,
				3D0E9B08230AE14100F935A4 /* face02013.png in Resources */,
				3D4E624F230A9B1200F5D1C3 /* scene_cinema.png in Resources */,
				3D4E6234230A9B1200F5D1C3 /* story.png in Resources */,
				3D4E6243230A9B1200F5D1C3 /* map01002b.png in Resources */,
				3D4E61CD23059C3D00F5D1C3 /* coin3.png in Resources */,
				3D0E9B3B230AE4EC00F935A4 /* 接吻大作战.txt in Resources */,
				3D4E623F230A9B1200F5D1C3 /* down.png in Resources */,
				3D0E9B3C230AE4EC00F935A4 /* 状态.txt in Resources */,
				3D4E61C923059C3D00F5D1C3 /* coin4.png in Resources */,
				3D0E9B0E230AE14100F935A4 /* face02003.png in Resources */,
				3D4E61F02308447800F5D1C3 /* bgm014.mp3 in Resources */,
				3D0E9B0B230AE14100F935A4 /* face02002.png in Resources */,
				3D0E9B06230AE14100F935A4 /* face02011.png in Resources */,
				3D4E61C423059C3D00F5D1C3 /* comlogo.png in Resources */,
				3D4E6249230A9B1200F5D1C3 /* yuri_bikini_b.png in Resources */,
				3D4E61BA23059C3D00F5D1C3 /* upload2.png in Resources */,
				3D4E624C230A9B1200F5D1C3 /* act_01a.png in Resources */,
				3D955D94230ED090007FDDF1 /* InfoPlist.strings in Resources */,
				3D4E6257230AE0AF00F5D1C3 /* yuri_date_b.png in Resources */,
				3D4E6227230A9B1200F5D1C3 /* caution.png in Resources */,
				3D0E9B15230AE14100F935A4 /* face01001.png in Resources */,
				3D0E9B40230AE4EC00F935A4 /* 剧本_10电话.txt in Resources */,
				3D4E622C230A9B1200F5D1C3 /* icon40tw.png in Resources */,
				3D0E9B3E230AE4EC00F935A4 /* 剧本_08月经.txt in Resources */,
				3D4E61AD23059C3D00F5D1C3 /* GameWin.caf in Resources */,
				3D4E624E230A9B1200F5D1C3 /* kissing.png in Resources */,
				3D4E61B423059C3D00F5D1C3 /* ss007.png in Resources */,
				3D4E61B323059C3D00F5D1C3 /* ss005.png in Resources */,
				3D4E61CE23059C3D00F5D1C3 /* coin2.png in Resources */,
				3D0E9B37230AE4EC00F935A4 /* 结局.txt in Resources */,
				3D4E6248230A9B1200F5D1C3 /* scene_work.png in Resources */,
				3D4E61E82308447800F5D1C3 /* bgm004.mp3 in Resources */,
				3D4E6236230A9B1200F5D1C3 /* e7play.png in Resources */,
				3D0E9B14230AE14100F935A4 /* face01002.png in Resources */,
				3D4E61EA2308447800F5D1C3 /* bgm012.mp3 in Resources */,
				3D4E6238230A9B1200F5D1C3 /* gold.png in Resources */,
				3D0E9B19230AE14100F935A4 /* face01007.png in Resources */,
				3D0E9B2F230AE4EC00F935A4 /* 剧本_20最后一天.txt in Resources */,
				3D0E9B13230AE14100F935A4 /* face02009.png in Resources */,
				3D4E61CC23059C3D00F5D1C3 /* loading.png in Resources */,
				3D4E61ED2308447800F5D1C3 /* bgm013.mp3 in Resources */,
				3D0E9B18230AE14100F935A4 /* face01006.png in Resources */,
				3D4E6244230A9B1200F5D1C3 /* bg_015.png in Resources */,
				3D4E61EC2308447800F5D1C3 /* bgm007.mp3 in Resources */,
				3D4E617F23059C3D00F5D1C3 /* Localizable.strings in Resources */,
				3D4E61E92308447800F5D1C3 /* logo.mp3 in Resources */,
				3D4E623E230A9B1200F5D1C3 /* scene_airport.png in Resources */,
				3D4E624B230A9B1200F5D1C3 /* act_03.png in Resources */,
				3D4E6240230A9B1200F5D1C3 /* hurt.png in Resources */,
				3D4E619923059C3D00F5D1C3 /* MainCollectionCell.xib in Resources */,
				3D4E624A230A9B1200F5D1C3 /* scene_sky_b.png in Resources */,
				3D4E6232230A9B1200F5D1C3 /* yesno.png in Resources */,
				3D4E618323059C3D00F5D1C3 /* splash.mp3 in Resources */,
				3D4E6241230A9B1200F5D1C3 /* scene_hospital.png in Resources */,
				3D4E6231230A9B1200F5D1C3 /* state.png in Resources */,
				3D4E623D230A9B1200F5D1C3 /* bath.png in Resources */,
				3D4E61EF2308447800F5D1C3 /* bgm002.mp3 in Resources */,
				3D0E9B30230AE4EC00F935A4 /* 剧本_09志愿.txt in Resources */,
				3D4E619C23059C3D00F5D1C3 /* Launch Screen.storyboard in Resources */,
				3D4E6251230A9B1200F5D1C3 /* upface.png in Resources */,
				3D0E9B3F230AE4EC00F935A4 /* 日历.txt in Resources */,
				3D0E9B33230AE4EC00F935A4 /* 剧本_06电影.txt in Resources */,
				3D0E9B35230AE4EC00F935A4 /* 剧本_07事故.txt in Resources */,
				3D0E9B0A230AE14100F935A4 /* face02006.png in Resources */,
				3D4E61CA23059C3D00F5D1C3 /* coin0.png in Resources */,
				3D4E61AA23059C3D00F5D1C3 /* BuyCoin4.caf in Resources */,
				3D4E61E72308447800F5D1C3 /* bgm010.mp3 in Resources */,
				3D0E9B0F230AE14100F935A4 /* face020010.png in Resources */,
				3D4E61C023059C3D00F5D1C3 /* uploadblack2.png in Resources */,
				3D4E61E52308447800F5D1C3 /* 2201001.mp3 in Resources */,
				3D4E622D230A9B1200F5D1C3 /* speakwait.png in Resources */,
				3D955D93230ED090007FDDF1 /* Localizable.strings in Resources */,
				3D4E61A923059C3D00F5D1C3 /* InfoPlist.strings in Resources */,
				3D4E6247230A9B1200F5D1C3 /* show_title.png in Resources */,
				3D4E6245230A9B1200F5D1C3 /* beach.png in Resources */,
				3D4E618C23059C3D00F5D1C3 /* Puzzle-Info.plist in Resources */,
				3D4E6252230A9B1200F5D1C3 /* act_04.png in Resources */,
				3D0E9B11230AE14100F935A4 /* face02014.png in Resources */,
				3D836699230438D400457999 /* Assets.xcassets in Resources */,
				3D4E61C323059C3D00F5D1C3 /* upload.png in Resources */,
				3D4E61AE23059C3D00F5D1C3 /* enter.caf in Resources */,
				3D4E61C123059C3D00F5D1C3 /* pagearrow_next.png in Resources */,
				3D0E9B38230AE4EC00F935A4 /* 剧本_01出浴.txt in Resources */,
				3D0E9B0C230AE14100F935A4 /* face02016.png in Resources */,
				3D836697230438D200457999 /* Main.storyboard in Resources */,
				3D0E9B39230AE4EC00F935A4 /* 剧本_04设计.txt in Resources */,
				3D4E622A230A9B1200F5D1C3 /* anykeytoexit.png in Resources */,
				3D0E9B32230AE4EC00F935A4 /* 剧本_03过去.txt in Resources */,
				3D4E61A123059C3D00F5D1C3 /* Wood.jpg in Resources */,
				3D4E61F22308447800F5D1C3 /* bgm009.mp3 in Resources */,
				3D0E9B03230AE14100F935A4 /* face02010.png in Resources */,
				3D4E6235230A9B1200F5D1C3 /* text.png in Resources */,
				3D4E622E230A9B1200F5D1C3 /* systemcursor.png in Resources */,
				3D4E6246230A9B1200F5D1C3 /* scene_sky_c.png in Resources */,
				3D0E9B04230AE14100F935A4 /* face02004.png in Resources */,
				3D4E6239230A9B1200F5D1C3 /* map01099.png in Resources */,
				3D0E9B12230AE14100F935A4 /* face02008.png in Resources */,
				3D4E61B723059C3D00F5D1C3 /* ss003.png in Resources */,
				3D4E622F230A9B1200F5D1C3 /* frame320.png in Resources */,
				3D0E9B2E230AE4EC00F935A4 /* 剧本_08.5贫血.txt in Resources */,
				3D0E9B10230AE14100F935A4 /* face02015.png in Resources */,
				3D4E61A823059C3D00F5D1C3 /* Localizable.strings in Resources */,
				3D0E9B05230AE14100F935A4 /* face02005.png in Resources */,
				3D4E61E62308447800F5D1C3 /* 2205001.mp3 in Resources */,
				3D4E6233230A9B1200F5D1C3 /* select.png in Resources */,
				3D4E61A223059C3D00F5D1C3 /* Wood@2x.jpg in Resources */,
				3D4E61C723059C3D00F5D1C3 /* coin5.png in Resources */,
				3D4E618523059C3D00F5D1C3 /* sound_puzzle.mp3 in Resources */,
				3D4E623A230A9B1200F5D1C3 /* scene_cinema3.png in Resources */,
				3D4E61B223059C3D00F5D1C3 /* ss004.png in Resources */,
				3D4E618023059C3D00F5D1C3 /* InfoPlist.strings in Resources */,
				3D4E61B023059C3D00F5D1C3 /* ss008.png in Resources */,
				3D4E6229230A9B1200F5D1C3 /* over.png in Resources */,
				3D4E618423059C3D00F5D1C3 /* canon.mp3 in Resources */,
				3D4E61EB2308447800F5D1C3 /* bgm006.mp3 in Resources */,
				3D4E6258230AE0AF00F5D1C3 /* yuri_epron_b.png in Resources */,
				3D4E622B230A9B1200F5D1C3 /* saveupdata.png in Resources */,
				3D0E9B3A230AE4EC00F935A4 /* 剧本_05用功.txt in Resources */,
				3D0E9B09230AE14100F935A4 /* face02012.png in Resources */,
				3D0E9B3D230AE4EC00F935A4 /* 剧本_02征寄.txt in Resources */,
				3D4E61BE23059C3D00F5D1C3 /* icon_coin.png in Resources */,
				3D4E623B230A9B1200F5D1C3 /* scene_cinema1.png in Resources */,
				3D4E61B823059C3D00F5D1C3 /* aboutzht.txt in Resources */,
				3D4E6254230A9B1200F5D1C3 /* beach_a.png in Resources */,
				3D4E61B623059C3D00F5D1C3 /* ss002.png in Resources */,
				3D4E6228230A9B1200F5D1C3 /* title.png in Resources */,
				3D0E9B16230AE14100F935A4 /* face01005.png in Resources */,
				3D4E6253230A9B1200F5D1C3 /* test_home.png in Resources */,
				3D4E6250230A9B1200F5D1C3 /* scene_room.png in Resources */,
				3D0E9B36230AE4EC00F935A4 /* 星空的祈祷.txt in Resources */,
				3D4E61CB23059C3D00F5D1C3 /* coin1.png in Resources */,
				3D4E61E32308447800F5D1C3 /* 2201005.mp3 in Resources */,
				3D4E61F12308447800F5D1C3 /* bgm015.mp3 in Resources */,
				3D4E618123059C3D00F5D1C3 /* level.mp3 in Resources */,
				3D0E9B31230AE4EC00F935A4 /* 花嫁之梦.txt in Resources */,
				3D4E61C623059C3D00F5D1C3 /* pagearrow_prev.png in Resources */,
				3D4E6237230A9B1200F5D1C3 /* speakframe_new.png in Resources */,
				3D4E61AF23059C3D00F5D1C3 /* abouten.txt in Resources */,
				3D4E61B523059C3D00F5D1C3 /* ss006.png in Resources */,
				3D4E6226230A9B1200F5D1C3 /* icon.png in Resources */,
				3D0E9B34230AE4EC00F935A4 /* 剧本_00.txt in Resources */,
				3D4E61BF23059C3D00F5D1C3 /* uploadblack.png in Resources */,
				3D4E61AC23059C3D00F5D1C3 /* theme_coin.mp3 in Resources */,
				3D4E623C230A9B1200F5D1C3 /* sleep.png in Resources */,
				3D4E624D230A9B1200F5D1C3 /* Wedding.png in Resources */,
				3D4E618623059C3D00F5D1C3 /* shake.wav in Resources */,
			);
			runOnlyForDeploymentPostprocessing = 0;
		};
/* End PBXResourcesBuildPhase section */

/* Begin PBXShellScriptBuildPhase section */
		B88D61733F1F4D044847A5A2 /* [CP] Check Pods Manifest.lock */ = {
			isa = PBXShellScriptBuildPhase;
			buildActionMask = 2147483647;
			files = (
			);
			inputFileListPaths = (
			);
			inputPaths = (
				"${PODS_PODFILE_DIR_PATH}/Podfile.lock",
				"${PODS_ROOT}/Manifest.lock",
			);
			name = "[CP] Check Pods Manifest.lock";
			outputFileListPaths = (
			);
			outputPaths = (
				"$(DERIVED_FILE_DIR)/Pods-YouliGirl-checkManifestLockResult.txt",
			);
			runOnlyForDeploymentPostprocessing = 0;
			shellPath = /bin/sh;
			shellScript = "diff \"${PODS_PODFILE_DIR_PATH}/Podfile.lock\" \"${PODS_ROOT}/Manifest.lock\" > /dev/null\nif [ $? != 0 ] ; then\n    # print error to STDERR\n    echo \"error: The sandbox is not in sync with the Podfile.lock. Run 'pod install' or update your CocoaPods installation.\" >&2\n    exit 1\nfi\n# This output is used by Xcode 'outputs' to avoid re-running this script phase.\necho \"SUCCESS\" > \"${SCRIPT_OUTPUT_FILE_0}\"\n";
			showEnvVarsInLog = 0;
		};
		C1A2346CFAFF066F022FD866 /* [CP] Copy Pods Resources */ = {
			isa = PBXShellScriptBuildPhase;
			buildActionMask = 2147483647;
			files = (
			);
			inputFileListPaths = (
				"${PODS_ROOT}/Target Support Files/Pods-YouliGirl/Pods-YouliGirl-resources-${CONFIGURATION}-input-files.xcfilelist",
			);
			name = "[CP] Copy Pods Resources";
			outputFileListPaths = (
				"${PODS_ROOT}/Target Support Files/Pods-YouliGirl/Pods-YouliGirl-resources-${CONFIGURATION}-output-files.xcfilelist",
			);
			runOnlyForDeploymentPostprocessing = 0;
			shellPath = /bin/sh;
			shellScript = "\"${PODS_ROOT}/Target Support Files/Pods-YouliGirl/Pods-YouliGirl-resources.sh\"\n";
			showEnvVarsInLog = 0;
		};
/* End PBXShellScriptBuildPhase section */

/* Begin PBXSourcesBuildPhase section */
		3D836688230438D200457999 /* Sources */ = {
			isa = PBXSourcesBuildPhase;
			buildActionMask = 2147483647;
			files = (
				3D4E619623059C3D00F5D1C3 /* BigLevelsVController.m in Sources */,
				3D4E618D23059C3D00F5D1C3 /* DBImageItem.m in Sources */,
				3D4E61A323059C3D00F5D1C3 /* AppDelegate.m in Sources */,
				3D694811230C1681009D6DAC /* YLStartViewController.m in Sources */,
				3D955D9E230FE321007FDDF1 /* gameengine.m in Sources */,
				3D83669F230438D400457999 /* main.m in Sources */,
				3D4E619D23059C3D00F5D1C3 /* BigAboutVController.m in Sources */,
				3D4E61A423059C3D00F5D1C3 /* SMMNavigationController.m in Sources */,
				3D4E618E23059C3D00F5D1C3 /* DBSaveItem.m in Sources */,
				3D4E61A723059C3D00F5D1C3 /* tooles.m in Sources */,
				3D955D97230ED3AA007FDDF1 /* MainGameViewController.m in Sources */,
				3D4E61A623059C3D00F5D1C3 /* GameSettingViewController.m in Sources */,
				3D955D9B230EE0CA007FDDF1 /* stories.m in Sources */,
				3D4E619523059C3D00F5D1C3 /* BigStoreVController.m in Sources */,
				3D4E61A523059C3D00F5D1C3 /* UIColor+Hex.m in Sources */,
				3D4E618F23059C3D00F5D1C3 /* DBCacheItem.m in Sources */,
			);
			runOnlyForDeploymentPostprocessing = 0;
		};
/* End PBXSourcesBuildPhase section */

/* Begin PBXVariantGroup section */
		3D4E60FC23059C3900F5D1C3 /* Localizable.strings */ = {
			isa = PBXVariantGroup;
			children = (
				3D4E60FD23059C3900F5D1C3 /* zh-Hans */,
			);
			name = Localizable.strings;
			sourceTree = "<group>";
		};
		3D4E60FE23059C3900F5D1C3 /* InfoPlist.strings */ = {
			isa = PBXVariantGroup;
			children = (
				3D4E60FF23059C3900F5D1C3 /* zh-Hans */,
			);
			name = InfoPlist.strings;
			sourceTree = "<group>";
		};
		3D4E615223059C3C00F5D1C3 /* Localizable.strings */ = {
			isa = PBXVariantGroup;
			children = (
				3D4E615323059C3C00F5D1C3 /* zh-Hant */,
			);
			name = Localizable.strings;
			sourceTree = "<group>";
		};
		3D4E615423059C3C00F5D1C3 /* InfoPlist.strings */ = {
			isa = PBXVariantGroup;
			children = (
				3D4E615523059C3C00F5D1C3 /* zh-Hant */,
			);
			name = InfoPlist.strings;
			sourceTree = "<group>";
		};
		3D836695230438D200457999 /* Main.storyboard */ = {
			isa = PBXVariantGroup;
			children = (
				3D836696230438D200457999 /* Base */,
			);
			name = Main.storyboard;
			sourceTree = "<group>";
		};
		3D955D8F230ED090007FDDF1 /* Localizable.strings */ = {
			isa = PBXVariantGroup;
			children = (
				3D955D90230ED090007FDDF1 /* en */,
			);
			name = Localizable.strings;
			sourceTree = "<group>";
		};
		3D955D91230ED090007FDDF1 /* InfoPlist.strings */ = {
			isa = PBXVariantGroup;
			children = (
				3D955D92230ED090007FDDF1 /* en */,
			);
			name = InfoPlist.strings;
			sourceTree = "<group>";
		};
/* End PBXVariantGroup section */

/* Begin XCBuildConfiguration section */
		3D8366A0230438D400457999 /* Debug */ = {
			isa = XCBuildConfiguration;
			buildSettings = {
				ALWAYS_SEARCH_USER_PATHS = NO;
				CLANG_ANALYZER_NONNULL = YES;
				CLANG_ANALYZER_NUMBER_OBJECT_CONVERSION = YES_AGGRESSIVE;
				CLANG_CXX_LANGUAGE_STANDARD = "gnu++14";
				CLANG_CXX_LIBRARY = "libc++";
				CLANG_ENABLE_MODULES = YES;
				CLANG_ENABLE_OBJC_ARC = YES;
				CLANG_ENABLE_OBJC_WEAK = YES;
				CLANG_WARN_BLOCK_CAPTURE_AUTORELEASING = YES;
				CLANG_WARN_BOOL_CONVERSION = YES;
				CLANG_WARN_COMMA = YES;
				CLANG_WARN_CONSTANT_CONVERSION = YES;
				CLANG_WARN_DEPRECATED_OBJC_IMPLEMENTATIONS = YES;
				CLANG_WARN_DIRECT_OBJC_ISA_USAGE = YES_ERROR;
				CLANG_WARN_DOCUMENTATION_COMMENTS = YES;
				CLANG_WARN_EMPTY_BODY = YES;
				CLANG_WARN_ENUM_CONVERSION = YES;
				CLANG_WARN_INFINITE_RECURSION = YES;
				CLANG_WARN_INT_CONVERSION = YES;
				CLANG_WARN_NON_LITERAL_NULL_CONVERSION = YES;
				CLANG_WARN_OBJC_IMPLICIT_RETAIN_SELF = YES;
				CLANG_WARN_OBJC_LITERAL_CONVERSION = YES;
				CLANG_WARN_OBJC_ROOT_CLASS = YES_ERROR;
				CLANG_WARN_RANGE_LOOP_ANALYSIS = YES;
				CLANG_WARN_STRICT_PROTOTYPES = YES;
				CLANG_WARN_SUSPICIOUS_MOVE = YES;
				CLANG_WARN_UNGUARDED_AVAILABILITY = YES_AGGRESSIVE;
				CLANG_WARN_UNREACHABLE_CODE = YES;
				CLANG_WARN__DUPLICATE_METHOD_MATCH = YES;
				CODE_SIGN_IDENTITY = "iPhone Developer";
				COPY_PHASE_STRIP = NO;
				DEBUG_INFORMATION_FORMAT = dwarf;
				ENABLE_STRICT_OBJC_MSGSEND = YES;
				ENABLE_TESTABILITY = YES;
				GCC_C_LANGUAGE_STANDARD = gnu11;
				GCC_DYNAMIC_NO_PIC = NO;
				GCC_NO_COMMON_BLOCKS = YES;
				GCC_OPTIMIZATION_LEVEL = 0;
				GCC_PREPROCESSOR_DEFINITIONS = (
					"DEBUG=1",
					"$(inherited)",
				);
				GCC_WARN_64_TO_32_BIT_CONVERSION = YES;
				GCC_WARN_ABOUT_RETURN_TYPE = YES_ERROR;
				GCC_WARN_UNDECLARED_SELECTOR = YES;
				GCC_WARN_UNINITIALIZED_AUTOS = YES_AGGRESSIVE;
				GCC_WARN_UNUSED_FUNCTION = YES;
				GCC_WARN_UNUSED_VARIABLE = YES;
				IPHONEOS_DEPLOYMENT_TARGET = 12.4;
				MTL_ENABLE_DEBUG_INFO = INCLUDE_SOURCE;
				MTL_FAST_MATH = YES;
				ONLY_ACTIVE_ARCH = YES;
				SDKROOT = iphoneos;
			};
			name = Debug;
		};
		3D8366A1230438D400457999 /* Release */ = {
			isa = XCBuildConfiguration;
			buildSettings = {
				ALWAYS_SEARCH_USER_PATHS = NO;
				CLANG_ANALYZER_NONNULL = YES;
				CLANG_ANALYZER_NUMBER_OBJECT_CONVERSION = YES_AGGRESSIVE;
				CLANG_CXX_LANGUAGE_STANDARD = "gnu++14";
				CLANG_CXX_LIBRARY = "libc++";
				CLANG_ENABLE_MODULES = YES;
				CLANG_ENABLE_OBJC_ARC = YES;
				CLANG_ENABLE_OBJC_WEAK = YES;
				CLANG_WARN_BLOCK_CAPTURE_AUTORELEASING = YES;
				CLANG_WARN_BOOL_CONVERSION = YES;
				CLANG_WARN_COMMA = YES;
				CLANG_WARN_CONSTANT_CONVERSION = YES;
				CLANG_WARN_DEPRECATED_OBJC_IMPLEMENTATIONS = YES;
				CLANG_WARN_DIRECT_OBJC_ISA_USAGE = YES_ERROR;
				CLANG_WARN_DOCUMENTATION_COMMENTS = YES;
				CLANG_WARN_EMPTY_BODY = YES;
				CLANG_WARN_ENUM_CONVERSION = YES;
				CLANG_WARN_INFINITE_RECURSION = YES;
				CLANG_WARN_INT_CONVERSION = YES;
				CLANG_WARN_NON_LITERAL_NULL_CONVERSION = YES;
				CLANG_WARN_OBJC_IMPLICIT_RETAIN_SELF = YES;
				CLANG_WARN_OBJC_LITERAL_CONVERSION = YES;
				CLANG_WARN_OBJC_ROOT_CLASS = YES_ERROR;
				CLANG_WARN_RANGE_LOOP_ANALYSIS = YES;
				CLANG_WARN_STRICT_PROTOTYPES = YES;
				CLANG_WARN_SUSPICIOUS_MOVE = YES;
				CLANG_WARN_UNGUARDED_AVAILABILITY = YES_AGGRESSIVE;
				CLANG_WARN_UNREACHABLE_CODE = YES;
				CLANG_WARN__DUPLICATE_METHOD_MATCH = YES;
				CODE_SIGN_IDENTITY = "iPhone Developer";
				COPY_PHASE_STRIP = NO;
				DEBUG_INFORMATION_FORMAT = "dwarf-with-dsym";
				ENABLE_NS_ASSERTIONS = NO;
				ENABLE_STRICT_OBJC_MSGSEND = YES;
				GCC_C_LANGUAGE_STANDARD = gnu11;
				GCC_NO_COMMON_BLOCKS = YES;
				GCC_WARN_64_TO_32_BIT_CONVERSION = YES;
				GCC_WARN_ABOUT_RETURN_TYPE = YES_ERROR;
				GCC_WARN_UNDECLARED_SELECTOR = YES;
				GCC_WARN_UNINITIALIZED_AUTOS = YES_AGGRESSIVE;
				GCC_WARN_UNUSED_FUNCTION = YES;
				GCC_WARN_UNUSED_VARIABLE = YES;
				IPHONEOS_DEPLOYMENT_TARGET = 12.4;
				MTL_ENABLE_DEBUG_INFO = NO;
				MTL_FAST_MATH = YES;
				SDKROOT = iphoneos;
				VALIDATE_PRODUCT = YES;
			};
			name = Release;
		};
		3D8366A3230438D400457999 /* Debug */ = {
			isa = XCBuildConfiguration;
			baseConfigurationReference = 1F302DB17A53BF8AAD2F7637 /* Pods-YouliGirl.debug.xcconfig */;
			buildSettings = {
				ASSETCATALOG_COMPILER_APPICON_NAME = AppIcon;
				CODE_SIGN_STYLE = Automatic;
				DEVELOPMENT_TEAM = R3K6235STN;
				GCC_PREFIX_HEADER = "YouliGirl/DogSlize-Prefix.pch";
				INFOPLIST_FILE = YouliGirl/Info.plist;
				IPHONEOS_DEPLOYMENT_TARGET = 10.0;
				LD_RUNPATH_SEARCH_PATHS = (
					"$(inherited)",
					"@executable_path/Frameworks",
				);
				PRODUCT_BUNDLE_IDENTIFIER = Slize.YouliGirl;
				PRODUCT_NAME = "$(TARGET_NAME)";
				TARGETED_DEVICE_FAMILY = 1;
			};
			name = Debug;
		};
		3D8366A4230438D400457999 /* Release */ = {
			isa = XCBuildConfiguration;
			baseConfigurationReference = 6944314182F2B9628589C1A7 /* Pods-YouliGirl.release.xcconfig */;
			buildSettings = {
				ASSETCATALOG_COMPILER_APPICON_NAME = AppIcon;
				CODE_SIGN_STYLE = Automatic;
				DEVELOPMENT_TEAM = R3K6235STN;
				GCC_PREFIX_HEADER = "YouliGirl/DogSlize-Prefix.pch";
				INFOPLIST_FILE = YouliGirl/Info.plist;
				IPHONEOS_DEPLOYMENT_TARGET = 10.0;
				LD_RUNPATH_SEARCH_PATHS = (
					"$(inherited)",
					"@executable_path/Frameworks",
				);
				PRODUCT_BUNDLE_IDENTIFIER = Slize.YouliGirl;
				PRODUCT_NAME = "$(TARGET_NAME)";
				TARGETED_DEVICE_FAMILY = 1;
			};
			name = Release;
		};
/* End XCBuildConfiguration section */

/* Begin XCConfigurationList section */
		3D836687230438D200457999 /* Build configuration list for PBXProject "YouliGirl" */ = {
			isa = XCConfigurationList;
			buildConfigurations = (
				3D8366A0230438D400457999 /* Debug */,
				3D8366A1230438D400457999 /* Release */,
			);
			defaultConfigurationIsVisible = 0;
			defaultConfigurationName = Release;
		};
		3D8366A2230438D400457999 /* Build configuration list for PBXNativeTarget "YouliGirl" */ = {
			isa = XCConfigurationList;
			buildConfigurations = (
				3D8366A3230438D400457999 /* Debug */,
				3D8366A4230438D400457999 /* Release */,
			);
			defaultConfigurationIsVisible = 0;
			defaultConfigurationName = Release;
		};
/* End XCConfigurationList section */
	};
	rootObject = 3D836684230438D200457999 /* Project object */;
}
