// !$*UTF8*$!
{
	archiveVersion = 1;
	classes = {
	};
	objectVersion = 51;
	objects = {

/* Begin PBXBuildFile section */
		3D4E617F23059C3D00F5D1C3 /* Localizable.strings in Resources */ = {isa = PBXBuildFile; fileRef = 3D4E60FC23059C3900F5D1C3 /* Localizable.strings */; };
		3D4E618023059C3D00F5D1C3 /* InfoPlist.strings in Resources */ = {isa = PBXBuildFile; fileRef = 3D4E60FE23059C3900F5D1C3 /* InfoPlist.strings */; };
		3D4E618123059C3D00F5D1C3 /* level.mp3 in Resources */ = {isa = PBXBuildFile; fileRef = 3D4E610123059C3A00F5D1C3 /* level.mp3 */; };
		3D4E618223059C3D00F5D1C3 /* click.mp3 in Resources */ = {isa = PBXBuildFile; fileRef = 3D4E610223059C3A00F5D1C3 /* click.mp3 */; };
		3D4E618323059C3D00F5D1C3 /* splash.mp3 in Resources */ = {isa = PBXBuildFile; fileRef = 3D4E610323059C3A00F5D1C3 /* splash.mp3 */; };
		3D4E618423059C3D00F5D1C3 /* canon.mp3 in Resources */ = {isa = PBXBuildFile; fileRef = 3D4E610423059C3A00F5D1C3 /* canon.mp3 */; };
		3D4E618523059C3D00F5D1C3 /* sound_puzzle.mp3 in Resources */ = {isa = PBXBuildFile; fileRef = 3D4E610523059C3A00F5D1C3 /* sound_puzzle.mp3 */; };
		3D4E618623059C3D00F5D1C3 /* shake.wav in Resources */ = {isa = PBXBuildFile; fileRef = 3D4E610623059C3A00F5D1C3 /* shake.wav */; };
		3D4E618723059C3D00F5D1C3 /* Localizable.strings in Resources */ = {isa = PBXBuildFile; fileRef = 3D4E610823059C3A00F5D1C3 /* Localizable.strings */; };
		3D4E618823059C3D00F5D1C3 /* InfoPlist.strings in Resources */ = {isa = PBXBuildFile; fileRef = 3D4E610A23059C3A00F5D1C3 /* InfoPlist.strings */; };
		3D4E618A23059C3D00F5D1C3 /* GroupView.m in Sources */ = {isa = PBXBuildFile; fileRef = 3D4E610E23059C3B00F5D1C3 /* GroupView.m */; };
		3D4E618B23059C3D00F5D1C3 /* PieceView.m in Sources */ = {isa = PBXBuildFile; fileRef = 3D4E611123059C3B00F5D1C3 /* PieceView.m */; };
		3D4E618C23059C3D00F5D1C3 /* Puzzle-Info.plist in Resources */ = {isa = PBXBuildFile; fileRef = 3D4E611223059C3B00F5D1C3 /* Puzzle-Info.plist */; };
		3D4E618D23059C3D00F5D1C3 /* DBImageItem.m in Sources */ = {isa = PBXBuildFile; fileRef = 3D4E611523059C3B00F5D1C3 /* DBImageItem.m */; };
		3D4E618E23059C3D00F5D1C3 /* DBSaveItem.m in Sources */ = {isa = PBXBuildFile; fileRef = 3D4E611623059C3B00F5D1C3 /* DBSaveItem.m */; };
		3D4E618F23059C3D00F5D1C3 /* DBCacheItem.m in Sources */ = {isa = PBXBuildFile; fileRef = 3D4E611923059C3B00F5D1C3 /* DBCacheItem.m */; };
		3D4E619523059C3D00F5D1C3 /* BigStoreVController.m in Sources */ = {isa = PBXBuildFile; fileRef = 3D4E612523059C3B00F5D1C3 /* BigStoreVController.m */; };
		3D4E619623059C3D00F5D1C3 /* BigLevelsVController.m in Sources */ = {isa = PBXBuildFile; fileRef = 3D4E612A23059C3B00F5D1C3 /* BigLevelsVController.m */; };
		3D4E619723059C3D00F5D1C3 /* RainbowVController.m in Sources */ = {isa = PBXBuildFile; fileRef = 3D4E612B23059C3B00F5D1C3 /* RainbowVController.m */; };
		3D4E619823059C3D00F5D1C3 /* TMStartViewController.m in Sources */ = {isa = PBXBuildFile; fileRef = 3D4E612C23059C3B00F5D1C3 /* TMStartViewController.m */; };
		3D4E619923059C3D00F5D1C3 /* MainCollectionCell.xib in Resources */ = {isa = PBXBuildFile; fileRef = 3D4E612E23059C3B00F5D1C3 /* MainCollectionCell.xib */; };
		3D4E619A23059C3D00F5D1C3 /* PuzzleController.m in Sources */ = {isa = PBXBuildFile; fileRef = 3D4E613023059C3B00F5D1C3 /* PuzzleController.m */; };
		3D4E619B23059C3D00F5D1C3 /* PuzzleCompletedController.m in Sources */ = {isa = PBXBuildFile; fileRef = 3D4E613223059C3B00F5D1C3 /* PuzzleCompletedController.m */; };
		3D4E619C23059C3D00F5D1C3 /* Launch Screen.storyboard in Resources */ = {isa = PBXBuildFile; fileRef = 3D4E613423059C3B00F5D1C3 /* Launch Screen.storyboard */; };
		3D4E619D23059C3D00F5D1C3 /* BigAboutVController.m in Sources */ = {isa = PBXBuildFile; fileRef = 3D4E613723059C3B00F5D1C3 /* BigAboutVController.m */; };
		3D4E619E23059C3D00F5D1C3 /* Lattice.m in Sources */ = {isa = PBXBuildFile; fileRef = 3D4E613A23059C3B00F5D1C3 /* Lattice.m */; };
		3D4E619F23059C3D00F5D1C3 /* CreatePuzzleOperation.m in Sources */ = {isa = PBXBuildFile; fileRef = 3D4E613B23059C3B00F5D1C3 /* CreatePuzzleOperation.m */; };
		3D4E61A023059C3D00F5D1C3 /* UIImage+CWAdditions.m in Sources */ = {isa = PBXBuildFile; fileRef = 3D4E613C23059C3B00F5D1C3 /* UIImage+CWAdditions.m */; };
		3D4E61A123059C3D00F5D1C3 /* Wood.jpg in Resources */ = {isa = PBXBuildFile; fileRef = 3D4E614123059C3B00F5D1C3 /* Wood.jpg */; };
		3D4E61A223059C3D00F5D1C3 /* Wood@2x.jpg in Resources */ = {isa = PBXBuildFile; fileRef = 3D4E614223059C3C00F5D1C3 /* Wood@2x.jpg */; };
		3D4E61A323059C3D00F5D1C3 /* AppDelegate.m in Sources */ = {isa = PBXBuildFile; fileRef = 3D4E614323059C3C00F5D1C3 /* AppDelegate.m */; };
		3D4E61A423059C3D00F5D1C3 /* SMMNavigationController.m in Sources */ = {isa = PBXBuildFile; fileRef = 3D4E614823059C3C00F5D1C3 /* SMMNavigationController.m */; };
		3D4E61A523059C3D00F5D1C3 /* UIColor+Hex.m in Sources */ = {isa = PBXBuildFile; fileRef = 3D4E614B23059C3C00F5D1C3 /* UIColor+Hex.m */; };
		3D4E61A623059C3D00F5D1C3 /* GameSettingViewController.m in Sources */ = {isa = PBXBuildFile; fileRef = 3D4E614E23059C3C00F5D1C3 /* GameSettingViewController.m */; };
		3D4E61A723059C3D00F5D1C3 /* tooles.m in Sources */ = {isa = PBXBuildFile; fileRef = 3D4E615023059C3C00F5D1C3 /* tooles.m */; };
		3D4E61A823059C3D00F5D1C3 /* Localizable.strings in Resources */ = {isa = PBXBuildFile; fileRef = 3D4E615223059C3C00F5D1C3 /* Localizable.strings */; };
		3D4E61A923059C3D00F5D1C3 /* InfoPlist.strings in Resources */ = {isa = PBXBuildFile; fileRef = 3D4E615423059C3C00F5D1C3 /* InfoPlist.strings */; };
		3D4E61AA23059C3D00F5D1C3 /* BuyCoin4.caf in Resources */ = {isa = PBXBuildFile; fileRef = 3D4E615723059C3C00F5D1C3 /* BuyCoin4.caf */; };
		3D4E61AB23059C3D00F5D1C3 /* BuyCoin2.caf in Resources */ = {isa = PBXBuildFile; fileRef = 3D4E615823059C3C00F5D1C3 /* BuyCoin2.caf */; };
		3D4E61AC23059C3D00F5D1C3 /* theme_coin.mp3 in Resources */ = {isa = PBXBuildFile; fileRef = 3D4E615923059C3C00F5D1C3 /* theme_coin.mp3 */; };
		3D4E61AD23059C3D00F5D1C3 /* GameWin.caf in Resources */ = {isa = PBXBuildFile; fileRef = 3D4E615A23059C3C00F5D1C3 /* GameWin.caf */; };
		3D4E61AE23059C3D00F5D1C3 /* enter.caf in Resources */ = {isa = PBXBuildFile; fileRef = 3D4E615B23059C3C00F5D1C3 /* enter.caf */; };
		3D4E61AF23059C3D00F5D1C3 /* abouten.txt in Resources */ = {isa = PBXBuildFile; fileRef = 3D4E615D23059C3D00F5D1C3 /* abouten.txt */; };
		3D4E61B023059C3D00F5D1C3 /* ss008.png in Resources */ = {isa = PBXBuildFile; fileRef = 3D4E615E23059C3D00F5D1C3 /* ss008.png */; };
		3D4E61B123059C3D00F5D1C3 /* about.txt in Resources */ = {isa = PBXBuildFile; fileRef = 3D4E615F23059C3D00F5D1C3 /* about.txt */; };
		3D4E61B223059C3D00F5D1C3 /* ss004.png in Resources */ = {isa = PBXBuildFile; fileRef = 3D4E616023059C3D00F5D1C3 /* ss004.png */; };
		3D4E61B323059C3D00F5D1C3 /* ss005.png in Resources */ = {isa = PBXBuildFile; fileRef = 3D4E616123059C3D00F5D1C3 /* ss005.png */; };
		3D4E61B423059C3D00F5D1C3 /* ss007.png in Resources */ = {isa = PBXBuildFile; fileRef = 3D4E616223059C3D00F5D1C3 /* ss007.png */; };
		3D4E61B523059C3D00F5D1C3 /* ss006.png in Resources */ = {isa = PBXBuildFile; fileRef = 3D4E616323059C3D00F5D1C3 /* ss006.png */; };
		3D4E61B623059C3D00F5D1C3 /* ss002.png in Resources */ = {isa = PBXBuildFile; fileRef = 3D4E616423059C3D00F5D1C3 /* ss002.png */; };
		3D4E61B723059C3D00F5D1C3 /* ss003.png in Resources */ = {isa = PBXBuildFile; fileRef = 3D4E616523059C3D00F5D1C3 /* ss003.png */; };
		3D4E61B823059C3D00F5D1C3 /* aboutzht.txt in Resources */ = {isa = PBXBuildFile; fileRef = 3D4E616623059C3D00F5D1C3 /* aboutzht.txt */; };
		3D4E61B923059C3D00F5D1C3 /* level_star_dark.png in Resources */ = {isa = PBXBuildFile; fileRef = 3D4E616923059C3D00F5D1C3 /* level_star_dark.png */; };
		3D4E61BA23059C3D00F5D1C3 /* upload2.png in Resources */ = {isa = PBXBuildFile; fileRef = 3D4E616A23059C3D00F5D1C3 /* upload2.png */; };
		3D4E61BB23059C3D00F5D1C3 /* bg_dialog_long.png in Resources */ = {isa = PBXBuildFile; fileRef = 3D4E616B23059C3D00F5D1C3 /* bg_dialog_long.png */; };
		3D4E61BC23059C3D00F5D1C3 /* level_star_lock.png in Resources */ = {isa = PBXBuildFile; fileRef = 3D4E616C23059C3D00F5D1C3 /* level_star_lock.png */; };
		3D4E61BD23059C3D00F5D1C3 /* coins_box.png in Resources */ = {isa = PBXBuildFile; fileRef = 3D4E616D23059C3D00F5D1C3 /* coins_box.png */; };
		3D4E61BE23059C3D00F5D1C3 /* icon_coin.png in Resources */ = {isa = PBXBuildFile; fileRef = 3D4E616E23059C3D00F5D1C3 /* icon_coin.png */; };
		3D4E61BF23059C3D00F5D1C3 /* uploadblack.png in Resources */ = {isa = PBXBuildFile; fileRef = 3D4E616F23059C3D00F5D1C3 /* uploadblack.png */; };
		3D4E61C023059C3D00F5D1C3 /* uploadblack2.png in Resources */ = {isa = PBXBuildFile; fileRef = 3D4E617023059C3D00F5D1C3 /* uploadblack2.png */; };
		3D4E61C123059C3D00F5D1C3 /* pagearrow_next.png in Resources */ = {isa = PBXBuildFile; fileRef = 3D4E617123059C3D00F5D1C3 /* pagearrow_next.png */; };
		3D4E61C223059C3D00F5D1C3 /* btn_add_coins.png in Resources */ = {isa = PBXBuildFile; fileRef = 3D4E617223059C3D00F5D1C3 /* btn_add_coins.png */; };
		3D4E61C323059C3D00F5D1C3 /* upload.png in Resources */ = {isa = PBXBuildFile; fileRef = 3D4E617323059C3D00F5D1C3 /* upload.png */; };
		3D4E61C423059C3D00F5D1C3 /* comlogo.png in Resources */ = {isa = PBXBuildFile; fileRef = 3D4E617423059C3D00F5D1C3 /* comlogo.png */; };
		3D4E61C523059C3D00F5D1C3 /* level_star.png in Resources */ = {isa = PBXBuildFile; fileRef = 3D4E617523059C3D00F5D1C3 /* level_star.png */; };
		3D4E61C623059C3D00F5D1C3 /* pagearrow_prev.png in Resources */ = {isa = PBXBuildFile; fileRef = 3D4E617623059C3D00F5D1C3 /* pagearrow_prev.png */; };
		3D4E61C723059C3D00F5D1C3 /* coin5.png in Resources */ = {isa = PBXBuildFile; fileRef = 3D4E617723059C3D00F5D1C3 /* coin5.png */; };
		3D4E61C823059C3D00F5D1C3 /* titleLogo.png in Resources */ = {isa = PBXBuildFile; fileRef = 3D4E617823059C3D00F5D1C3 /* titleLogo.png */; };
		3D4E61C923059C3D00F5D1C3 /* coin4.png in Resources */ = {isa = PBXBuildFile; fileRef = 3D4E617923059C3D00F5D1C3 /* coin4.png */; };
		3D4E61CA23059C3D00F5D1C3 /* coin0.png in Resources */ = {isa = PBXBuildFile; fileRef = 3D4E617A23059C3D00F5D1C3 /* coin0.png */; };
		3D4E61CB23059C3D00F5D1C3 /* coin1.png in Resources */ = {isa = PBXBuildFile; fileRef = 3D4E617B23059C3D00F5D1C3 /* coin1.png */; };
		3D4E61CC23059C3D00F5D1C3 /* loading.png in Resources */ = {isa = PBXBuildFile; fileRef = 3D4E617C23059C3D00F5D1C3 /* loading.png */; };
		3D4E61CD23059C3D00F5D1C3 /* coin3.png in Resources */ = {isa = PBXBuildFile; fileRef = 3D4E617D23059C3D00F5D1C3 /* coin3.png */; };
		3D4E61CE23059C3D00F5D1C3 /* coin2.png in Resources */ = {isa = PBXBuildFile; fileRef = 3D4E617E23059C3D00F5D1C3 /* coin2.png */; };
		3D836697230438D200457999 /* Main.storyboard in Resources */ = {isa = PBXBuildFile; fileRef = 3D836695230438D200457999 /* Main.storyboard */; };
		3D836699230438D400457999 /* Assets.xcassets in Resources */ = {isa = PBXBuildFile; fileRef = 3D836698230438D400457999 /* Assets.xcassets */; };
		3D83669C230438D400457999 /* LaunchScreen.storyboard in Resources */ = {isa = PBXBuildFile; fileRef = 3D83669A230438D400457999 /* LaunchScreen.storyboard */; };
		3D83669F230438D400457999 /* main.m in Sources */ = {isa = PBXBuildFile; fileRef = 3D83669E230438D400457999 /* main.m */; };
		A656F04806618853013903BA /* libPods-YouliGirl.a in Frameworks */ = {isa = PBXBuildFile; fileRef = F0A4F778B7AA62F0F2A70ED5 /* libPods-YouliGirl.a */; };
/* End PBXBuildFile section */

/* Begin PBXFileReference section */
		1F302DB17A53BF8AAD2F7637 /* Pods-YouliGirl.debug.xcconfig */ = {isa = PBXFileReference; includeInIndex = 1; lastKnownFileType = text.xcconfig; name = "Pods-YouliGirl.debug.xcconfig"; path = "Target Support Files/Pods-YouliGirl/Pods-YouliGirl.debug.xcconfig"; sourceTree = "<group>"; };
		3D4E60FD23059C3900F5D1C3 /* zh-Hans */ = {isa = PBXFileReference; lastKnownFileType = text.plist.strings; name = "zh-Hans"; path = Localizable.strings; sourceTree = "<group>"; };
		3D4E60FF23059C3900F5D1C3 /* zh-Hans */ = {isa = PBXFileReference; lastKnownFileType = text.plist.strings; name = "zh-Hans"; path = InfoPlist.strings; sourceTree = "<group>"; };
		3D4E610123059C3A00F5D1C3 /* level.mp3 */ = {isa = PBXFileReference; lastKnownFileType = audio.mp3; path = level.mp3; sourceTree = "<group>"; };
		3D4E610223059C3A00F5D1C3 /* click.mp3 */ = {isa = PBXFileReference; lastKnownFileType = audio.mp3; path = click.mp3; sourceTree = "<group>"; };
		3D4E610323059C3A00F5D1C3 /* splash.mp3 */ = {isa = PBXFileReference; lastKnownFileType = audio.mp3; path = splash.mp3; sourceTree = "<group>"; };
		3D4E610423059C3A00F5D1C3 /* canon.mp3 */ = {isa = PBXFileReference; lastKnownFileType = audio.mp3; path = canon.mp3; sourceTree = "<group>"; };
		3D4E610523059C3A00F5D1C3 /* sound_puzzle.mp3 */ = {isa = PBXFileReference; lastKnownFileType = audio.mp3; path = sound_puzzle.mp3; sourceTree = "<group>"; };
		3D4E610623059C3A00F5D1C3 /* shake.wav */ = {isa = PBXFileReference; lastKnownFileType = audio.wav; path = shake.wav; sourceTree = "<group>"; };
		3D4E610923059C3A00F5D1C3 /* en */ = {isa = PBXFileReference; lastKnownFileType = text.plist.strings; name = en; path = Localizable.strings; sourceTree = "<group>"; };
		3D4E610B23059C3A00F5D1C3 /* en */ = {isa = PBXFileReference; lastKnownFileType = text.plist.strings; name = en; path = InfoPlist.strings; sourceTree = "<group>"; };
		3D4E610E23059C3B00F5D1C3 /* GroupView.m */ = {isa = PBXFileReference; fileEncoding = 4; lastKnownFileType = sourcecode.c.objc; path = GroupView.m; sourceTree = "<group>"; };
		3D4E610F23059C3B00F5D1C3 /* PieceView.h */ = {isa = PBXFileReference; fileEncoding = 4; lastKnownFileType = sourcecode.c.h; path = PieceView.h; sourceTree = "<group>"; };
		3D4E611023059C3B00F5D1C3 /* GroupView.h */ = {isa = PBXFileReference; fileEncoding = 4; lastKnownFileType = sourcecode.c.h; path = GroupView.h; sourceTree = "<group>"; };
		3D4E611123059C3B00F5D1C3 /* PieceView.m */ = {isa = PBXFileReference; fileEncoding = 4; lastKnownFileType = sourcecode.c.objc; path = PieceView.m; sourceTree = "<group>"; };
		3D4E611223059C3B00F5D1C3 /* Puzzle-Info.plist */ = {isa = PBXFileReference; fileEncoding = 4; lastKnownFileType = text.plist.xml; path = "Puzzle-Info.plist"; sourceTree = "<group>"; };
		3D4E611523059C3B00F5D1C3 /* DBImageItem.m */ = {isa = PBXFileReference; fileEncoding = 4; lastKnownFileType = sourcecode.c.objc; path = DBImageItem.m; sourceTree = "<group>"; };
		3D4E611623059C3B00F5D1C3 /* DBSaveItem.m */ = {isa = PBXFileReference; fileEncoding = 4; lastKnownFileType = sourcecode.c.objc; path = DBSaveItem.m; sourceTree = "<group>"; };
		3D4E611723059C3B00F5D1C3 /* DBCacheItem.h */ = {isa = PBXFileReference; fileEncoding = 4; lastKnownFileType = sourcecode.c.h; path = DBCacheItem.h; sourceTree = "<group>"; };
		3D4E611823059C3B00F5D1C3 /* DBImageItem.h */ = {isa = PBXFileReference; fileEncoding = 4; lastKnownFileType = sourcecode.c.h; path = DBImageItem.h; sourceTree = "<group>"; };
		3D4E611923059C3B00F5D1C3 /* DBCacheItem.m */ = {isa = PBXFileReference; fileEncoding = 4; lastKnownFileType = sourcecode.c.objc; path = DBCacheItem.m; sourceTree = "<group>"; };
		3D4E611A23059C3B00F5D1C3 /* DBSaveItem.h */ = {isa = PBXFileReference; fileEncoding = 4; lastKnownFileType = sourcecode.c.h; path = DBSaveItem.h; sourceTree = "<group>"; };
		3D4E612523059C3B00F5D1C3 /* BigStoreVController.m */ = {isa = PBXFileReference; fileEncoding = 4; lastKnownFileType = sourcecode.c.objc; path = BigStoreVController.m; sourceTree = "<group>"; };
		3D4E612623059C3B00F5D1C3 /* BigStoreVController.h */ = {isa = PBXFileReference; fileEncoding = 4; lastKnownFileType = sourcecode.c.h; path = BigStoreVController.h; sourceTree = "<group>"; };
		3D4E612823059C3B00F5D1C3 /* TMStartViewController.h */ = {isa = PBXFileReference; fileEncoding = 4; lastKnownFileType = sourcecode.c.h; path = TMStartViewController.h; sourceTree = "<group>"; };
		3D4E612923059C3B00F5D1C3 /* RainbowVController.h */ = {isa = PBXFileReference; fileEncoding = 4; lastKnownFileType = sourcecode.c.h; path = RainbowVController.h; sourceTree = "<group>"; };
		3D4E612A23059C3B00F5D1C3 /* BigLevelsVController.m */ = {isa = PBXFileReference; fileEncoding = 4; lastKnownFileType = sourcecode.c.objc; path = BigLevelsVController.m; sourceTree = "<group>"; };
		3D4E612B23059C3B00F5D1C3 /* RainbowVController.m */ = {isa = PBXFileReference; fileEncoding = 4; lastKnownFileType = sourcecode.c.objc; path = RainbowVController.m; sourceTree = "<group>"; };
		3D4E612C23059C3B00F5D1C3 /* TMStartViewController.m */ = {isa = PBXFileReference; fileEncoding = 4; lastKnownFileType = sourcecode.c.objc; path = TMStartViewController.m; sourceTree = "<group>"; };
		3D4E612D23059C3B00F5D1C3 /* BigLevelsVController.h */ = {isa = PBXFileReference; fileEncoding = 4; lastKnownFileType = sourcecode.c.h; path = BigLevelsVController.h; sourceTree = "<group>"; };
		3D4E612E23059C3B00F5D1C3 /* MainCollectionCell.xib */ = {isa = PBXFileReference; fileEncoding = 4; lastKnownFileType = file.xib; path = MainCollectionCell.xib; sourceTree = "<group>"; };
		3D4E613023059C3B00F5D1C3 /* PuzzleController.m */ = {isa = PBXFileReference; fileEncoding = 4; lastKnownFileType = sourcecode.c.objc; path = PuzzleController.m; sourceTree = "<group>"; };
		3D4E613123059C3B00F5D1C3 /* PuzzleCompletedController.h */ = {isa = PBXFileReference; fileEncoding = 4; lastKnownFileType = sourcecode.c.h; path = PuzzleCompletedController.h; sourceTree = "<group>"; };
		3D4E613223059C3B00F5D1C3 /* PuzzleCompletedController.m */ = {isa = PBXFileReference; fileEncoding = 4; lastKnownFileType = sourcecode.c.objc; path = PuzzleCompletedController.m; sourceTree = "<group>"; };
		3D4E613323059C3B00F5D1C3 /* PuzzleController.h */ = {isa = PBXFileReference; fileEncoding = 4; lastKnownFileType = sourcecode.c.h; path = PuzzleController.h; sourceTree = "<group>"; };
		3D4E613423059C3B00F5D1C3 /* Launch Screen.storyboard */ = {isa = PBXFileReference; fileEncoding = 4; lastKnownFileType = file.storyboard; path = "Launch Screen.storyboard"; sourceTree = "<group>"; };
		3D4E613623059C3B00F5D1C3 /* BigAboutVController.h */ = {isa = PBXFileReference; fileEncoding = 4; lastKnownFileType = sourcecode.c.h; path = BigAboutVController.h; sourceTree = "<group>"; };
		3D4E613723059C3B00F5D1C3 /* BigAboutVController.m */ = {isa = PBXFileReference; fileEncoding = 4; lastKnownFileType = sourcecode.c.objc; path = BigAboutVController.m; sourceTree = "<group>"; };
		3D4E613923059C3B00F5D1C3 /* UIImage+CWAdditions.h */ = {isa = PBXFileReference; fileEncoding = 4; lastKnownFileType = sourcecode.c.h; path = "UIImage+CWAdditions.h"; sourceTree = "<group>"; };
		3D4E613A23059C3B00F5D1C3 /* Lattice.m */ = {isa = PBXFileReference; fileEncoding = 4; lastKnownFileType = sourcecode.c.objc; path = Lattice.m; sourceTree = "<group>"; };
		3D4E613B23059C3B00F5D1C3 /* CreatePuzzleOperation.m */ = {isa = PBXFileReference; fileEncoding = 4; lastKnownFileType = sourcecode.c.objc; path = CreatePuzzleOperation.m; sourceTree = "<group>"; };
		3D4E613C23059C3B00F5D1C3 /* UIImage+CWAdditions.m */ = {isa = PBXFileReference; fileEncoding = 4; lastKnownFileType = sourcecode.c.objc; path = "UIImage+CWAdditions.m"; sourceTree = "<group>"; };
		3D4E613D23059C3B00F5D1C3 /* CreatePuzzleOperation.h */ = {isa = PBXFileReference; fileEncoding = 4; lastKnownFileType = sourcecode.c.h; path = CreatePuzzleOperation.h; sourceTree = "<group>"; };
		3D4E613E23059C3B00F5D1C3 /* Lattice.h */ = {isa = PBXFileReference; fileEncoding = 4; lastKnownFileType = sourcecode.c.h; path = Lattice.h; sourceTree = "<group>"; };
		3D4E613F23059C3B00F5D1C3 /* DogSlize-Prefix.pch */ = {isa = PBXFileReference; fileEncoding = 4; lastKnownFileType = sourcecode.c.h; path = "DogSlize-Prefix.pch"; sourceTree = "<group>"; };
		3D4E614123059C3B00F5D1C3 /* Wood.jpg */ = {isa = PBXFileReference; lastKnownFileType = image.jpeg; path = Wood.jpg; sourceTree = "<group>"; };
		3D4E614223059C3C00F5D1C3 /* Wood@2x.jpg */ = {isa = PBXFileReference; lastKnownFileType = image.jpeg; path = "Wood@2x.jpg"; sourceTree = "<group>"; };
		3D4E614323059C3C00F5D1C3 /* AppDelegate.m */ = {isa = PBXFileReference; fileEncoding = 4; lastKnownFileType = sourcecode.c.objc; path = AppDelegate.m; sourceTree = "<group>"; };
		3D4E614723059C3C00F5D1C3 /* SMMNavigationController.h */ = {isa = PBXFileReference; fileEncoding = 4; lastKnownFileType = sourcecode.c.h; path = SMMNavigationController.h; sourceTree = "<group>"; };
		3D4E614823059C3C00F5D1C3 /* SMMNavigationController.m */ = {isa = PBXFileReference; fileEncoding = 4; lastKnownFileType = sourcecode.c.objc; path = SMMNavigationController.m; sourceTree = "<group>"; };
		3D4E614923059C3C00F5D1C3 /* tooles.h */ = {isa = PBXFileReference; fileEncoding = 4; lastKnownFileType = sourcecode.c.h; path = tooles.h; sourceTree = "<group>"; };
		3D4E614B23059C3C00F5D1C3 /* UIColor+Hex.m */ = {isa = PBXFileReference; fileEncoding = 4; lastKnownFileType = sourcecode.c.objc; path = "UIColor+Hex.m"; sourceTree = "<group>"; };
		3D4E614C23059C3C00F5D1C3 /* UIColor+Hex.h */ = {isa = PBXFileReference; fileEncoding = 4; lastKnownFileType = sourcecode.c.h; path = "UIColor+Hex.h"; sourceTree = "<group>"; };
		3D4E614E23059C3C00F5D1C3 /* GameSettingViewController.m */ = {isa = PBXFileReference; fileEncoding = 4; lastKnownFileType = sourcecode.c.objc; path = GameSettingViewController.m; sourceTree = "<group>"; };
		3D4E614F23059C3C00F5D1C3 /* GameSettingViewController.h */ = {isa = PBXFileReference; fileEncoding = 4; lastKnownFileType = sourcecode.c.h; path = GameSettingViewController.h; sourceTree = "<group>"; };
		3D4E615023059C3C00F5D1C3 /* tooles.m */ = {isa = PBXFileReference; fileEncoding = 4; lastKnownFileType = sourcecode.c.objc; path = tooles.m; sourceTree = "<group>"; };
		3D4E615323059C3C00F5D1C3 /* zh-Hant */ = {isa = PBXFileReference; lastKnownFileType = text.plist.strings; name = "zh-Hant"; path = Localizable.strings; sourceTree = "<group>"; };
		3D4E615523059C3C00F5D1C3 /* zh-Hant */ = {isa = PBXFileReference; lastKnownFileType = text.plist.strings; name = "zh-Hant"; path = InfoPlist.strings; sourceTree = "<group>"; };
		3D4E615723059C3C00F5D1C3 /* BuyCoin4.caf */ = {isa = PBXFileReference; lastKnownFileType = file; path = BuyCoin4.caf; sourceTree = "<group>"; };
		3D4E615823059C3C00F5D1C3 /* BuyCoin2.caf */ = {isa = PBXFileReference; lastKnownFileType = file; path = BuyCoin2.caf; sourceTree = "<group>"; };
		3D4E615923059C3C00F5D1C3 /* theme_coin.mp3 */ = {isa = PBXFileReference; lastKnownFileType = audio.mp3; path = theme_coin.mp3; sourceTree = "<group>"; };
		3D4E615A23059C3C00F5D1C3 /* GameWin.caf */ = {isa = PBXFileReference; lastKnownFileType = file; path = GameWin.caf; sourceTree = "<group>"; };
		3D4E615B23059C3C00F5D1C3 /* enter.caf */ = {isa = PBXFileReference; lastKnownFileType = file; path = enter.caf; sourceTree = "<group>"; };
		3D4E615D23059C3D00F5D1C3 /* abouten.txt */ = {isa = PBXFileReference; fileEncoding = 4; lastKnownFileType = text; path = abouten.txt; sourceTree = "<group>"; };
		3D4E615E23059C3D00F5D1C3 /* ss008.png */ = {isa = PBXFileReference; lastKnownFileType = image.png; path = ss008.png; sourceTree = "<group>"; };
		3D4E615F23059C3D00F5D1C3 /* about.txt */ = {isa = PBXFileReference; fileEncoding = 4; lastKnownFileType = text; path = about.txt; sourceTree = "<group>"; };
		3D4E616023059C3D00F5D1C3 /* ss004.png */ = {isa = PBXFileReference; lastKnownFileType = image.png; path = ss004.png; sourceTree = "<group>"; };
		3D4E616123059C3D00F5D1C3 /* ss005.png */ = {isa = PBXFileReference; lastKnownFileType = image.png; path = ss005.png; sourceTree = "<group>"; };
		3D4E616223059C3D00F5D1C3 /* ss007.png */ = {isa = PBXFileReference; lastKnownFileType = image.png; path = ss007.png; sourceTree = "<group>"; };
		3D4E616323059C3D00F5D1C3 /* ss006.png */ = {isa = PBXFileReference; lastKnownFileType = image.png; path = ss006.png; sourceTree = "<group>"; };
		3D4E616423059C3D00F5D1C3 /* ss002.png */ = {isa = PBXFileReference; lastKnownFileType = image.png; path = ss002.png; sourceTree = "<group>"; };
		3D4E616523059C3D00F5D1C3 /* ss003.png */ = {isa = PBXFileReference; lastKnownFileType = image.png; path = ss003.png; sourceTree = "<group>"; };
		3D4E616623059C3D00F5D1C3 /* aboutzht.txt */ = {isa = PBXFileReference; fileEncoding = 4; lastKnownFileType = text; path = aboutzht.txt; sourceTree = "<group>"; };
		3D4E616723059C3D00F5D1C3 /* AppDelegate.h */ = {isa = PBXFileReference; fileEncoding = 4; lastKnownFileType = sourcecode.c.h; path = AppDelegate.h; sourceTree = "<group>"; };
		3D4E616923059C3D00F5D1C3 /* level_star_dark.png */ = {isa = PBXFileReference; lastKnownFileType = image.png; path = level_star_dark.png; sourceTree = "<group>"; };
		3D4E616A23059C3D00F5D1C3 /* upload2.png */ = {isa = PBXFileReference; lastKnownFileType = image.png; path = upload2.png; sourceTree = "<group>"; };
		3D4E616B23059C3D00F5D1C3 /* bg_dialog_long.png */ = {isa = PBXFileReference; lastKnownFileType = image.png; path = bg_dialog_long.png; sourceTree = "<group>"; };
		3D4E616C23059C3D00F5D1C3 /* level_star_lock.png */ = {isa = PBXFileReference; lastKnownFileType = image.png; path = level_star_lock.png; sourceTree = "<group>"; };
		3D4E616D23059C3D00F5D1C3 /* coins_box.png */ = {isa = PBXFileReference; lastKnownFileType = image.png; path = coins_box.png; sourceTree = "<group>"; };
		3D4E616E23059C3D00F5D1C3 /* icon_coin.png */ = {isa = PBXFileReference; lastKnownFileType = image.png; path = icon_coin.png; sourceTree = "<group>"; };
		3D4E616F23059C3D00F5D1C3 /* uploadblack.png */ = {isa = PBXFileReference; lastKnownFileType = image.png; path = uploadblack.png; sourceTree = "<group>"; };
		3D4E617023059C3D00F5D1C3 /* uploadblack2.png */ = {isa = PBXFileReference; lastKnownFileType = image.png; path = uploadblack2.png; sourceTree = "<group>"; };
		3D4E617123059C3D00F5D1C3 /* pagearrow_next.png */ = {isa = PBXFileReference; lastKnownFileType = image.png; path = pagearrow_next.png; sourceTree = "<group>"; };
		3D4E617223059C3D00F5D1C3 /* btn_add_coins.png */ = {isa = PBXFileReference; lastKnownFileType = image.png; path = btn_add_coins.png; sourceTree = "<group>"; };
		3D4E617323059C3D00F5D1C3 /* upload.png */ = {isa = PBXFileReference; lastKnownFileType = image.png; path = upload.png; sourceTree = "<group>"; };
		3D4E617423059C3D00F5D1C3 /* comlogo.png */ = {isa = PBXFileReference; lastKnownFileType = image.png; path = comlogo.png; sourceTree = "<group>"; };
		3D4E617523059C3D00F5D1C3 /* level_star.png */ = {isa = PBXFileReference; lastKnownFileType = image.png; path = level_star.png; sourceTree = "<group>"; };
		3D4E617623059C3D00F5D1C3 /* pagearrow_prev.png */ = {isa = PBXFileReference; lastKnownFileType = image.png; path = pagearrow_prev.png; sourceTree = "<group>"; };
		3D4E617723059C3D00F5D1C3 /* coin5.png */ = {isa = PBXFileReference; lastKnownFileType = image.png; path = coin5.png; sourceTree = "<group>"; };
		3D4E617823059C3D00F5D1C3 /* titleLogo.png */ = {isa = PBXFileReference; lastKnownFileType = image.png; path = titleLogo.png; sourceTree = "<group>"; };
		3D4E617923059C3D00F5D1C3 /* coin4.png */ = {isa = PBXFileReference; lastKnownFileType = image.png; path = coin4.png; sourceTree = "<group>"; };
		3D4E617A23059C3D00F5D1C3 /* coin0.png */ = {isa = PBXFileReference; lastKnownFileType = image.png; path = coin0.png; sourceTree = "<group>"; };
		3D4E617B23059C3D00F5D1C3 /* coin1.png */ = {isa = PBXFileReference; lastKnownFileType = image.png; path = coin1.png; sourceTree = "<group>"; };
		3D4E617C23059C3D00F5D1C3 /* loading.png */ = {isa = PBXFileReference; lastKnownFileType = image.png; path = loading.png; sourceTree = "<group>"; };
		3D4E617D23059C3D00F5D1C3 /* coin3.png */ = {isa = PBXFileReference; lastKnownFileType = image.png; path = coin3.png; sourceTree = "<group>"; };
		3D4E617E23059C3D00F5D1C3 /* coin2.png */ = {isa = PBXFileReference; lastKnownFileType = image.png; path = coin2.png; sourceTree = "<group>"; };
		3D83668C230438D200457999 /* YouliGirl.app */ = {isa = PBXFileReference; explicitFileType = wrapper.application; includeInIndex = 0; path = YouliGirl.app; sourceTree = BUILT_PRODUCTS_DIR; };
		3D836696230438D200457999 /* Base */ = {isa = PBXFileReference; lastKnownFileType = file.storyboard; name = Base; path = Base.lproj/Main.storyboard; sourceTree = "<group>"; };
		3D836698230438D400457999 /* Assets.xcassets */ = {isa = PBXFileReference; lastKnownFileType = folder.assetcatalog; path = Assets.xcassets; sourceTree = "<group>"; };
		3D83669B230438D400457999 /* Base */ = {isa = PBXFileReference; lastKnownFileType = file.storyboard; name = Base; path = Base.lproj/LaunchScreen.storyboard; sourceTree = "<group>"; };
		3D83669D230438D400457999 /* Info.plist */ = {isa = PBXFileReference; lastKnownFileType = text.plist.xml; path = Info.plist; sourceTree = "<group>"; };
		3D83669E230438D400457999 /* main.m */ = {isa = PBXFileReference; lastKnownFileType = sourcecode.c.objc; path = main.m; sourceTree = "<group>"; };
		6944314182F2B9628589C1A7 /* Pods-YouliGirl.release.xcconfig */ = {isa = PBXFileReference; includeInIndex = 1; lastKnownFileType = text.xcconfig; name = "Pods-YouliGirl.release.xcconfig"; path = "Target Support Files/Pods-YouliGirl/Pods-YouliGirl.release.xcconfig"; sourceTree = "<group>"; };
		F0A4F778B7AA62F0F2A70ED5 /* libPods-YouliGirl.a */ = {isa = PBXFileReference; explicitFileType = archive.ar; includeInIndex = 0; path = "libPods-YouliGirl.a"; sourceTree = BUILT_PRODUCTS_DIR; };
/* End PBXFileReference section */

/* Begin PBXFrameworksBuildPhase section */
		3D836689230438D200457999 /* Frameworks */ = {
			isa = PBXFrameworksBuildPhase;
			buildActionMask = 2147483647;
			files = (
				A656F04806618853013903BA /* libPods-YouliGirl.a in Frameworks */,
			);
			runOnlyForDeploymentPostprocessing = 0;
		};
/* End PBXFrameworksBuildPhase section */

/* Begin PBXGroup section */
		3D4E60FB23059C3900F5D1C3 /* zh-Hans.lproj */ = {
			isa = PBXGroup;
			children = (
				3D4E60FC23059C3900F5D1C3 /* Localizable.strings */,
				3D4E60FE23059C3900F5D1C3 /* InfoPlist.strings */,
			);
			path = "zh-Hans.lproj";
			sourceTree = "<group>";
		};
		3D4E610023059C3A00F5D1C3 /* music */ = {
			isa = PBXGroup;
			children = (
				3D4E610123059C3A00F5D1C3 /* level.mp3 */,
				3D4E610223059C3A00F5D1C3 /* click.mp3 */,
				3D4E610323059C3A00F5D1C3 /* splash.mp3 */,
				3D4E610423059C3A00F5D1C3 /* canon.mp3 */,
				3D4E610523059C3A00F5D1C3 /* sound_puzzle.mp3 */,
				3D4E610623059C3A00F5D1C3 /* shake.wav */,
			);
			path = music;
			sourceTree = "<group>";
		};
		3D4E610723059C3A00F5D1C3 /* en.lproj */ = {
			isa = PBXGroup;
			children = (
				3D4E610823059C3A00F5D1C3 /* Localizable.strings */,
				3D4E610A23059C3A00F5D1C3 /* InfoPlist.strings */,
			);
			path = en.lproj;
			sourceTree = "<group>";
		};
		3D4E610D23059C3B00F5D1C3 /* Views */ = {
			isa = PBXGroup;
			children = (
				3D4E610E23059C3B00F5D1C3 /* GroupView.m */,
				3D4E610F23059C3B00F5D1C3 /* PieceView.h */,
				3D4E611023059C3B00F5D1C3 /* GroupView.h */,
				3D4E611123059C3B00F5D1C3 /* PieceView.m */,
			);
			path = Views;
			sourceTree = "<group>";
		};
		3D4E611323059C3B00F5D1C3 /* Codes */ = {
			isa = PBXGroup;
			children = (
				3D4E611423059C3B00F5D1C3 /* DBItems */,
				3D4E612423059C3B00F5D1C3 /* BigStore */,
				3D4E612723059C3B00F5D1C3 /* BigLevels */,
				3D4E612F23059C3B00F5D1C3 /* Game */,
				3D4E613423059C3B00F5D1C3 /* Launch Screen.storyboard */,
				3D4E613523059C3B00F5D1C3 /* BigAbout */,
				3D4E613823059C3B00F5D1C3 /* GameLogic */,
			);
			path = Codes;
			sourceTree = "<group>";
		};
		3D4E611423059C3B00F5D1C3 /* DBItems */ = {
			isa = PBXGroup;
			children = (
				3D4E611523059C3B00F5D1C3 /* DBImageItem.m */,
				3D4E611623059C3B00F5D1C3 /* DBSaveItem.m */,
				3D4E611723059C3B00F5D1C3 /* DBCacheItem.h */,
				3D4E611823059C3B00F5D1C3 /* DBImageItem.h */,
				3D4E611923059C3B00F5D1C3 /* DBCacheItem.m */,
				3D4E611A23059C3B00F5D1C3 /* DBSaveItem.h */,
			);
			path = DBItems;
			sourceTree = "<group>";
		};
		3D4E612423059C3B00F5D1C3 /* BigStore */ = {
			isa = PBXGroup;
			children = (
				3D4E612523059C3B00F5D1C3 /* BigStoreVController.m */,
				3D4E612623059C3B00F5D1C3 /* BigStoreVController.h */,
			);
			path = BigStore;
			sourceTree = "<group>";
		};
		3D4E612723059C3B00F5D1C3 /* BigLevels */ = {
			isa = PBXGroup;
			children = (
				3D4E612823059C3B00F5D1C3 /* TMStartViewController.h */,
				3D4E612923059C3B00F5D1C3 /* RainbowVController.h */,
				3D4E612A23059C3B00F5D1C3 /* BigLevelsVController.m */,
				3D4E612B23059C3B00F5D1C3 /* RainbowVController.m */,
				3D4E612C23059C3B00F5D1C3 /* TMStartViewController.m */,
				3D4E612D23059C3B00F5D1C3 /* BigLevelsVController.h */,
				3D4E612E23059C3B00F5D1C3 /* MainCollectionCell.xib */,
			);
			path = BigLevels;
			sourceTree = "<group>";
		};
		3D4E612F23059C3B00F5D1C3 /* Game */ = {
			isa = PBXGroup;
			children = (
				3D4E613023059C3B00F5D1C3 /* PuzzleController.m */,
				3D4E613123059C3B00F5D1C3 /* PuzzleCompletedController.h */,
				3D4E613223059C3B00F5D1C3 /* PuzzleCompletedController.m */,
				3D4E613323059C3B00F5D1C3 /* PuzzleController.h */,
			);
			path = Game;
			sourceTree = "<group>";
		};
		3D4E613523059C3B00F5D1C3 /* BigAbout */ = {
			isa = PBXGroup;
			children = (
				3D4E613623059C3B00F5D1C3 /* BigAboutVController.h */,
				3D4E613723059C3B00F5D1C3 /* BigAboutVController.m */,
			);
			path = BigAbout;
			sourceTree = "<group>";
		};
		3D4E613823059C3B00F5D1C3 /* GameLogic */ = {
			isa = PBXGroup;
			children = (
				3D4E613923059C3B00F5D1C3 /* UIImage+CWAdditions.h */,
				3D4E613A23059C3B00F5D1C3 /* Lattice.m */,
				3D4E613B23059C3B00F5D1C3 /* CreatePuzzleOperation.m */,
				3D4E613C23059C3B00F5D1C3 /* UIImage+CWAdditions.m */,
				3D4E613D23059C3B00F5D1C3 /* CreatePuzzleOperation.h */,
				3D4E613E23059C3B00F5D1C3 /* Lattice.h */,
			);
			path = GameLogic;
			sourceTree = "<group>";
		};
		3D4E614023059C3B00F5D1C3 /* PNGs */ = {
			isa = PBXGroup;
			children = (
				3D4E614123059C3B00F5D1C3 /* Wood.jpg */,
				3D4E614223059C3C00F5D1C3 /* Wood@2x.jpg */,
			);
			path = PNGs;
			sourceTree = "<group>";
		};
		3D4E614423059C3C00F5D1C3 /* Base.lproj */ = {
			isa = PBXGroup;
			children = (
			);
			name = Base.lproj;
			path = ../../DogSlize/Chouqian/Base.lproj;
			sourceTree = "<group>";
		};
		3D4E614523059C3C00F5D1C3 /* Engines */ = {
			isa = PBXGroup;
			children = (
				3D4E614623059C3C00F5D1C3 /* SMMNavigationController */,
				3D4E614923059C3C00F5D1C3 /* tooles.h */,
				3D4E614A23059C3C00F5D1C3 /* uicolor_hex */,
				3D4E614D23059C3C00F5D1C3 /* GameSettingMenu */,
				3D4E615023059C3C00F5D1C3 /* tooles.m */,
			);
			path = Engines;
			sourceTree = "<group>";
		};
		3D4E614623059C3C00F5D1C3 /* SMMNavigationController */ = {
			isa = PBXGroup;
			children = (
				3D4E614723059C3C00F5D1C3 /* SMMNavigationController.h */,
				3D4E614823059C3C00F5D1C3 /* SMMNavigationController.m */,
			);
			path = SMMNavigationController;
			sourceTree = "<group>";
		};
		3D4E614A23059C3C00F5D1C3 /* uicolor_hex */ = {
			isa = PBXGroup;
			children = (
				3D4E614B23059C3C00F5D1C3 /* UIColor+Hex.m */,
				3D4E614C23059C3C00F5D1C3 /* UIColor+Hex.h */,
			);
			path = uicolor_hex;
			sourceTree = "<group>";
		};
		3D4E614D23059C3C00F5D1C3 /* GameSettingMenu */ = {
			isa = PBXGroup;
			children = (
				3D4E614E23059C3C00F5D1C3 /* GameSettingViewController.m */,
				3D4E614F23059C3C00F5D1C3 /* GameSettingViewController.h */,
			);
			path = GameSettingMenu;
			sourceTree = "<group>";
		};
		3D4E615123059C3C00F5D1C3 /* zh-Hant.lproj */ = {
			isa = PBXGroup;
			children = (
				3D4E615223059C3C00F5D1C3 /* Localizable.strings */,
				3D4E615423059C3C00F5D1C3 /* InfoPlist.strings */,
			);
			path = "zh-Hant.lproj";
			sourceTree = "<group>";
		};
		3D4E615623059C3C00F5D1C3 /* Sounds */ = {
			isa = PBXGroup;
			children = (
				3D4E615723059C3C00F5D1C3 /* BuyCoin4.caf */,
				3D4E615823059C3C00F5D1C3 /* BuyCoin2.caf */,
				3D4E615923059C3C00F5D1C3 /* theme_coin.mp3 */,
				3D4E615A23059C3C00F5D1C3 /* GameWin.caf */,
				3D4E615B23059C3C00F5D1C3 /* enter.caf */,
			);
			path = Sounds;
			sourceTree = "<group>";
		};
		3D4E615C23059C3D00F5D1C3 /* Texts */ = {
			isa = PBXGroup;
			children = (
				3D4E615D23059C3D00F5D1C3 /* abouten.txt */,
				3D4E615E23059C3D00F5D1C3 /* ss008.png */,
				3D4E615F23059C3D00F5D1C3 /* about.txt */,
				3D4E616023059C3D00F5D1C3 /* ss004.png */,
				3D4E616123059C3D00F5D1C3 /* ss005.png */,
				3D4E616223059C3D00F5D1C3 /* ss007.png */,
				3D4E616323059C3D00F5D1C3 /* ss006.png */,
				3D4E616423059C3D00F5D1C3 /* ss002.png */,
				3D4E616523059C3D00F5D1C3 /* ss003.png */,
				3D4E616623059C3D00F5D1C3 /* aboutzht.txt */,
			);
			path = Texts;
			sourceTree = "<group>";
		};
		3D4E616823059C3D00F5D1C3 /* Images */ = {
			isa = PBXGroup;
			children = (
				3D4E616923059C3D00F5D1C3 /* level_star_dark.png */,
				3D4E616A23059C3D00F5D1C3 /* upload2.png */,
				3D4E616B23059C3D00F5D1C3 /* bg_dialog_long.png */,
				3D4E616C23059C3D00F5D1C3 /* level_star_lock.png */,
				3D4E616D23059C3D00F5D1C3 /* coins_box.png */,
				3D4E616E23059C3D00F5D1C3 /* icon_coin.png */,
				3D4E616F23059C3D00F5D1C3 /* uploadblack.png */,
				3D4E617023059C3D00F5D1C3 /* uploadblack2.png */,
				3D4E617123059C3D00F5D1C3 /* pagearrow_next.png */,
				3D4E617223059C3D00F5D1C3 /* btn_add_coins.png */,
				3D4E617323059C3D00F5D1C3 /* upload.png */,
				3D4E617423059C3D00F5D1C3 /* comlogo.png */,
				3D4E617523059C3D00F5D1C3 /* level_star.png */,
				3D4E617623059C3D00F5D1C3 /* pagearrow_prev.png */,
				3D4E617723059C3D00F5D1C3 /* coin5.png */,
				3D4E617823059C3D00F5D1C3 /* titleLogo.png */,
				3D4E617923059C3D00F5D1C3 /* coin4.png */,
				3D4E617A23059C3D00F5D1C3 /* coin0.png */,
				3D4E617B23059C3D00F5D1C3 /* coin1.png */,
				3D4E617C23059C3D00F5D1C3 /* loading.png */,
				3D4E617D23059C3D00F5D1C3 /* coin3.png */,
				3D4E617E23059C3D00F5D1C3 /* coin2.png */,
			);
			path = Images;
			sourceTree = "<group>";
		};
		3D836683230438D200457999 = {
			isa = PBXGroup;
			children = (
				3D83668E230438D200457999 /* YouliGirl */,
				3D83668D230438D200457999 /* Products */,
				BB02CFC84283F9112D13E76E /* Pods */,
				A4518A946FF648305F10EF19 /* Frameworks */,
			);
			sourceTree = "<group>";
		};
		3D83668D230438D200457999 /* Products */ = {
			isa = PBXGroup;
			children = (
				3D83668C230438D200457999 /* YouliGirl.app */,
			);
			name = Products;
			sourceTree = "<group>";
		};
		3D83668E230438D200457999 /* YouliGirl */ = {
			isa = PBXGroup;
			children = (
				3D4E616723059C3D00F5D1C3 /* AppDelegate.h */,
				3D4E614323059C3C00F5D1C3 /* AppDelegate.m */,
				3D4E614423059C3C00F5D1C3 /* Base.lproj */,
				3D4E611323059C3B00F5D1C3 /* Codes */,
				3D4E613F23059C3B00F5D1C3 /* DogSlize-Prefix.pch */,
				3D4E610723059C3A00F5D1C3 /* en.lproj */,
				3D4E614523059C3C00F5D1C3 /* Engines */,
				3D4E616823059C3D00F5D1C3 /* Images */,
				3D4E610023059C3A00F5D1C3 /* music */,
				3D4E614023059C3B00F5D1C3 /* PNGs */,
				3D4E611223059C3B00F5D1C3 /* Puzzle-Info.plist */,
				3D4E615623059C3C00F5D1C3 /* Sounds */,
				3D4E615C23059C3D00F5D1C3 /* Texts */,
				3D4E610D23059C3B00F5D1C3 /* Views */,
				3D4E60FB23059C3900F5D1C3 /* zh-Hans.lproj */,
				3D4E615123059C3C00F5D1C3 /* zh-Hant.lproj */,
				3D836695230438D200457999 /* Main.storyboard */,
				3D836698230438D400457999 /* Assets.xcassets */,
				3D83669A230438D400457999 /* LaunchScreen.storyboard */,
				3D83669D230438D400457999 /* Info.plist */,
				3D83669E230438D400457999 /* main.m */,
			);
			path = YouliGirl;
			sourceTree = "<group>";
		};
		A4518A946FF648305F10EF19 /* Frameworks */ = {
			isa = PBXGroup;
			children = (
				F0A4F778B7AA62F0F2A70ED5 /* libPods-YouliGirl.a */,
			);
			name = Frameworks;
			sourceTree = "<group>";
		};
		BB02CFC84283F9112D13E76E /* Pods */ = {
			isa = PBXGroup;
			children = (
				1F302DB17A53BF8AAD2F7637 /* Pods-YouliGirl.debug.xcconfig */,
				6944314182F2B9628589C1A7 /* Pods-YouliGirl.release.xcconfig */,
			);
			path = Pods;
			sourceTree = "<group>";
		};
/* End PBXGroup section */

/* Begin PBXNativeTarget section */
		3D83668B230438D200457999 /* YouliGirl */ = {
			isa = PBXNativeTarget;
			buildConfigurationList = 3D8366A2230438D400457999 /* Build configuration list for PBXNativeTarget "YouliGirl" */;
			buildPhases = (
				B88D61733F1F4D044847A5A2 /* [CP] Check Pods Manifest.lock */,
				3D836688230438D200457999 /* Sources */,
				3D836689230438D200457999 /* Frameworks */,
				3D83668A230438D200457999 /* Resources */,
				C1A2346CFAFF066F022FD866 /* [CP] Copy Pods Resources */,
			);
			buildRules = (
			);
			dependencies = (
			);
			name = YouliGirl;
			productName = YouliGirl;
			productReference = 3D83668C230438D200457999 /* YouliGirl.app */;
			productType = "com.apple.product-type.application";
		};
/* End PBXNativeTarget section */

/* Begin PBXProject section */
		3D836684230438D200457999 /* Project object */ = {
			isa = PBXProject;
			attributes = {
				LastUpgradeCheck = 1030;
				ORGANIZATIONNAME = Sunmingming;
				TargetAttributes = {
					3D83668B230438D200457999 = {
						CreatedOnToolsVersion = 10.3;
					};
				};
			};
			buildConfigurationList = 3D836687230438D200457999 /* Build configuration list for PBXProject "YouliGirl" */;
			compatibilityVersion = "Xcode 9.3";
			developmentRegion = en;
			hasScannedForEncodings = 0;
			knownRegions = (
				en,
				Base,
				"zh-Hans",
				"zh-Hant",
			);
			mainGroup = 3D836683230438D200457999;
			productRefGroup = 3D83668D230438D200457999 /* Products */;
			projectDirPath = "";
			projectRoot = "";
			targets = (
				3D83668B230438D200457999 /* YouliGirl */,
			);
		};
/* End PBXProject section */

/* Begin PBXResourcesBuildPhase section */
		3D83668A230438D200457999 /* Resources */ = {
			isa = PBXResourcesBuildPhase;
			buildActionMask = 2147483647;
			files = (
				3D4E61AB23059C3D00F5D1C3 /* BuyCoin2.caf in Resources */,
				3D4E61B123059C3D00F5D1C3 /* about.txt in Resources */,
				3D4E618223059C3D00F5D1C3 /* click.mp3 in Resources */,
				3D4E618723059C3D00F5D1C3 /* Localizable.strings in Resources */,
				3D83669C230438D400457999 /* LaunchScreen.storyboard in Resources */,
				3D4E61BC23059C3D00F5D1C3 /* level_star_lock.png in Resources */,
				3D4E61CD23059C3D00F5D1C3 /* coin3.png in Resources */,
				3D4E61C923059C3D00F5D1C3 /* coin4.png in Resources */,
				3D4E61C423059C3D00F5D1C3 /* comlogo.png in Resources */,
				3D4E61BA23059C3D00F5D1C3 /* upload2.png in Resources */,
				3D4E61BD23059C3D00F5D1C3 /* coins_box.png in Resources */,
				3D4E61AD23059C3D00F5D1C3 /* GameWin.caf in Resources */,
				3D4E618823059C3D00F5D1C3 /* InfoPlist.strings in Resources */,
				3D4E61B423059C3D00F5D1C3 /* ss007.png in Resources */,
				3D4E61B323059C3D00F5D1C3 /* ss005.png in Resources */,
				3D4E61CE23059C3D00F5D1C3 /* coin2.png in Resources */,
				3D4E61CC23059C3D00F5D1C3 /* loading.png in Resources */,
				3D4E617F23059C3D00F5D1C3 /* Localizable.strings in Resources */,
				3D4E619923059C3D00F5D1C3 /* MainCollectionCell.xib in Resources */,
				3D4E618323059C3D00F5D1C3 /* splash.mp3 in Resources */,
				3D4E61C823059C3D00F5D1C3 /* titleLogo.png in Resources */,
				3D4E61BB23059C3D00F5D1C3 /* bg_dialog_long.png in Resources */,
				3D4E619C23059C3D00F5D1C3 /* Launch Screen.storyboard in Resources */,
				3D4E61CA23059C3D00F5D1C3 /* coin0.png in Resources */,
				3D4E61AA23059C3D00F5D1C3 /* BuyCoin4.caf in Resources */,
				3D4E61C023059C3D00F5D1C3 /* uploadblack2.png in Resources */,
				3D4E61A923059C3D00F5D1C3 /* InfoPlist.strings in Resources */,
				3D4E618C23059C3D00F5D1C3 /* Puzzle-Info.plist in Resources */,
				3D836699230438D400457999 /* Assets.xcassets in Resources */,
				3D4E61C323059C3D00F5D1C3 /* upload.png in Resources */,
				3D4E61AE23059C3D00F5D1C3 /* enter.caf in Resources */,
				3D4E61C123059C3D00F5D1C3 /* pagearrow_next.png in Resources */,
				3D836697230438D200457999 /* Main.storyboard in Resources */,
				3D4E61A123059C3D00F5D1C3 /* Wood.jpg in Resources */,
				3D4E61C223059C3D00F5D1C3 /* btn_add_coins.png in Resources */,
				3D4E61C523059C3D00F5D1C3 /* level_star.png in Resources */,
				3D4E61B723059C3D00F5D1C3 /* ss003.png in Resources */,
				3D4E61A823059C3D00F5D1C3 /* Localizable.strings in Resources */,
				3D4E61A223059C3D00F5D1C3 /* Wood@2x.jpg in Resources */,
				3D4E61C723059C3D00F5D1C3 /* coin5.png in Resources */,
				3D4E618523059C3D00F5D1C3 /* sound_puzzle.mp3 in Resources */,
				3D4E61B223059C3D00F5D1C3 /* ss004.png in Resources */,
				3D4E618023059C3D00F5D1C3 /* InfoPlist.strings in Resources */,
				3D4E61B023059C3D00F5D1C3 /* ss008.png in Resources */,
				3D4E618423059C3D00F5D1C3 /* canon.mp3 in Resources */,
				3D4E61BE23059C3D00F5D1C3 /* icon_coin.png in Resources */,
				3D4E61B923059C3D00F5D1C3 /* level_star_dark.png in Resources */,
				3D4E61B823059C3D00F5D1C3 /* aboutzht.txt in Resources */,
				3D4E61B623059C3D00F5D1C3 /* ss002.png in Resources */,
				3D4E61CB23059C3D00F5D1C3 /* coin1.png in Resources */,
				3D4E618123059C3D00F5D1C3 /* level.mp3 in Resources */,
				3D4E61C623059C3D00F5D1C3 /* pagearrow_prev.png in Resources */,
				3D4E61AF23059C3D00F5D1C3 /* abouten.txt in Resources */,
				3D4E61B523059C3D00F5D1C3 /* ss006.png in Resources */,
				3D4E61BF23059C3D00F5D1C3 /* uploadblack.png in Resources */,
				3D4E61AC23059C3D00F5D1C3 /* theme_coin.mp3 in Resources */,
				3D4E618623059C3D00F5D1C3 /* shake.wav in Resources */,
			);
			runOnlyForDeploymentPostprocessing = 0;
		};
/* End PBXResourcesBuildPhase section */

/* Begin PBXShellScriptBuildPhase section */
		B88D61733F1F4D044847A5A2 /* [CP] Check Pods Manifest.lock */ = {
			isa = PBXShellScriptBuildPhase;
			buildActionMask = 2147483647;
			files = (
			);
			inputFileListPaths = (
			);
			inputPaths = (
				"${PODS_PODFILE_DIR_PATH}/Podfile.lock",
				"${PODS_ROOT}/Manifest.lock",
			);
			name = "[CP] Check Pods Manifest.lock";
			outputFileListPaths = (
			);
			outputPaths = (
				"$(DERIVED_FILE_DIR)/Pods-YouliGirl-checkManifestLockResult.txt",
			);
			runOnlyForDeploymentPostprocessing = 0;
			shellPath = /bin/sh;
			shellScript = "diff \"${PODS_PODFILE_DIR_PATH}/Podfile.lock\" \"${PODS_ROOT}/Manifest.lock\" > /dev/null\nif [ $? != 0 ] ; then\n    # print error to STDERR\n    echo \"error: The sandbox is not in sync with the Podfile.lock. Run 'pod install' or update your CocoaPods installation.\" >&2\n    exit 1\nfi\n# This output is used by Xcode 'outputs' to avoid re-running this script phase.\necho \"SUCCESS\" > \"${SCRIPT_OUTPUT_FILE_0}\"\n";
			showEnvVarsInLog = 0;
		};
		C1A2346CFAFF066F022FD866 /* [CP] Copy Pods Resources */ = {
			isa = PBXShellScriptBuildPhase;
			buildActionMask = 2147483647;
			files = (
			);
			inputFileListPaths = (
				"${PODS_ROOT}/Target Support Files/Pods-YouliGirl/Pods-YouliGirl-resources-${CONFIGURATION}-input-files.xcfilelist",
			);
			name = "[CP] Copy Pods Resources";
			outputFileListPaths = (
				"${PODS_ROOT}/Target Support Files/Pods-YouliGirl/Pods-YouliGirl-resources-${CONFIGURATION}-output-files.xcfilelist",
			);
			runOnlyForDeploymentPostprocessing = 0;
			shellPath = /bin/sh;
			shellScript = "\"${PODS_ROOT}/Target Support Files/Pods-YouliGirl/Pods-YouliGirl-resources.sh\"\n";
			showEnvVarsInLog = 0;
		};
/* End PBXShellScriptBuildPhase section */

/* Begin PBXSourcesBuildPhase section */
		3D836688230438D200457999 /* Sources */ = {
			isa = PBXSourcesBuildPhase;
			buildActionMask = 2147483647;
			files = (
				3D4E619E23059C3D00F5D1C3 /* Lattice.m in Sources */,
				3D4E619623059C3D00F5D1C3 /* BigLevelsVController.m in Sources */,
				3D4E618D23059C3D00F5D1C3 /* DBImageItem.m in Sources */,
				3D4E619F23059C3D00F5D1C3 /* CreatePuzzleOperation.m in Sources */,
				3D4E61A323059C3D00F5D1C3 /* AppDelegate.m in Sources */,
				3D4E618A23059C3D00F5D1C3 /* GroupView.m in Sources */,
				3D4E619723059C3D00F5D1C3 /* RainbowVController.m in Sources */,
				3D83669F230438D400457999 /* main.m in Sources */,
				3D4E619823059C3D00F5D1C3 /* TMStartViewController.m in Sources */,
				3D4E619D23059C3D00F5D1C3 /* BigAboutVController.m in Sources */,
				3D4E618B23059C3D00F5D1C3 /* PieceView.m in Sources */,
				3D4E61A423059C3D00F5D1C3 /* SMMNavigationController.m in Sources */,
				3D4E619A23059C3D00F5D1C3 /* PuzzleController.m in Sources */,
				3D4E618E23059C3D00F5D1C3 /* DBSaveItem.m in Sources */,
				3D4E619B23059C3D00F5D1C3 /* PuzzleCompletedController.m in Sources */,
				3D4E61A723059C3D00F5D1C3 /* tooles.m in Sources */,
				3D4E61A023059C3D00F5D1C3 /* UIImage+CWAdditions.m in Sources */,
				3D4E61A623059C3D00F5D1C3 /* GameSettingViewController.m in Sources */,
				3D4E619523059C3D00F5D1C3 /* BigStoreVController.m in Sources */,
				3D4E61A523059C3D00F5D1C3 /* UIColor+Hex.m in Sources */,
				3D4E618F23059C3D00F5D1C3 /* DBCacheItem.m in Sources */,
			);
			runOnlyForDeploymentPostprocessing = 0;
		};
/* End PBXSourcesBuildPhase section */

/* Begin PBXVariantGroup section */
		3D4E60FC23059C3900F5D1C3 /* Localizable.strings */ = {
			isa = PBXVariantGroup;
			children = (
				3D4E60FD23059C3900F5D1C3 /* zh-Hans */,
			);
			name = Localizable.strings;
			sourceTree = "<group>";
		};
		3D4E60FE23059C3900F5D1C3 /* InfoPlist.strings */ = {
			isa = PBXVariantGroup;
			children = (
				3D4E60FF23059C3900F5D1C3 /* zh-Hans */,
			);
			name = InfoPlist.strings;
			sourceTree = "<group>";
		};
		3D4E610823059C3A00F5D1C3 /* Localizable.strings */ = {
			isa = PBXVariantGroup;
			children = (
				3D4E610923059C3A00F5D1C3 /* en */,
			);
			name = Localizable.strings;
			sourceTree = "<group>";
		};
		3D4E610A23059C3A00F5D1C3 /* InfoPlist.strings */ = {
			isa = PBXVariantGroup;
			children = (
				3D4E610B23059C3A00F5D1C3 /* en */,
			);
			name = InfoPlist.strings;
			sourceTree = "<group>";
		};
		3D4E615223059C3C00F5D1C3 /* Localizable.strings */ = {
			isa = PBXVariantGroup;
			children = (
				3D4E615323059C3C00F5D1C3 /* zh-Hant */,
			);
			name = Localizable.strings;
			sourceTree = "<group>";
		};
		3D4E615423059C3C00F5D1C3 /* InfoPlist.strings */ = {
			isa = PBXVariantGroup;
			children = (
				3D4E615523059C3C00F5D1C3 /* zh-Hant */,
			);
			name = InfoPlist.strings;
			sourceTree = "<group>";
		};
		3D836695230438D200457999 /* Main.storyboard */ = {
			isa = PBXVariantGroup;
			children = (
				3D836696230438D200457999 /* Base */,
			);
			name = Main.storyboard;
			sourceTree = "<group>";
		};
		3D83669A230438D400457999 /* LaunchScreen.storyboard */ = {
			isa = PBXVariantGroup;
			children = (
				3D83669B230438D400457999 /* Base */,
			);
			name = LaunchScreen.storyboard;
			sourceTree = "<group>";
		};
/* End PBXVariantGroup section */

/* Begin XCBuildConfiguration section */
		3D8366A0230438D400457999 /* Debug */ = {
			isa = XCBuildConfiguration;
			buildSettings = {
				ALWAYS_SEARCH_USER_PATHS = NO;
				CLANG_ANALYZER_NONNULL = YES;
				CLANG_ANALYZER_NUMBER_OBJECT_CONVERSION = YES_AGGRESSIVE;
				CLANG_CXX_LANGUAGE_STANDARD = "gnu++14";
				CLANG_CXX_LIBRARY = "libc++";
				CLANG_ENABLE_MODULES = YES;
				CLANG_ENABLE_OBJC_ARC = YES;
				CLANG_ENABLE_OBJC_WEAK = YES;
				CLANG_WARN_BLOCK_CAPTURE_AUTORELEASING = YES;
				CLANG_WARN_BOOL_CONVERSION = YES;
				CLANG_WARN_COMMA = YES;
				CLANG_WARN_CONSTANT_CONVERSION = YES;
				CLANG_WARN_DEPRECATED_OBJC_IMPLEMENTATIONS = YES;
				CLANG_WARN_DIRECT_OBJC_ISA_USAGE = YES_ERROR;
				CLANG_WARN_DOCUMENTATION_COMMENTS = YES;
				CLANG_WARN_EMPTY_BODY = YES;
				CLANG_WARN_ENUM_CONVERSION = YES;
				CLANG_WARN_INFINITE_RECURSION = YES;
				CLANG_WARN_INT_CONVERSION = YES;
				CLANG_WARN_NON_LITERAL_NULL_CONVERSION = YES;
				CLANG_WARN_OBJC_IMPLICIT_RETAIN_SELF = YES;
				CLANG_WARN_OBJC_LITERAL_CONVERSION = YES;
				CLANG_WARN_OBJC_ROOT_CLASS = YES_ERROR;
				CLANG_WARN_RANGE_LOOP_ANALYSIS = YES;
				CLANG_WARN_STRICT_PROTOTYPES = YES;
				CLANG_WARN_SUSPICIOUS_MOVE = YES;
				CLANG_WARN_UNGUARDED_AVAILABILITY = YES_AGGRESSIVE;
				CLANG_WARN_UNREACHABLE_CODE = YES;
				CLANG_WARN__DUPLICATE_METHOD_MATCH = YES;
				CODE_SIGN_IDENTITY = "iPhone Developer";
				COPY_PHASE_STRIP = NO;
				DEBUG_INFORMATION_FORMAT = dwarf;
				ENABLE_STRICT_OBJC_MSGSEND = YES;
				ENABLE_TESTABILITY = YES;
				GCC_C_LANGUAGE_STANDARD = gnu11;
				GCC_DYNAMIC_NO_PIC = NO;
				GCC_NO_COMMON_BLOCKS = YES;
				GCC_OPTIMIZATION_LEVEL = 0;
				GCC_PREPROCESSOR_DEFINITIONS = (
					"DEBUG=1",
					"$(inherited)",
				);
				GCC_WARN_64_TO_32_BIT_CONVERSION = YES;
				GCC_WARN_ABOUT_RETURN_TYPE = YES_ERROR;
				GCC_WARN_UNDECLARED_SELECTOR = YES;
				GCC_WARN_UNINITIALIZED_AUTOS = YES_AGGRESSIVE;
				GCC_WARN_UNUSED_FUNCTION = YES;
				GCC_WARN_UNUSED_VARIABLE = YES;
				IPHONEOS_DEPLOYMENT_TARGET = 12.4;
				MTL_ENABLE_DEBUG_INFO = INCLUDE_SOURCE;
				MTL_FAST_MATH = YES;
				ONLY_ACTIVE_ARCH = YES;
				SDKROOT = iphoneos;
			};
			name = Debug;
		};
		3D8366A1230438D400457999 /* Release */ = {
			isa = XCBuildConfiguration;
			buildSettings = {
				ALWAYS_SEARCH_USER_PATHS = NO;
				CLANG_ANALYZER_NONNULL = YES;
				CLANG_ANALYZER_NUMBER_OBJECT_CONVERSION = YES_AGGRESSIVE;
				CLANG_CXX_LANGUAGE_STANDARD = "gnu++14";
				CLANG_CXX_LIBRARY = "libc++";
				CLANG_ENABLE_MODULES = YES;
				CLANG_ENABLE_OBJC_ARC = YES;
				CLANG_ENABLE_OBJC_WEAK = YES;
				CLANG_WARN_BLOCK_CAPTURE_AUTORELEASING = YES;
				CLANG_WARN_BOOL_CONVERSION = YES;
				CLANG_WARN_COMMA = YES;
				CLANG_WARN_CONSTANT_CONVERSION = YES;
				CLANG_WARN_DEPRECATED_OBJC_IMPLEMENTATIONS = YES;
				CLANG_WARN_DIRECT_OBJC_ISA_USAGE = YES_ERROR;
				CLANG_WARN_DOCUMENTATION_COMMENTS = YES;
				CLANG_WARN_EMPTY_BODY = YES;
				CLANG_WARN_ENUM_CONVERSION = YES;
				CLANG_WARN_INFINITE_RECURSION = YES;
				CLANG_WARN_INT_CONVERSION = YES;
				CLANG_WARN_NON_LITERAL_NULL_CONVERSION = YES;
				CLANG_WARN_OBJC_IMPLICIT_RETAIN_SELF = YES;
				CLANG_WARN_OBJC_LITERAL_CONVERSION = YES;
				CLANG_WARN_OBJC_ROOT_CLASS = YES_ERROR;
				CLANG_WARN_RANGE_LOOP_ANALYSIS = YES;
				CLANG_WARN_STRICT_PROTOTYPES = YES;
				CLANG_WARN_SUSPICIOUS_MOVE = YES;
				CLANG_WARN_UNGUARDED_AVAILABILITY = YES_AGGRESSIVE;
				CLANG_WARN_UNREACHABLE_CODE = YES;
				CLANG_WARN__DUPLICATE_METHOD_MATCH = YES;
				CODE_SIGN_IDENTITY = "iPhone Developer";
				COPY_PHASE_STRIP = NO;
				DEBUG_INFORMATION_FORMAT = "dwarf-with-dsym";
				ENABLE_NS_ASSERTIONS = NO;
				ENABLE_STRICT_OBJC_MSGSEND = YES;
				GCC_C_LANGUAGE_STANDARD = gnu11;
				GCC_NO_COMMON_BLOCKS = YES;
				GCC_WARN_64_TO_32_BIT_CONVERSION = YES;
				GCC_WARN_ABOUT_RETURN_TYPE = YES_ERROR;
				GCC_WARN_UNDECLARED_SELECTOR = YES;
				GCC_WARN_UNINITIALIZED_AUTOS = YES_AGGRESSIVE;
				GCC_WARN_UNUSED_FUNCTION = YES;
				GCC_WARN_UNUSED_VARIABLE = YES;
				IPHONEOS_DEPLOYMENT_TARGET = 12.4;
				MTL_ENABLE_DEBUG_INFO = NO;
				MTL_FAST_MATH = YES;
				SDKROOT = iphoneos;
				VALIDATE_PRODUCT = YES;
			};
			name = Release;
		};
		3D8366A3230438D400457999 /* Debug */ = {
			isa = XCBuildConfiguration;
			baseConfigurationReference = 1F302DB17A53BF8AAD2F7637 /* Pods-YouliGirl.debug.xcconfig */;
			buildSettings = {
				ASSETCATALOG_COMPILER_APPICON_NAME = AppIcon;
				CODE_SIGN_STYLE = Automatic;
				DEVELOPMENT_TEAM = R3K6235STN;
				GCC_PREFIX_HEADER = "YouliGirl/DogSlize-Prefix.pch";
				INFOPLIST_FILE = YouliGirl/Info.plist;
				IPHONEOS_DEPLOYMENT_TARGET = 9.0;
				LD_RUNPATH_SEARCH_PATHS = (
					"$(inherited)",
					"@executable_path/Frameworks",
				);
				PRODUCT_BUNDLE_IDENTIFIER = Slize.YouliGirl;
				PRODUCT_NAME = "$(TARGET_NAME)";
				TARGETED_DEVICE_FAMILY = 1;
			};
			name = Debug;
		};
		3D8366A4230438D400457999 /* Release */ = {
			isa = XCBuildConfiguration;
			baseConfigurationReference = 6944314182F2B9628589C1A7 /* Pods-YouliGirl.release.xcconfig */;
			buildSettings = {
				ASSETCATALOG_COMPILER_APPICON_NAME = AppIcon;
				CODE_SIGN_STYLE = Automatic;
				DEVELOPMENT_TEAM = R3K6235STN;
				GCC_PREFIX_HEADER = "YouliGirl/DogSlize-Prefix.pch";
				INFOPLIST_FILE = YouliGirl/Info.plist;
				IPHONEOS_DEPLOYMENT_TARGET = 9.0;
				LD_RUNPATH_SEARCH_PATHS = (
					"$(inherited)",
					"@executable_path/Frameworks",
				);
				PRODUCT_BUNDLE_IDENTIFIER = Slize.YouliGirl;
				PRODUCT_NAME = "$(TARGET_NAME)";
				TARGETED_DEVICE_FAMILY = 1;
			};
			name = Release;
		};
/* End XCBuildConfiguration section */

/* Begin XCConfigurationList section */
		3D836687230438D200457999 /* Build configuration list for PBXProject "YouliGirl" */ = {
			isa = XCConfigurationList;
			buildConfigurations = (
				3D8366A0230438D400457999 /* Debug */,
				3D8366A1230438D400457999 /* Release */,
			);
			defaultConfigurationIsVisible = 0;
			defaultConfigurationName = Release;
		};
		3D8366A2230438D400457999 /* Build configuration list for PBXNativeTarget "YouliGirl" */ = {
			isa = XCConfigurationList;
			buildConfigurations = (
				3D8366A3230438D400457999 /* Debug */,
				3D8366A4230438D400457999 /* Release */,
			);
			defaultConfigurationIsVisible = 0;
			defaultConfigurationName = Release;
		};
/* End XCConfigurationList section */
	};
	rootObject = 3D836684230438D200457999 /* Project object */;
}
